
Microsoft Visual Studio Solution File, Format Version 12.00
# Visual Studio 2013
VisualStudioVersion = 12.0.30723.0
MinimumVisualStudioVersion = 10.0.40219.1
Project("{2150E333-8FDC-42A3-9474-1A3956D46DE8}") = "Gateways", "Gateways", "{B19DD1D2-F45E-433E-934E-888699F58C87}"
EndProject
Project("{2150E333-8FDC-42A3-9474-1A3956D46DE8}") = "NodeSamples", "NodeSamples", "{33B91F05-C1F2-468D-B54F-067983A4DBB9}"
EndProject
Project("{2150E333-8FDC-42A3-9474-1A3956D46DE8}") = "Hardware", "Hardware", "{E2259661-9DB0-43A8-A70D-663C5DDF9900}"
	ProjectSection(SolutionItems) = preProject
		API.txt = API.txt
	EndProjectSection
EndProject
Project("{2150E333-8FDC-42A3-9474-1A3956D46DE8}") = "Controller", "Controller", "{97905330-C911-457A-81CB-84F6B1480FEA}"
EndProject
Project("{8BC9CEB8-8B4A-11D0-8D11-00A0C91BC942}") = "Node", "Node\Node.vcxproj", "{26C89EF5-CCAD-4731-B150-79BFF3CDB4B9}"
EndProject
Project("{8BC9CEB8-8B4A-11D0-8D11-00A0C91BC942}") = "Repeater", "Repeater\Repeater.vcxproj", "{7E703E9A-2864-4DC6-8CD5-AA4767678E46}"
EndProject
Project("{8BC9CEB8-8B4A-11D0-8D11-00A0C91BC942}") = "BinarySwitchSensor", "BinarySwitchSensor\BinarySwitchSensor.vcxproj", "{75A9A8B2-A2B3-40B0-AE46-9B7B2502AE00}"
EndProject
Project("{8BC9CEB8-8B4A-11D0-8D11-00A0C91BC942}") = "DallasTemperatureSensor", "DallasTemperatureSensor\DallasTemperatureSensor.vcxproj", "{A0DBDFDF-0C8A-4D74-B0AD-6BAC7D7B4BEB}"
EndProject
Project("{8BC9CEB8-8B4A-11D0-8D11-00A0C91BC942}") = "EthernetGateway", "EthernetGateway\EthernetGateway.vcxproj", "{7C340A0D-80A0-4ED5-AF90-E3C988CD87CB}"
EndProject
Project("{8BC9CEB8-8B4A-11D0-8D11-00A0C91BC942}") = "MQTTGateway", "MQTTGateway\MQTTGateway.vcxproj", "{DD57413F-118D-453B-98C7-04433952D2F4}"
EndProject
Project("{8BC9CEB8-8B4A-11D0-8D11-00A0C91BC942}") = "SerialGateway", "SerialGateway\SerialGateway.vcxproj", "{4C0821A7-EC6E-4B2E-BEAE-E807DA531BBE}"
EndProject
Project("{FAE04EC0-301F-11D3-BF4B-00C04F79EFBC}") = "MySensors.Server", "MySensors.Server\MySensors.Server.csproj", "{4FF0C351-38B6-47EB-8127-24F32E585739}"
EndProject
Project("{2150E333-8FDC-42A3-9474-1A3956D46DE8}") = "Core", "Core", "{CFF70962-DBEF-42E8-ACBD-AC240D964714}"
	ProjectSection(SolutionItems) = preProject
		API.txt = API.txt
	EndProjectSection
EndProject
Project("{2150E333-8FDC-42A3-9474-1A3956D46DE8}") = "Devices", "Devices", "{4CCD8064-A57C-476A-96A8-C001576F9DB0}"
EndProject
Project("{8BC9CEB8-8B4A-11D0-8D11-00A0C91BC942}") = "AquaDevice", "AquaDevice\AquaDevice.vcxproj", "{C4460590-79DB-4E46-AC47-2A3C1912CF18}"
EndProject
Project("{FAE04EC0-301F-11D3-BF4B-00C04F79EFBC}") = "MySensors.Controllers", "MySensors.Controllers\MySensors.Controllers.csproj", "{A86171C5-EDF7-4342-8F4D-76D6A02B9CBB}"
EndProject
Project("{FAE04EC0-301F-11D3-BF4B-00C04F79EFBC}") = "MySensors.AutomationServices", "MySensors.AutomationServices\MySensors.AutomationServices.csproj", "{CFA44D11-4ED8-4CCF-ABAE-11209260CC08}"
EndProject
Project("{8BC9CEB8-8B4A-11D0-8D11-00A0C91BC942}") = "PowerSwitchDevice", "PowerSwitchDevice\PowerSwitchDevice.vcxproj", "{A2932D04-85AF-4A93-8456-0DBFF8341F63}"
EndProject
Global
	GlobalSection(SolutionConfigurationPlatforms) = preSolution
		Debug|Any CPU = Debug|Any CPU
		Debug|ARM = Debug|ARM
		Debug|Mixed Platforms = Debug|Mixed Platforms
		Debug|Win32 = Debug|Win32
		Debug|x64 = Debug|x64
		Debug|x86 = Debug|x86
		Release|Any CPU = Release|Any CPU
		Release|ARM = Release|ARM
		Release|Mixed Platforms = Release|Mixed Platforms
		Release|Win32 = Release|Win32
		Release|x64 = Release|x64
		Release|x86 = Release|x86
	EndGlobalSection
	GlobalSection(ProjectConfigurationPlatforms) = postSolution
		{26C89EF5-CCAD-4731-B150-79BFF3CDB4B9}.Debug|Any CPU.ActiveCfg = Debug|Win32
		{26C89EF5-CCAD-4731-B150-79BFF3CDB4B9}.Debug|ARM.ActiveCfg = Debug|Win32
		{26C89EF5-CCAD-4731-B150-79BFF3CDB4B9}.Debug|Mixed Platforms.ActiveCfg = Debug|Win32
		{26C89EF5-CCAD-4731-B150-79BFF3CDB4B9}.Debug|Mixed Platforms.Build.0 = Debug|Win32
		{26C89EF5-CCAD-4731-B150-79BFF3CDB4B9}.Debug|Win32.ActiveCfg = Debug|Win32
		{26C89EF5-CCAD-4731-B150-79BFF3CDB4B9}.Debug|Win32.Build.0 = Debug|Win32
		{26C89EF5-CCAD-4731-B150-79BFF3CDB4B9}.Debug|x64.ActiveCfg = Debug|Win32
		{26C89EF5-CCAD-4731-B150-79BFF3CDB4B9}.Debug|x86.ActiveCfg = Debug|Win32
		{26C89EF5-CCAD-4731-B150-79BFF3CDB4B9}.Debug|x86.Build.0 = Debug|Win32
		{26C89EF5-CCAD-4731-B150-79BFF3CDB4B9}.Release|Any CPU.ActiveCfg = Release|Win32
		{26C89EF5-CCAD-4731-B150-79BFF3CDB4B9}.Release|ARM.ActiveCfg = Release|Win32
		{26C89EF5-CCAD-4731-B150-79BFF3CDB4B9}.Release|Mixed Platforms.ActiveCfg = Release|Win32
		{26C89EF5-CCAD-4731-B150-79BFF3CDB4B9}.Release|Mixed Platforms.Build.0 = Release|Win32
		{26C89EF5-CCAD-4731-B150-79BFF3CDB4B9}.Release|Win32.ActiveCfg = Release|Win32
		{26C89EF5-CCAD-4731-B150-79BFF3CDB4B9}.Release|Win32.Build.0 = Release|Win32
		{26C89EF5-CCAD-4731-B150-79BFF3CDB4B9}.Release|x64.ActiveCfg = Release|Win32
		{26C89EF5-CCAD-4731-B150-79BFF3CDB4B9}.Release|x86.ActiveCfg = Release|Win32
		{26C89EF5-CCAD-4731-B150-79BFF3CDB4B9}.Release|x86.Build.0 = Release|Win32
		{7E703E9A-2864-4DC6-8CD5-AA4767678E46}.Debug|Any CPU.ActiveCfg = Debug|Win32
		{7E703E9A-2864-4DC6-8CD5-AA4767678E46}.Debug|ARM.ActiveCfg = Debug|Win32
		{7E703E9A-2864-4DC6-8CD5-AA4767678E46}.Debug|Mixed Platforms.ActiveCfg = Debug|Win32
		{7E703E9A-2864-4DC6-8CD5-AA4767678E46}.Debug|Mixed Platforms.Build.0 = Debug|Win32
		{7E703E9A-2864-4DC6-8CD5-AA4767678E46}.Debug|Win32.ActiveCfg = Debug|Win32
		{7E703E9A-2864-4DC6-8CD5-AA4767678E46}.Debug|Win32.Build.0 = Debug|Win32
		{7E703E9A-2864-4DC6-8CD5-AA4767678E46}.Debug|x64.ActiveCfg = Debug|Win32
		{7E703E9A-2864-4DC6-8CD5-AA4767678E46}.Debug|x86.ActiveCfg = Debug|Win32
		{7E703E9A-2864-4DC6-8CD5-AA4767678E46}.Debug|x86.Build.0 = Debug|Win32
		{7E703E9A-2864-4DC6-8CD5-AA4767678E46}.Release|Any CPU.ActiveCfg = Release|Win32
		{7E703E9A-2864-4DC6-8CD5-AA4767678E46}.Release|ARM.ActiveCfg = Release|Win32
		{7E703E9A-2864-4DC6-8CD5-AA4767678E46}.Release|Mixed Platforms.ActiveCfg = Release|Win32
		{7E703E9A-2864-4DC6-8CD5-AA4767678E46}.Release|Mixed Platforms.Build.0 = Release|Win32
		{7E703E9A-2864-4DC6-8CD5-AA4767678E46}.Release|Win32.ActiveCfg = Release|Win32
		{7E703E9A-2864-4DC6-8CD5-AA4767678E46}.Release|Win32.Build.0 = Release|Win32
		{7E703E9A-2864-4DC6-8CD5-AA4767678E46}.Release|x64.ActiveCfg = Release|Win32
		{7E703E9A-2864-4DC6-8CD5-AA4767678E46}.Release|x86.ActiveCfg = Release|Win32
		{7E703E9A-2864-4DC6-8CD5-AA4767678E46}.Release|x86.Build.0 = Release|Win32
		{75A9A8B2-A2B3-40B0-AE46-9B7B2502AE00}.Debug|Any CPU.ActiveCfg = Debug|Win32
		{75A9A8B2-A2B3-40B0-AE46-9B7B2502AE00}.Debug|ARM.ActiveCfg = Debug|Win32
		{75A9A8B2-A2B3-40B0-AE46-9B7B2502AE00}.Debug|Mixed Platforms.ActiveCfg = Debug|Win32
		{75A9A8B2-A2B3-40B0-AE46-9B7B2502AE00}.Debug|Mixed Platforms.Build.0 = Debug|Win32
		{75A9A8B2-A2B3-40B0-AE46-9B7B2502AE00}.Debug|Win32.ActiveCfg = Debug|Win32
		{75A9A8B2-A2B3-40B0-AE46-9B7B2502AE00}.Debug|Win32.Build.0 = Debug|Win32
		{75A9A8B2-A2B3-40B0-AE46-9B7B2502AE00}.Debug|x64.ActiveCfg = Debug|Win32
		{75A9A8B2-A2B3-40B0-AE46-9B7B2502AE00}.Debug|x86.ActiveCfg = Debug|Win32
		{75A9A8B2-A2B3-40B0-AE46-9B7B2502AE00}.Debug|x86.Build.0 = Debug|Win32
		{75A9A8B2-A2B3-40B0-AE46-9B7B2502AE00}.Release|Any CPU.ActiveCfg = Release|Win32
		{75A9A8B2-A2B3-40B0-AE46-9B7B2502AE00}.Release|ARM.ActiveCfg = Release|Win32
		{75A9A8B2-A2B3-40B0-AE46-9B7B2502AE00}.Release|Mixed Platforms.ActiveCfg = Release|Win32
		{75A9A8B2-A2B3-40B0-AE46-9B7B2502AE00}.Release|Mixed Platforms.Build.0 = Release|Win32
		{75A9A8B2-A2B3-40B0-AE46-9B7B2502AE00}.Release|Win32.ActiveCfg = Release|Win32
		{75A9A8B2-A2B3-40B0-AE46-9B7B2502AE00}.Release|Win32.Build.0 = Release|Win32
		{75A9A8B2-A2B3-40B0-AE46-9B7B2502AE00}.Release|x64.ActiveCfg = Release|Win32
		{75A9A8B2-A2B3-40B0-AE46-9B7B2502AE00}.Release|x86.ActiveCfg = Release|Win32
		{75A9A8B2-A2B3-40B0-AE46-9B7B2502AE00}.Release|x86.Build.0 = Release|Win32
		{A0DBDFDF-0C8A-4D74-B0AD-6BAC7D7B4BEB}.Debug|Any CPU.ActiveCfg = Debug|Win32
		{A0DBDFDF-0C8A-4D74-B0AD-6BAC7D7B4BEB}.Debug|ARM.ActiveCfg = Debug|Win32
		{A0DBDFDF-0C8A-4D74-B0AD-6BAC7D7B4BEB}.Debug|Mixed Platforms.ActiveCfg = Debug|Win32
		{A0DBDFDF-0C8A-4D74-B0AD-6BAC7D7B4BEB}.Debug|Mixed Platforms.Build.0 = Debug|Win32
		{A0DBDFDF-0C8A-4D74-B0AD-6BAC7D7B4BEB}.Debug|Win32.ActiveCfg = Debug|Win32
		{A0DBDFDF-0C8A-4D74-B0AD-6BAC7D7B4BEB}.Debug|Win32.Build.0 = Debug|Win32
		{A0DBDFDF-0C8A-4D74-B0AD-6BAC7D7B4BEB}.Debug|x64.ActiveCfg = Debug|Win32
		{A0DBDFDF-0C8A-4D74-B0AD-6BAC7D7B4BEB}.Debug|x86.ActiveCfg = Debug|Win32
		{A0DBDFDF-0C8A-4D74-B0AD-6BAC7D7B4BEB}.Debug|x86.Build.0 = Debug|Win32
		{A0DBDFDF-0C8A-4D74-B0AD-6BAC7D7B4BEB}.Release|Any CPU.ActiveCfg = Release|Win32
		{A0DBDFDF-0C8A-4D74-B0AD-6BAC7D7B4BEB}.Release|ARM.ActiveCfg = Release|Win32
		{A0DBDFDF-0C8A-4D74-B0AD-6BAC7D7B4BEB}.Release|Mixed Platforms.ActiveCfg = Release|Win32
		{A0DBDFDF-0C8A-4D74-B0AD-6BAC7D7B4BEB}.Release|Mixed Platforms.Build.0 = Release|Win32
		{A0DBDFDF-0C8A-4D74-B0AD-6BAC7D7B4BEB}.Release|Win32.ActiveCfg = Release|Win32
		{A0DBDFDF-0C8A-4D74-B0AD-6BAC7D7B4BEB}.Release|Win32.Build.0 = Release|Win32
		{A0DBDFDF-0C8A-4D74-B0AD-6BAC7D7B4BEB}.Release|x64.ActiveCfg = Release|Win32
		{A0DBDFDF-0C8A-4D74-B0AD-6BAC7D7B4BEB}.Release|x86.ActiveCfg = Release|Win32
		{A0DBDFDF-0C8A-4D74-B0AD-6BAC7D7B4BEB}.Release|x86.Build.0 = Release|Win32
		{7C340A0D-80A0-4ED5-AF90-E3C988CD87CB}.Debug|Any CPU.ActiveCfg = Debug|Win32
		{7C340A0D-80A0-4ED5-AF90-E3C988CD87CB}.Debug|ARM.ActiveCfg = Debug|Win32
		{7C340A0D-80A0-4ED5-AF90-E3C988CD87CB}.Debug|Mixed Platforms.ActiveCfg = Debug|Win32
		{7C340A0D-80A0-4ED5-AF90-E3C988CD87CB}.Debug|Mixed Platforms.Build.0 = Debug|Win32
		{7C340A0D-80A0-4ED5-AF90-E3C988CD87CB}.Debug|Win32.ActiveCfg = Debug|Win32
		{7C340A0D-80A0-4ED5-AF90-E3C988CD87CB}.Debug|Win32.Build.0 = Debug|Win32
		{7C340A0D-80A0-4ED5-AF90-E3C988CD87CB}.Debug|x64.ActiveCfg = Debug|Win32
		{7C340A0D-80A0-4ED5-AF90-E3C988CD87CB}.Debug|x86.ActiveCfg = Debug|Win32
		{7C340A0D-80A0-4ED5-AF90-E3C988CD87CB}.Debug|x86.Build.0 = Debug|Win32
		{7C340A0D-80A0-4ED5-AF90-E3C988CD87CB}.Release|Any CPU.ActiveCfg = Release|Win32
		{7C340A0D-80A0-4ED5-AF90-E3C988CD87CB}.Release|ARM.ActiveCfg = Release|Win32
		{7C340A0D-80A0-4ED5-AF90-E3C988CD87CB}.Release|Mixed Platforms.ActiveCfg = Release|Win32
		{7C340A0D-80A0-4ED5-AF90-E3C988CD87CB}.Release|Mixed Platforms.Build.0 = Release|Win32
		{7C340A0D-80A0-4ED5-AF90-E3C988CD87CB}.Release|Win32.ActiveCfg = Release|Win32
		{7C340A0D-80A0-4ED5-AF90-E3C988CD87CB}.Release|Win32.Build.0 = Release|Win32
		{7C340A0D-80A0-4ED5-AF90-E3C988CD87CB}.Release|x64.ActiveCfg = Release|Win32
		{7C340A0D-80A0-4ED5-AF90-E3C988CD87CB}.Release|x86.ActiveCfg = Release|Win32
		{7C340A0D-80A0-4ED5-AF90-E3C988CD87CB}.Release|x86.Build.0 = Release|Win32
		{DD57413F-118D-453B-98C7-04433952D2F4}.Debug|Any CPU.ActiveCfg = Debug|Win32
		{DD57413F-118D-453B-98C7-04433952D2F4}.Debug|ARM.ActiveCfg = Debug|Win32
		{DD57413F-118D-453B-98C7-04433952D2F4}.Debug|Mixed Platforms.ActiveCfg = Debug|Win32
		{DD57413F-118D-453B-98C7-04433952D2F4}.Debug|Mixed Platforms.Build.0 = Debug|Win32
		{DD57413F-118D-453B-98C7-04433952D2F4}.Debug|Win32.ActiveCfg = Debug|Win32
		{DD57413F-118D-453B-98C7-04433952D2F4}.Debug|Win32.Build.0 = Debug|Win32
		{DD57413F-118D-453B-98C7-04433952D2F4}.Debug|x64.ActiveCfg = Debug|Win32
		{DD57413F-118D-453B-98C7-04433952D2F4}.Debug|x86.ActiveCfg = Debug|Win32
		{DD57413F-118D-453B-98C7-04433952D2F4}.Debug|x86.Build.0 = Debug|Win32
		{DD57413F-118D-453B-98C7-04433952D2F4}.Release|Any CPU.ActiveCfg = Release|Win32
		{DD57413F-118D-453B-98C7-04433952D2F4}.Release|ARM.ActiveCfg = Release|Win32
		{DD57413F-118D-453B-98C7-04433952D2F4}.Release|Mixed Platforms.ActiveCfg = Release|Win32
		{DD57413F-118D-453B-98C7-04433952D2F4}.Release|Mixed Platforms.Build.0 = Release|Win32
		{DD57413F-118D-453B-98C7-04433952D2F4}.Release|Win32.ActiveCfg = Release|Win32
		{DD57413F-118D-453B-98C7-04433952D2F4}.Release|Win32.Build.0 = Release|Win32
		{DD57413F-118D-453B-98C7-04433952D2F4}.Release|x64.ActiveCfg = Release|Win32
		{DD57413F-118D-453B-98C7-04433952D2F4}.Release|x86.ActiveCfg = Release|Win32
		{DD57413F-118D-453B-98C7-04433952D2F4}.Release|x86.Build.0 = Release|Win32
		{4C0821A7-EC6E-4B2E-BEAE-E807DA531BBE}.Debug|Any CPU.ActiveCfg = Debug|Win32
		{4C0821A7-EC6E-4B2E-BEAE-E807DA531BBE}.Debug|ARM.ActiveCfg = Debug|Win32
		{4C0821A7-EC6E-4B2E-BEAE-E807DA531BBE}.Debug|Mixed Platforms.ActiveCfg = Debug|Win32
		{4C0821A7-EC6E-4B2E-BEAE-E807DA531BBE}.Debug|Mixed Platforms.Build.0 = Debug|Win32
		{4C0821A7-EC6E-4B2E-BEAE-E807DA531BBE}.Debug|Win32.ActiveCfg = Debug|Win32
		{4C0821A7-EC6E-4B2E-BEAE-E807DA531BBE}.Debug|Win32.Build.0 = Debug|Win32
		{4C0821A7-EC6E-4B2E-BEAE-E807DA531BBE}.Debug|x64.ActiveCfg = Debug|Win32
		{4C0821A7-EC6E-4B2E-BEAE-E807DA531BBE}.Debug|x86.ActiveCfg = Debug|Win32
		{4C0821A7-EC6E-4B2E-BEAE-E807DA531BBE}.Debug|x86.Build.0 = Debug|Win32
		{4C0821A7-EC6E-4B2E-BEAE-E807DA531BBE}.Release|Any CPU.ActiveCfg = Release|Win32
		{4C0821A7-EC6E-4B2E-BEAE-E807DA531BBE}.Release|ARM.ActiveCfg = Release|Win32
		{4C0821A7-EC6E-4B2E-BEAE-E807DA531BBE}.Release|Mixed Platforms.ActiveCfg = Release|Win32
		{4C0821A7-EC6E-4B2E-BEAE-E807DA531BBE}.Release|Mixed Platforms.Build.0 = Release|Win32
		{4C0821A7-EC6E-4B2E-BEAE-E807DA531BBE}.Release|Win32.ActiveCfg = Release|Win32
		{4C0821A7-EC6E-4B2E-BEAE-E807DA531BBE}.Release|Win32.Build.0 = Release|Win32
		{4C0821A7-EC6E-4B2E-BEAE-E807DA531BBE}.Release|x64.ActiveCfg = Release|Win32
		{4C0821A7-EC6E-4B2E-BEAE-E807DA531BBE}.Release|x86.ActiveCfg = Release|Win32
		{4C0821A7-EC6E-4B2E-BEAE-E807DA531BBE}.Release|x86.Build.0 = Release|Win32
		{4FF0C351-38B6-47EB-8127-24F32E585739}.Debug|Any CPU.ActiveCfg = Debug|Any CPU
		{4FF0C351-38B6-47EB-8127-24F32E585739}.Debug|Any CPU.Build.0 = Debug|Any CPU
		{4FF0C351-38B6-47EB-8127-24F32E585739}.Debug|ARM.ActiveCfg = Debug|Any CPU
		{4FF0C351-38B6-47EB-8127-24F32E585739}.Debug|Mixed Platforms.ActiveCfg = Debug|Any CPU
		{4FF0C351-38B6-47EB-8127-24F32E585739}.Debug|Mixed Platforms.Build.0 = Debug|Any CPU
		{4FF0C351-38B6-47EB-8127-24F32E585739}.Debug|Win32.ActiveCfg = Debug|Any CPU
		{4FF0C351-38B6-47EB-8127-24F32E585739}.Debug|x64.ActiveCfg = Debug|Any CPU
		{4FF0C351-38B6-47EB-8127-24F32E585739}.Debug|x86.ActiveCfg = Debug|Any CPU
		{4FF0C351-38B6-47EB-8127-24F32E585739}.Release|Any CPU.ActiveCfg = Release|Any CPU
		{4FF0C351-38B6-47EB-8127-24F32E585739}.Release|Any CPU.Build.0 = Release|Any CPU
		{4FF0C351-38B6-47EB-8127-24F32E585739}.Release|ARM.ActiveCfg = Release|Any CPU
		{4FF0C351-38B6-47EB-8127-24F32E585739}.Release|Mixed Platforms.ActiveCfg = Release|Any CPU
		{4FF0C351-38B6-47EB-8127-24F32E585739}.Release|Mixed Platforms.Build.0 = Release|Any CPU
		{4FF0C351-38B6-47EB-8127-24F32E585739}.Release|Win32.ActiveCfg = Release|Any CPU
		{4FF0C351-38B6-47EB-8127-24F32E585739}.Release|x64.ActiveCfg = Release|Any CPU
		{4FF0C351-38B6-47EB-8127-24F32E585739}.Release|x86.ActiveCfg = Release|Any CPU
		{C4460590-79DB-4E46-AC47-2A3C1912CF18}.Debug|Any CPU.ActiveCfg = Debug|Win32
		{C4460590-79DB-4E46-AC47-2A3C1912CF18}.Debug|ARM.ActiveCfg = Debug|Win32
		{C4460590-79DB-4E46-AC47-2A3C1912CF18}.Debug|Mixed Platforms.ActiveCfg = Debug|Win32
		{C4460590-79DB-4E46-AC47-2A3C1912CF18}.Debug|Mixed Platforms.Build.0 = Debug|Win32
		{C4460590-79DB-4E46-AC47-2A3C1912CF18}.Debug|Win32.ActiveCfg = Debug|Win32
		{C4460590-79DB-4E46-AC47-2A3C1912CF18}.Debug|Win32.Build.0 = Debug|Win32
		{C4460590-79DB-4E46-AC47-2A3C1912CF18}.Debug|x64.ActiveCfg = Debug|Win32
		{C4460590-79DB-4E46-AC47-2A3C1912CF18}.Debug|x86.ActiveCfg = Debug|Win32
		{C4460590-79DB-4E46-AC47-2A3C1912CF18}.Debug|x86.Build.0 = Debug|Win32
		{C4460590-79DB-4E46-AC47-2A3C1912CF18}.Release|Any CPU.ActiveCfg = Release|Win32
		{C4460590-79DB-4E46-AC47-2A3C1912CF18}.Release|ARM.ActiveCfg = Release|Win32
		{C4460590-79DB-4E46-AC47-2A3C1912CF18}.Release|Mixed Platforms.ActiveCfg = Release|Win32
		{C4460590-79DB-4E46-AC47-2A3C1912CF18}.Release|Mixed Platforms.Build.0 = Release|Win32
		{C4460590-79DB-4E46-AC47-2A3C1912CF18}.Release|Win32.ActiveCfg = Release|Win32
		{C4460590-79DB-4E46-AC47-2A3C1912CF18}.Release|Win32.Build.0 = Release|Win32
		{C4460590-79DB-4E46-AC47-2A3C1912CF18}.Release|x64.ActiveCfg = Release|Win32
		{C4460590-79DB-4E46-AC47-2A3C1912CF18}.Release|x86.ActiveCfg = Release|Win32
		{C4460590-79DB-4E46-AC47-2A3C1912CF18}.Release|x86.Build.0 = Release|Win32
		{A86171C5-EDF7-4342-8F4D-76D6A02B9CBB}.Debug|Any CPU.ActiveCfg = Debug|Any CPU
		{A86171C5-EDF7-4342-8F4D-76D6A02B9CBB}.Debug|Any CPU.Build.0 = Debug|Any CPU
		{A86171C5-EDF7-4342-8F4D-76D6A02B9CBB}.Debug|ARM.ActiveCfg = Debug|Any CPU
		{A86171C5-EDF7-4342-8F4D-76D6A02B9CBB}.Debug|Mixed Platforms.ActiveCfg = Debug|Any CPU
		{A86171C5-EDF7-4342-8F4D-76D6A02B9CBB}.Debug|Mixed Platforms.Build.0 = Debug|Any CPU
		{A86171C5-EDF7-4342-8F4D-76D6A02B9CBB}.Debug|Win32.ActiveCfg = Debug|Any CPU
		{A86171C5-EDF7-4342-8F4D-76D6A02B9CBB}.Debug|x64.ActiveCfg = Debug|Any CPU
		{A86171C5-EDF7-4342-8F4D-76D6A02B9CBB}.Debug|x86.ActiveCfg = Debug|Any CPU
		{A86171C5-EDF7-4342-8F4D-76D6A02B9CBB}.Release|Any CPU.ActiveCfg = Release|Any CPU
		{A86171C5-EDF7-4342-8F4D-76D6A02B9CBB}.Release|Any CPU.Build.0 = Release|Any CPU
		{A86171C5-EDF7-4342-8F4D-76D6A02B9CBB}.Release|ARM.ActiveCfg = Release|Any CPU
		{A86171C5-EDF7-4342-8F4D-76D6A02B9CBB}.Release|Mixed Platforms.ActiveCfg = Release|Any CPU
		{A86171C5-EDF7-4342-8F4D-76D6A02B9CBB}.Release|Mixed Platforms.Build.0 = Release|Any CPU
		{A86171C5-EDF7-4342-8F4D-76D6A02B9CBB}.Release|Win32.ActiveCfg = Release|Any CPU
		{A86171C5-EDF7-4342-8F4D-76D6A02B9CBB}.Release|x64.ActiveCfg = Release|Any CPU
		{A86171C5-EDF7-4342-8F4D-76D6A02B9CBB}.Release|x86.ActiveCfg = Release|Any CPU
		{CFA44D11-4ED8-4CCF-ABAE-11209260CC08}.Debug|Any CPU.ActiveCfg = Debug|Any CPU
		{CFA44D11-4ED8-4CCF-ABAE-11209260CC08}.Debug|Any CPU.Build.0 = Debug|Any CPU
		{CFA44D11-4ED8-4CCF-ABAE-11209260CC08}.Debug|ARM.ActiveCfg = Debug|Any CPU
		{CFA44D11-4ED8-4CCF-ABAE-11209260CC08}.Debug|Mixed Platforms.ActiveCfg = Debug|Any CPU
		{CFA44D11-4ED8-4CCF-ABAE-11209260CC08}.Debug|Mixed Platforms.Build.0 = Debug|Any CPU
		{CFA44D11-4ED8-4CCF-ABAE-11209260CC08}.Debug|Win32.ActiveCfg = Debug|Any CPU
		{CFA44D11-4ED8-4CCF-ABAE-11209260CC08}.Debug|x64.ActiveCfg = Debug|Any CPU
		{CFA44D11-4ED8-4CCF-ABAE-11209260CC08}.Debug|x86.ActiveCfg = Debug|Any CPU
		{CFA44D11-4ED8-4CCF-ABAE-11209260CC08}.Release|Any CPU.ActiveCfg = Release|Any CPU
		{CFA44D11-4ED8-4CCF-ABAE-11209260CC08}.Release|Any CPU.Build.0 = Release|Any CPU
		{CFA44D11-4ED8-4CCF-ABAE-11209260CC08}.Release|ARM.ActiveCfg = Release|Any CPU
		{CFA44D11-4ED8-4CCF-ABAE-11209260CC08}.Release|Mixed Platforms.ActiveCfg = Release|Any CPU
		{CFA44D11-4ED8-4CCF-ABAE-11209260CC08}.Release|Mixed Platforms.Build.0 = Release|Any CPU
		{CFA44D11-4ED8-4CCF-ABAE-11209260CC08}.Release|Win32.ActiveCfg = Release|Any CPU
		{CFA44D11-4ED8-4CCF-ABAE-11209260CC08}.Release|x64.ActiveCfg = Release|Any CPU
		{CFA44D11-4ED8-4CCF-ABAE-11209260CC08}.Release|x86.ActiveCfg = Release|Any CPU
		{A2932D04-85AF-4A93-8456-0DBFF8341F63}.Debug|Any CPU.ActiveCfg = Debug|Win32
		{A2932D04-85AF-4A93-8456-0DBFF8341F63}.Debug|ARM.ActiveCfg = Debug|Win32
		{A2932D04-85AF-4A93-8456-0DBFF8341F63}.Debug|Mixed Platforms.ActiveCfg = Debug|Win32
		{A2932D04-85AF-4A93-8456-0DBFF8341F63}.Debug|Mixed Platforms.Build.0 = Debug|Win32
		{A2932D04-85AF-4A93-8456-0DBFF8341F63}.Debug|Win32.ActiveCfg = Debug|Win32
		{A2932D04-85AF-4A93-8456-0DBFF8341F63}.Debug|Win32.Build.0 = Debug|Win32
		{A2932D04-85AF-4A93-8456-0DBFF8341F63}.Debug|x64.ActiveCfg = Debug|Win32
		{A2932D04-85AF-4A93-8456-0DBFF8341F63}.Debug|x86.ActiveCfg = Debug|Win32
		{A2932D04-85AF-4A93-8456-0DBFF8341F63}.Debug|x86.Build.0 = Debug|Win32
		{A2932D04-85AF-4A93-8456-0DBFF8341F63}.Release|Any CPU.ActiveCfg = Release|Win32
		{A2932D04-85AF-4A93-8456-0DBFF8341F63}.Release|ARM.ActiveCfg = Release|Win32
		{A2932D04-85AF-4A93-8456-0DBFF8341F63}.Release|Mixed Platforms.ActiveCfg = Release|Win32
		{A2932D04-85AF-4A93-8456-0DBFF8341F63}.Release|Mixed Platforms.Build.0 = Release|Win32
		{A2932D04-85AF-4A93-8456-0DBFF8341F63}.Release|Win32.ActiveCfg = Release|Win32
		{A2932D04-85AF-4A93-8456-0DBFF8341F63}.Release|Win32.Build.0 = Release|Win32
		{A2932D04-85AF-4A93-8456-0DBFF8341F63}.Release|x64.ActiveCfg = Release|Win32
		{A2932D04-85AF-4A93-8456-0DBFF8341F63}.Release|x86.ActiveCfg = Release|Win32
		{A2932D04-85AF-4A93-8456-0DBFF8341F63}.Release|x86.Build.0 = Release|Win32
	EndGlobalSection
	GlobalSection(SolutionProperties) = preSolution
		HideSolutionNode = FALSE
	EndGlobalSection
	GlobalSection(NestedProjects) = preSolution
		{B19DD1D2-F45E-433E-934E-888699F58C87} = {CFF70962-DBEF-42E8-ACBD-AC240D964714}
		{33B91F05-C1F2-468D-B54F-067983A4DBB9} = {CFF70962-DBEF-42E8-ACBD-AC240D964714}
		{26C89EF5-CCAD-4731-B150-79BFF3CDB4B9} = {CFF70962-DBEF-42E8-ACBD-AC240D964714}
		{7E703E9A-2864-4DC6-8CD5-AA4767678E46} = {CFF70962-DBEF-42E8-ACBD-AC240D964714}
		{75A9A8B2-A2B3-40B0-AE46-9B7B2502AE00} = {33B91F05-C1F2-468D-B54F-067983A4DBB9}
		{A0DBDFDF-0C8A-4D74-B0AD-6BAC7D7B4BEB} = {33B91F05-C1F2-468D-B54F-067983A4DBB9}
		{7C340A0D-80A0-4ED5-AF90-E3C988CD87CB} = {B19DD1D2-F45E-433E-934E-888699F58C87}
		{DD57413F-118D-453B-98C7-04433952D2F4} = {B19DD1D2-F45E-433E-934E-888699F58C87}
		{4C0821A7-EC6E-4B2E-BEAE-E807DA531BBE} = {B19DD1D2-F45E-433E-934E-888699F58C87}
		{4FF0C351-38B6-47EB-8127-24F32E585739} = {97905330-C911-457A-81CB-84F6B1480FEA}
		{CFF70962-DBEF-42E8-ACBD-AC240D964714} = {E2259661-9DB0-43A8-A70D-663C5DDF9900}
		{4CCD8064-A57C-476A-96A8-C001576F9DB0} = {E2259661-9DB0-43A8-A70D-663C5DDF9900}
		{C4460590-79DB-4E46-AC47-2A3C1912CF18} = {4CCD8064-A57C-476A-96A8-C001576F9DB0}
		{A86171C5-EDF7-4342-8F4D-76D6A02B9CBB} = {97905330-C911-457A-81CB-84F6B1480FEA}
		{CFA44D11-4ED8-4CCF-ABAE-11209260CC08} = {97905330-C911-457A-81CB-84F6B1480FEA}
		{A2932D04-85AF-4A93-8456-0DBFF8341F63} = {4CCD8064-A57C-476A-96A8-C001576F9DB0}
	EndGlobalSection
EndGlobal
