
Microsoft Visual Studio Solution File, Format Version 12.00
# Visual Studio 2013
VisualStudioVersion = 12.0.31101.0
MinimumVisualStudioVersion = 10.0.40219.1
Project("{2150E333-8FDC-42A3-9474-1A3956D46DE8}") = "Gateways", "Gateways", "{B19DD1D2-F45E-433E-934E-888699F58C87}"
EndProject
Project("{8BC9CEB8-8B4A-11D0-8D11-00A0C91BC942}") = "Node", "Node\Node.vcxproj", "{26C89EF5-CCAD-4731-B150-79BFF3CDB4B9}"
EndProject
Project("{8BC9CEB8-8B4A-11D0-8D11-00A0C91BC942}") = "Repeater", "Repeater\Repeater.vcxproj", "{7E703E9A-2864-4DC6-8CD5-AA4767678E46}"
EndProject
Project("{8BC9CEB8-8B4A-11D0-8D11-00A0C91BC942}") = "EthernetGateway", "EthernetGateway\EthernetGateway.vcxproj", "{7C340A0D-80A0-4ED5-AF90-E3C988CD87CB}"
EndProject
Project("{8BC9CEB8-8B4A-11D0-8D11-00A0C91BC942}") = "MQTTGateway", "MQTTGateway\MQTTGateway.vcxproj", "{DD57413F-118D-453B-98C7-04433952D2F4}"
EndProject
Project("{8BC9CEB8-8B4A-11D0-8D11-00A0C91BC942}") = "SerialGateway", "SerialGateway\SerialGateway.vcxproj", "{4C0821A7-EC6E-4B2E-BEAE-E807DA531BBE}"
EndProject
Project("{2150E333-8FDC-42A3-9474-1A3956D46DE8}") = "Core", "Core", "{CFF70962-DBEF-42E8-ACBD-AC240D964714}"
	ProjectSection(SolutionItems) = preProject
		API.txt = API.txt
	EndProjectSection
EndProject
Project("{8BC9CEB8-8B4A-11D0-8D11-00A0C91BC942}") = "AquaDevice", "AquaDevice\AquaDevice.vcxproj", "{C4460590-79DB-4E46-AC47-2A3C1912CF18}"
EndProject
Project("{8BC9CEB8-8B4A-11D0-8D11-00A0C91BC942}") = "PowerSwitchDevice", "PowerSwitchDevice\PowerSwitchDevice.vcxproj", "{A2932D04-85AF-4A93-8456-0DBFF8341F63}"
EndProject
Project("{8BC9CEB8-8B4A-11D0-8D11-00A0C91BC942}") = "MeteoStation", "MeteoStation\MeteoStation.vcxproj", "{1148402D-B54C-4938-A5D7-71139A9098D3}"
EndProject
Project("{8BC9CEB8-8B4A-11D0-8D11-00A0C91BC942}") = "IRDevice", "IRDevice\IRDevice.vcxproj", "{8BEF74E4-A6A5-4672-9D24-C84140944CEF}"
EndProject
Project("{8BC9CEB8-8B4A-11D0-8D11-00A0C91BC942}") = "InformerDevice", "InformerDevice\InformerDevice.vcxproj", "{FC87FC6D-FEED-4BFC-8873-D222FE7E0FD7}"
EndProject
Global
	GlobalSection(SolutionConfigurationPlatforms) = preSolution
		Debug|Any CPU = Debug|Any CPU
		Debug|ARM = Debug|ARM
		Debug|Mixed Platforms = Debug|Mixed Platforms
		Debug|Win32 = Debug|Win32
		Debug|x64 = Debug|x64
		Debug|x86 = Debug|x86
		Release|Any CPU = Release|Any CPU
		Release|ARM = Release|ARM
		Release|Mixed Platforms = Release|Mixed Platforms
		Release|Win32 = Release|Win32
		Release|x64 = Release|x64
		Release|x86 = Release|x86
	EndGlobalSection
	GlobalSection(ProjectConfigurationPlatforms) = postSolution
		{26C89EF5-CCAD-4731-B150-79BFF3CDB4B9}.Debug|Any CPU.ActiveCfg = Debug|Win32
		{26C89EF5-CCAD-4731-B150-79BFF3CDB4B9}.Debug|ARM.ActiveCfg = Debug|Win32
		{26C89EF5-CCAD-4731-B150-79BFF3CDB4B9}.Debug|Mixed Platforms.ActiveCfg = Debug|Win32
		{26C89EF5-CCAD-4731-B150-79BFF3CDB4B9}.Debug|Mixed Platforms.Build.0 = Debug|Win32
		{26C89EF5-CCAD-4731-B150-79BFF3CDB4B9}.Debug|Win32.ActiveCfg = Debug|Win32
		{26C89EF5-CCAD-4731-B150-79BFF3CDB4B9}.Debug|Win32.Build.0 = Debug|Win32
		{26C89EF5-CCAD-4731-B150-79BFF3CDB4B9}.Debug|x64.ActiveCfg = Debug|Win32
		{26C89EF5-CCAD-4731-B150-79BFF3CDB4B9}.Debug|x86.ActiveCfg = Debug|Win32
		{26C89EF5-CCAD-4731-B150-79BFF3CDB4B9}.Debug|x86.Build.0 = Debug|Win32
		{26C89EF5-CCAD-4731-B150-79BFF3CDB4B9}.Release|Any CPU.ActiveCfg = Release|Win32
		{26C89EF5-CCAD-4731-B150-79BFF3CDB4B9}.Release|ARM.ActiveCfg = Release|Win32
		{26C89EF5-CCAD-4731-B150-79BFF3CDB4B9}.Release|Mixed Platforms.ActiveCfg = Release|Win32
		{26C89EF5-CCAD-4731-B150-79BFF3CDB4B9}.Release|Mixed Platforms.Build.0 = Release|Win32
		{26C89EF5-CCAD-4731-B150-79BFF3CDB4B9}.Release|Win32.ActiveCfg = Release|Win32
		{26C89EF5-CCAD-4731-B150-79BFF3CDB4B9}.Release|Win32.Build.0 = Release|Win32
		{26C89EF5-CCAD-4731-B150-79BFF3CDB4B9}.Release|x64.ActiveCfg = Release|Win32
		{26C89EF5-CCAD-4731-B150-79BFF3CDB4B9}.Release|x86.ActiveCfg = Release|Win32
		{26C89EF5-CCAD-4731-B150-79BFF3CDB4B9}.Release|x86.Build.0 = Release|Win32
		{7E703E9A-2864-4DC6-8CD5-AA4767678E46}.Debug|Any CPU.ActiveCfg = Debug|Win32
		{7E703E9A-2864-4DC6-8CD5-AA4767678E46}.Debug|ARM.ActiveCfg = Debug|Win32
		{7E703E9A-2864-4DC6-8CD5-AA4767678E46}.Debug|Mixed Platforms.ActiveCfg = Debug|Win32
		{7E703E9A-2864-4DC6-8CD5-AA4767678E46}.Debug|Mixed Platforms.Build.0 = Debug|Win32
		{7E703E9A-2864-4DC6-8CD5-AA4767678E46}.Debug|Win32.ActiveCfg = Debug|Win32
		{7E703E9A-2864-4DC6-8CD5-AA4767678E46}.Debug|Win32.Build.0 = Debug|Win32
		{7E703E9A-2864-4DC6-8CD5-AA4767678E46}.Debug|x64.ActiveCfg = Debug|Win32
		{7E703E9A-2864-4DC6-8CD5-AA4767678E46}.Debug|x86.ActiveCfg = Debug|Win32
		{7E703E9A-2864-4DC6-8CD5-AA4767678E46}.Debug|x86.Build.0 = Debug|Win32
		{7E703E9A-2864-4DC6-8CD5-AA4767678E46}.Release|Any CPU.ActiveCfg = Release|Win32
		{7E703E9A-2864-4DC6-8CD5-AA4767678E46}.Release|ARM.ActiveCfg = Release|Win32
		{7E703E9A-2864-4DC6-8CD5-AA4767678E46}.Release|Mixed Platforms.ActiveCfg = Release|Win32
		{7E703E9A-2864-4DC6-8CD5-AA4767678E46}.Release|Mixed Platforms.Build.0 = Release|Win32
		{7E703E9A-2864-4DC6-8CD5-AA4767678E46}.Release|Win32.ActiveCfg = Release|Win32
		{7E703E9A-2864-4DC6-8CD5-AA4767678E46}.Release|Win32.Build.0 = Release|Win32
		{7E703E9A-2864-4DC6-8CD5-AA4767678E46}.Release|x64.ActiveCfg = Release|Win32
		{7E703E9A-2864-4DC6-8CD5-AA4767678E46}.Release|x86.ActiveCfg = Release|Win32
		{7E703E9A-2864-4DC6-8CD5-AA4767678E46}.Release|x86.Build.0 = Release|Win32
		{7C340A0D-80A0-4ED5-AF90-E3C988CD87CB}.Debug|Any CPU.ActiveCfg = Debug|Win32
		{7C340A0D-80A0-4ED5-AF90-E3C988CD87CB}.Debug|ARM.ActiveCfg = Debug|Win32
		{7C340A0D-80A0-4ED5-AF90-E3C988CD87CB}.Debug|Mixed Platforms.ActiveCfg = Debug|Win32
		{7C340A0D-80A0-4ED5-AF90-E3C988CD87CB}.Debug|Mixed Platforms.Build.0 = Debug|Win32
		{7C340A0D-80A0-4ED5-AF90-E3C988CD87CB}.Debug|Win32.ActiveCfg = Debug|Win32
		{7C340A0D-80A0-4ED5-AF90-E3C988CD87CB}.Debug|Win32.Build.0 = Debug|Win32
		{7C340A0D-80A0-4ED5-AF90-E3C988CD87CB}.Debug|x64.ActiveCfg = Debug|Win32
		{7C340A0D-80A0-4ED5-AF90-E3C988CD87CB}.Debug|x86.ActiveCfg = Debug|Win32
		{7C340A0D-80A0-4ED5-AF90-E3C988CD87CB}.Debug|x86.Build.0 = Debug|Win32
		{7C340A0D-80A0-4ED5-AF90-E3C988CD87CB}.Release|Any CPU.ActiveCfg = Release|Win32
		{7C340A0D-80A0-4ED5-AF90-E3C988CD87CB}.Release|ARM.ActiveCfg = Release|Win32
		{7C340A0D-80A0-4ED5-AF90-E3C988CD87CB}.Release|Mixed Platforms.ActiveCfg = Release|Win32
		{7C340A0D-80A0-4ED5-AF90-E3C988CD87CB}.Release|Mixed Platforms.Build.0 = Release|Win32
		{7C340A0D-80A0-4ED5-AF90-E3C988CD87CB}.Release|Win32.ActiveCfg = Release|Win32
		{7C340A0D-80A0-4ED5-AF90-E3C988CD87CB}.Release|Win32.Build.0 = Release|Win32
		{7C340A0D-80A0-4ED5-AF90-E3C988CD87CB}.Release|x64.ActiveCfg = Release|Win32
		{7C340A0D-80A0-4ED5-AF90-E3C988CD87CB}.Release|x86.ActiveCfg = Release|Win32
		{7C340A0D-80A0-4ED5-AF90-E3C988CD87CB}.Release|x86.Build.0 = Release|Win32
		{DD57413F-118D-453B-98C7-04433952D2F4}.Debug|Any CPU.ActiveCfg = Debug|Win32
		{DD57413F-118D-453B-98C7-04433952D2F4}.Debug|ARM.ActiveCfg = Debug|Win32
		{DD57413F-118D-453B-98C7-04433952D2F4}.Debug|Mixed Platforms.ActiveCfg = Debug|Win32
		{DD57413F-118D-453B-98C7-04433952D2F4}.Debug|Mixed Platforms.Build.0 = Debug|Win32
		{DD57413F-118D-453B-98C7-04433952D2F4}.Debug|Win32.ActiveCfg = Debug|Win32
		{DD57413F-118D-453B-98C7-04433952D2F4}.Debug|Win32.Build.0 = Debug|Win32
		{DD57413F-118D-453B-98C7-04433952D2F4}.Debug|x64.ActiveCfg = Debug|Win32
		{DD57413F-118D-453B-98C7-04433952D2F4}.Debug|x86.ActiveCfg = Debug|Win32
		{DD57413F-118D-453B-98C7-04433952D2F4}.Debug|x86.Build.0 = Debug|Win32
		{DD57413F-118D-453B-98C7-04433952D2F4}.Release|Any CPU.ActiveCfg = Release|Win32
		{DD57413F-118D-453B-98C7-04433952D2F4}.Release|ARM.ActiveCfg = Release|Win32
		{DD57413F-118D-453B-98C7-04433952D2F4}.Release|Mixed Platforms.ActiveCfg = Release|Win32
		{DD57413F-118D-453B-98C7-04433952D2F4}.Release|Mixed Platforms.Build.0 = Release|Win32
		{DD57413F-118D-453B-98C7-04433952D2F4}.Release|Win32.ActiveCfg = Release|Win32
		{DD57413F-118D-453B-98C7-04433952D2F4}.Release|Win32.Build.0 = Release|Win32
		{DD57413F-118D-453B-98C7-04433952D2F4}.Release|x64.ActiveCfg = Release|Win32
		{DD57413F-118D-453B-98C7-04433952D2F4}.Release|x86.ActiveCfg = Release|Win32
		{DD57413F-118D-453B-98C7-04433952D2F4}.Release|x86.Build.0 = Release|Win32
		{4C0821A7-EC6E-4B2E-BEAE-E807DA531BBE}.Debug|Any CPU.ActiveCfg = Debug|Win32
		{4C0821A7-EC6E-4B2E-BEAE-E807DA531BBE}.Debug|ARM.ActiveCfg = Debug|Win32
		{4C0821A7-EC6E-4B2E-BEAE-E807DA531BBE}.Debug|Mixed Platforms.ActiveCfg = Debug|Win32
		{4C0821A7-EC6E-4B2E-BEAE-E807DA531BBE}.Debug|Mixed Platforms.Build.0 = Debug|Win32
		{4C0821A7-EC6E-4B2E-BEAE-E807DA531BBE}.Debug|Win32.ActiveCfg = Debug|Win32
		{4C0821A7-EC6E-4B2E-BEAE-E807DA531BBE}.Debug|Win32.Build.0 = Debug|Win32
		{4C0821A7-EC6E-4B2E-BEAE-E807DA531BBE}.Debug|x64.ActiveCfg = Debug|Win32
		{4C0821A7-EC6E-4B2E-BEAE-E807DA531BBE}.Debug|x86.ActiveCfg = Debug|Win32
		{4C0821A7-EC6E-4B2E-BEAE-E807DA531BBE}.Debug|x86.Build.0 = Debug|Win32
		{4C0821A7-EC6E-4B2E-BEAE-E807DA531BBE}.Release|Any CPU.ActiveCfg = Release|Win32
		{4C0821A7-EC6E-4B2E-BEAE-E807DA531BBE}.Release|ARM.ActiveCfg = Release|Win32
		{4C0821A7-EC6E-4B2E-BEAE-E807DA531BBE}.Release|Mixed Platforms.ActiveCfg = Release|Win32
		{4C0821A7-EC6E-4B2E-BEAE-E807DA531BBE}.Release|Mixed Platforms.Build.0 = Release|Win32
		{4C0821A7-EC6E-4B2E-BEAE-E807DA531BBE}.Release|Win32.ActiveCfg = Release|Win32
		{4C0821A7-EC6E-4B2E-BEAE-E807DA531BBE}.Release|Win32.Build.0 = Release|Win32
		{4C0821A7-EC6E-4B2E-BEAE-E807DA531BBE}.Release|x64.ActiveCfg = Release|Win32
		{4C0821A7-EC6E-4B2E-BEAE-E807DA531BBE}.Release|x86.ActiveCfg = Release|Win32
		{4C0821A7-EC6E-4B2E-BEAE-E807DA531BBE}.Release|x86.Build.0 = Release|Win32
		{C4460590-79DB-4E46-AC47-2A3C1912CF18}.Debug|Any CPU.ActiveCfg = Debug|Win32
		{C4460590-79DB-4E46-AC47-2A3C1912CF18}.Debug|ARM.ActiveCfg = Debug|Win32
		{C4460590-79DB-4E46-AC47-2A3C1912CF18}.Debug|Mixed Platforms.ActiveCfg = Debug|Win32
		{C4460590-79DB-4E46-AC47-2A3C1912CF18}.Debug|Mixed Platforms.Build.0 = Debug|Win32
		{C4460590-79DB-4E46-AC47-2A3C1912CF18}.Debug|Win32.ActiveCfg = Debug|Win32
		{C4460590-79DB-4E46-AC47-2A3C1912CF18}.Debug|Win32.Build.0 = Debug|Win32
		{C4460590-79DB-4E46-AC47-2A3C1912CF18}.Debug|x64.ActiveCfg = Debug|Win32
		{C4460590-79DB-4E46-AC47-2A3C1912CF18}.Debug|x86.ActiveCfg = Debug|Win32
		{C4460590-79DB-4E46-AC47-2A3C1912CF18}.Debug|x86.Build.0 = Debug|Win32
		{C4460590-79DB-4E46-AC47-2A3C1912CF18}.Release|Any CPU.ActiveCfg = Release|Win32
		{C4460590-79DB-4E46-AC47-2A3C1912CF18}.Release|ARM.ActiveCfg = Release|Win32
		{C4460590-79DB-4E46-AC47-2A3C1912CF18}.Release|Mixed Platforms.ActiveCfg = Release|Win32
		{C4460590-79DB-4E46-AC47-2A3C1912CF18}.Release|Mixed Platforms.Build.0 = Release|Win32
		{C4460590-79DB-4E46-AC47-2A3C1912CF18}.Release|Win32.ActiveCfg = Release|Win32
		{C4460590-79DB-4E46-AC47-2A3C1912CF18}.Release|Win32.Build.0 = Release|Win32
		{C4460590-79DB-4E46-AC47-2A3C1912CF18}.Release|x64.ActiveCfg = Release|Win32
		{C4460590-79DB-4E46-AC47-2A3C1912CF18}.Release|x86.ActiveCfg = Release|Win32
		{C4460590-79DB-4E46-AC47-2A3C1912CF18}.Release|x86.Build.0 = Release|Win32
		{A2932D04-85AF-4A93-8456-0DBFF8341F63}.Debug|Any CPU.ActiveCfg = Debug|Win32
		{A2932D04-85AF-4A93-8456-0DBFF8341F63}.Debug|ARM.ActiveCfg = Debug|Win32
		{A2932D04-85AF-4A93-8456-0DBFF8341F63}.Debug|Mixed Platforms.ActiveCfg = Debug|Win32
		{A2932D04-85AF-4A93-8456-0DBFF8341F63}.Debug|Mixed Platforms.Build.0 = Debug|Win32
		{A2932D04-85AF-4A93-8456-0DBFF8341F63}.Debug|Win32.ActiveCfg = Debug|Win32
		{A2932D04-85AF-4A93-8456-0DBFF8341F63}.Debug|Win32.Build.0 = Debug|Win32
		{A2932D04-85AF-4A93-8456-0DBFF8341F63}.Debug|x64.ActiveCfg = Debug|Win32
		{A2932D04-85AF-4A93-8456-0DBFF8341F63}.Debug|x86.ActiveCfg = Debug|Win32
		{A2932D04-85AF-4A93-8456-0DBFF8341F63}.Debug|x86.Build.0 = Debug|Win32
		{A2932D04-85AF-4A93-8456-0DBFF8341F63}.Release|Any CPU.ActiveCfg = Release|Win32
		{A2932D04-85AF-4A93-8456-0DBFF8341F63}.Release|ARM.ActiveCfg = Release|Win32
		{A2932D04-85AF-4A93-8456-0DBFF8341F63}.Release|Mixed Platforms.ActiveCfg = Release|Win32
		{A2932D04-85AF-4A93-8456-0DBFF8341F63}.Release|Mixed Platforms.Build.0 = Release|Win32
		{A2932D04-85AF-4A93-8456-0DBFF8341F63}.Release|Win32.ActiveCfg = Release|Win32
		{A2932D04-85AF-4A93-8456-0DBFF8341F63}.Release|Win32.Build.0 = Release|Win32
		{A2932D04-85AF-4A93-8456-0DBFF8341F63}.Release|x64.ActiveCfg = Release|Win32
		{A2932D04-85AF-4A93-8456-0DBFF8341F63}.Release|x86.ActiveCfg = Release|Win32
		{A2932D04-85AF-4A93-8456-0DBFF8341F63}.Release|x86.Build.0 = Release|Win32
		{1148402D-B54C-4938-A5D7-71139A9098D3}.Debug|Any CPU.ActiveCfg = Debug|Win32
		{1148402D-B54C-4938-A5D7-71139A9098D3}.Debug|ARM.ActiveCfg = Debug|Win32
		{1148402D-B54C-4938-A5D7-71139A9098D3}.Debug|Mixed Platforms.ActiveCfg = Debug|Win32
		{1148402D-B54C-4938-A5D7-71139A9098D3}.Debug|Mixed Platforms.Build.0 = Debug|Win32
		{1148402D-B54C-4938-A5D7-71139A9098D3}.Debug|Win32.ActiveCfg = Debug|Win32
		{1148402D-B54C-4938-A5D7-71139A9098D3}.Debug|Win32.Build.0 = Debug|Win32
		{1148402D-B54C-4938-A5D7-71139A9098D3}.Debug|x64.ActiveCfg = Debug|Win32
		{1148402D-B54C-4938-A5D7-71139A9098D3}.Debug|x86.ActiveCfg = Debug|Win32
		{1148402D-B54C-4938-A5D7-71139A9098D3}.Debug|x86.Build.0 = Debug|Win32
		{1148402D-B54C-4938-A5D7-71139A9098D3}.Release|Any CPU.ActiveCfg = Release|Win32
		{1148402D-B54C-4938-A5D7-71139A9098D3}.Release|ARM.ActiveCfg = Release|Win32
		{1148402D-B54C-4938-A5D7-71139A9098D3}.Release|Mixed Platforms.ActiveCfg = Release|Win32
		{1148402D-B54C-4938-A5D7-71139A9098D3}.Release|Mixed Platforms.Build.0 = Release|Win32
		{1148402D-B54C-4938-A5D7-71139A9098D3}.Release|Win32.ActiveCfg = Release|Win32
		{1148402D-B54C-4938-A5D7-71139A9098D3}.Release|Win32.Build.0 = Release|Win32
		{1148402D-B54C-4938-A5D7-71139A9098D3}.Release|x64.ActiveCfg = Release|Win32
		{1148402D-B54C-4938-A5D7-71139A9098D3}.Release|x86.ActiveCfg = Release|Win32
		{1148402D-B54C-4938-A5D7-71139A9098D3}.Release|x86.Build.0 = Release|Win32
		{8BEF74E4-A6A5-4672-9D24-C84140944CEF}.Debug|Any CPU.ActiveCfg = Debug|Win32
		{8BEF74E4-A6A5-4672-9D24-C84140944CEF}.Debug|ARM.ActiveCfg = Debug|Win32
		{8BEF74E4-A6A5-4672-9D24-C84140944CEF}.Debug|Mixed Platforms.ActiveCfg = Debug|Win32
		{8BEF74E4-A6A5-4672-9D24-C84140944CEF}.Debug|Mixed Platforms.Build.0 = Debug|Win32
		{8BEF74E4-A6A5-4672-9D24-C84140944CEF}.Debug|Win32.ActiveCfg = Debug|Win32
		{8BEF74E4-A6A5-4672-9D24-C84140944CEF}.Debug|Win32.Build.0 = Debug|Win32
		{8BEF74E4-A6A5-4672-9D24-C84140944CEF}.Debug|x64.ActiveCfg = Debug|Win32
		{8BEF74E4-A6A5-4672-9D24-C84140944CEF}.Debug|x86.ActiveCfg = Debug|Win32
		{8BEF74E4-A6A5-4672-9D24-C84140944CEF}.Debug|x86.Build.0 = Debug|Win32
		{8BEF74E4-A6A5-4672-9D24-C84140944CEF}.Release|Any CPU.ActiveCfg = Release|Win32
		{8BEF74E4-A6A5-4672-9D24-C84140944CEF}.Release|ARM.ActiveCfg = Release|Win32
		{8BEF74E4-A6A5-4672-9D24-C84140944CEF}.Release|Mixed Platforms.ActiveCfg = Release|Win32
		{8BEF74E4-A6A5-4672-9D24-C84140944CEF}.Release|Mixed Platforms.Build.0 = Release|Win32
		{8BEF74E4-A6A5-4672-9D24-C84140944CEF}.Release|Win32.ActiveCfg = Release|Win32
		{8BEF74E4-A6A5-4672-9D24-C84140944CEF}.Release|Win32.Build.0 = Release|Win32
		{8BEF74E4-A6A5-4672-9D24-C84140944CEF}.Release|x64.ActiveCfg = Release|Win32
		{8BEF74E4-A6A5-4672-9D24-C84140944CEF}.Release|x86.ActiveCfg = Release|Win32
		{8BEF74E4-A6A5-4672-9D24-C84140944CEF}.Release|x86.Build.0 = Release|Win32
		{FC87FC6D-FEED-4BFC-8873-D222FE7E0FD7}.Debug|Any CPU.ActiveCfg = Debug|Win32
		{FC87FC6D-FEED-4BFC-8873-D222FE7E0FD7}.Debug|ARM.ActiveCfg = Debug|Win32
		{FC87FC6D-FEED-4BFC-8873-D222FE7E0FD7}.Debug|Mixed Platforms.ActiveCfg = Debug|Win32
		{FC87FC6D-FEED-4BFC-8873-D222FE7E0FD7}.Debug|Mixed Platforms.Build.0 = Debug|Win32
		{FC87FC6D-FEED-4BFC-8873-D222FE7E0FD7}.Debug|Win32.ActiveCfg = Debug|Win32
		{FC87FC6D-FEED-4BFC-8873-D222FE7E0FD7}.Debug|Win32.Build.0 = Debug|Win32
		{FC87FC6D-FEED-4BFC-8873-D222FE7E0FD7}.Debug|x64.ActiveCfg = Debug|Win32
		{FC87FC6D-FEED-4BFC-8873-D222FE7E0FD7}.Debug|x86.ActiveCfg = Debug|Win32
		{FC87FC6D-FEED-4BFC-8873-D222FE7E0FD7}.Debug|x86.Build.0 = Debug|Win32
		{FC87FC6D-FEED-4BFC-8873-D222FE7E0FD7}.Release|Any CPU.ActiveCfg = Release|Win32
		{FC87FC6D-FEED-4BFC-8873-D222FE7E0FD7}.Release|ARM.ActiveCfg = Release|Win32
		{FC87FC6D-FEED-4BFC-8873-D222FE7E0FD7}.Release|Mixed Platforms.ActiveCfg = Release|Win32
		{FC87FC6D-FEED-4BFC-8873-D222FE7E0FD7}.Release|Mixed Platforms.Build.0 = Release|Win32
		{FC87FC6D-FEED-4BFC-8873-D222FE7E0FD7}.Release|Win32.ActiveCfg = Release|Win32
		{FC87FC6D-FEED-4BFC-8873-D222FE7E0FD7}.Release|Win32.Build.0 = Release|Win32
		{FC87FC6D-FEED-4BFC-8873-D222FE7E0FD7}.Release|x64.ActiveCfg = Release|Win32
		{FC87FC6D-FEED-4BFC-8873-D222FE7E0FD7}.Release|x86.ActiveCfg = Release|Win32
		{FC87FC6D-FEED-4BFC-8873-D222FE7E0FD7}.Release|x86.Build.0 = Release|Win32
	EndGlobalSection
	GlobalSection(SolutionProperties) = preSolution
		HideSolutionNode = FALSE
	EndGlobalSection
	GlobalSection(NestedProjects) = preSolution
		{B19DD1D2-F45E-433E-934E-888699F58C87} = {CFF70962-DBEF-42E8-ACBD-AC240D964714}
		{26C89EF5-CCAD-4731-B150-79BFF3CDB4B9} = {CFF70962-DBEF-42E8-ACBD-AC240D964714}
		{7E703E9A-2864-4DC6-8CD5-AA4767678E46} = {CFF70962-DBEF-42E8-ACBD-AC240D964714}
		{7C340A0D-80A0-4ED5-AF90-E3C988CD87CB} = {B19DD1D2-F45E-433E-934E-888699F58C87}
		{DD57413F-118D-453B-98C7-04433952D2F4} = {B19DD1D2-F45E-433E-934E-888699F58C87}
		{4C0821A7-EC6E-4B2E-BEAE-E807DA531BBE} = {B19DD1D2-F45E-433E-934E-888699F58C87}
	EndGlobalSection
EndGlobal
