
Microsoft Visual Studio Solution File, Format Version 12.00
# Visual Studio 15
VisualStudioVersion = 15.0.27004.2010
MinimumVisualStudioVersion = 10.0.40219.1
Project("{FAE04EC0-301F-11D3-BF4B-00C04F79EFBC}") = "MySensors.Controllers", "MySensors.Controllers\MySensors.Controllers.csproj", "{A86171C5-EDF7-4342-8F4D-76D6A02B9CBB}"
EndProject
Project("{FAE04EC0-301F-11D3-BF4B-00C04F79EFBC}") = "MySensors.AutomationServices", "MySensors.AutomationServices\MySensors.AutomationServices.csproj", "{CFA44D11-4ED8-4CCF-ABAE-11209260CC08}"
EndProject
Project("{2150E333-8FDC-42A3-9474-1A3956D46DE8}") = "Core", "Core", "{31D77FDB-69FF-4788-9DD0-4EC84EBEB7D4}"
EndProject
Project("{2150E333-8FDC-42A3-9474-1A3956D46DE8}") = "Old", "Old", "{6B21D9F5-65D1-4F9D-9156-848847E3B0B0}"
EndProject
Project("{2150E333-8FDC-42A3-9474-1A3956D46DE8}") = "Plugins", "Plugins", "{B2119192-B2D5-4E28-934E-6B0933E4EAAB}"
	ProjectSection(SolutionItems) = preProject
		Plugin creation guide.txt = Plugin creation guide.txt
	EndProjectSection
EndProject
Project("{2150E333-8FDC-42A3-9474-1A3956D46DE8}") = "Application", "Application", "{A04F4475-C957-4AA8-AB17-D28C2A505AD6}"
EndProject
Project("{FAE04EC0-301F-11D3-BF4B-00C04F79EFBC}") = "SmartHub.ApplicationConsole", "SmartHub.ApplicationConsole\SmartHub.ApplicationConsole.csproj", "{4FF0C351-38B6-47EB-8127-24F32E585739}"
EndProject
Project("{FAE04EC0-301F-11D3-BF4B-00C04F79EFBC}") = "SmartHub.ApplicationService", "SmartHub.ApplicationService\SmartHub.ApplicationService.csproj", "{F9F133A2-76A8-4389-B0D4-EA07060B36FF}"
EndProject
Project("{FAE04EC0-301F-11D3-BF4B-00C04F79EFBC}") = "SmartHub.Core.Plugins", "SmartHub.Core.Plugins\SmartHub.Core.Plugins.csproj", "{3BE84D3D-7B5B-4C90-803D-A112D8AB40C7}"
EndProject
Project("{FAE04EC0-301F-11D3-BF4B-00C04F79EFBC}") = "SmartHub.Core.Infrastructure", "SmartHub.Core.Infrastructure\SmartHub.Core.Infrastructure.csproj", "{47B49308-37B1-4114-956E-66D508F2BB93}"
EndProject
Project("{FAE04EC0-301F-11D3-BF4B-00C04F79EFBC}") = "SmartHub.Plugins.Audio", "SmartHub.Plugins.Audio\SmartHub.Plugins.Audio.csproj", "{8C872F7B-131E-45C6-97AA-BBBF9128C025}"
EndProject
Project("{FAE04EC0-301F-11D3-BF4B-00C04F79EFBC}") = "SmartHub.Plugins.Timer", "SmartHub.Plugins.Timer\SmartHub.Plugins.Timer.csproj", "{AB1E5CF0-A30E-4046-A468-0F8AA8D0BE5D}"
EndProject
Project("{FAE04EC0-301F-11D3-BF4B-00C04F79EFBC}") = "SmartHub.Plugins.MySensors", "SmartHub.Plugins.MySensors\SmartHub.Plugins.MySensors.csproj", "{2BB4C561-2D7E-4D19-82BE-519FA659E4BE}"
EndProject
Project("{FAE04EC0-301F-11D3-BF4B-00C04F79EFBC}") = "SmartHub.Plugins.HttpListener", "SmartHub.Plugins.HttpListener\SmartHub.Plugins.HttpListener.csproj", "{B2826828-29A4-4E27-9452-22E5C167EC25}"
EndProject
Project("{FAE04EC0-301F-11D3-BF4B-00C04F79EFBC}") = "SmartHub.Plugins.WebUI", "SmartHub.Plugins.WebUI\SmartHub.Plugins.WebUI.csproj", "{52E99C27-8034-4516-9AC8-9F00C4A2C5A6}"
EndProject
Project("{FAE04EC0-301F-11D3-BF4B-00C04F79EFBC}") = "SmartHub.Plugins.SignalR", "SmartHub.Plugins.SignalR\SmartHub.Plugins.SignalR.csproj", "{46E58075-B4A0-4779-9F24-79D4B6F26A7B}"
EndProject
Project("{FAE04EC0-301F-11D3-BF4B-00C04F79EFBC}") = "SmartHub.Plugins.Packages", "SmartHub.Plugins.Packages\SmartHub.Plugins.Packages.csproj", "{E70F64A0-FD12-4C74-BC48-52BA1DFB528D}"
EndProject
Project("{2150E333-8FDC-42A3-9474-1A3956D46DE8}") = "System", "System", "{67217112-CE31-4E8F-AAF5-1E8163C76A7E}"
EndProject
Project("{2150E333-8FDC-42A3-9474-1A3956D46DE8}") = "jslibs", "jslibs", "{0F6D3975-EA7E-42E7-8D64-7C946BB033AF}"
	ProjectSection(SolutionItems) = preProject
		jslibs\chart.js = jslibs\chart.js
		jslibs\chart.min.js = jslibs\chart.min.js
		jslibs\chart.min.js.gzip = jslibs\chart.min.js.gzip
		jslibs\chart.min.js.map = jslibs\chart.min.js.map
		jslibs\chart.scatter.js = jslibs\chart.scatter.js
		jslibs\chart.scatter.min.js = jslibs\chart.scatter.min.js
		jslibs\chart.scatter.min.js.gzip = jslibs\chart.scatter.min.js.gzip
		jslibs\chart.scatter.min.js.map = jslibs\chart.scatter.min.js.map
	EndProjectSection
EndProject
Project("{FAE04EC0-301F-11D3-BF4B-00C04F79EFBC}") = "SmartHub.Plugins.Scripts", "SmartHub.Plugins.Scripts\SmartHub.Plugins.Scripts.csproj", "{E9B99C9B-9738-494B-96F0-CF39B820C61B}"
EndProject
Project("{FAE04EC0-301F-11D3-BF4B-00C04F79EFBC}") = "SmartHub.Plugins.Speech", "SmartHub.Plugins.Speech\SmartHub.Plugins.Speech.csproj", "{74EE7AE8-C021-48B5-8C2D-E1F45C8BFBD8}"
EndProject
Project("{FAE04EC0-301F-11D3-BF4B-00C04F79EFBC}") = "SmartHub.Plugins.AlarmClock", "SmartHub.Plugins.AlarmClock\SmartHub.Plugins.AlarmClock.csproj", "{18DFCD61-1EA4-4E82-AD9A-8D7A1B218506}"
EndProject
Project("{FAE04EC0-301F-11D3-BF4B-00C04F79EFBC}") = "SmartHub.Plugins.Weather", "SmartHub.Plugins.Weather\SmartHub.Plugins.Weather.csproj", "{158E3A55-1FC7-4996-972B-8AD738A018B8}"
EndProject
Project("{FAE04EC0-301F-11D3-BF4B-00C04F79EFBC}") = "SmartHub.Plugins.MeteoStation", "SmartHub.Plugins.MeteoStation\SmartHub.Plugins.MeteoStation.csproj", "{A82CCE04-0E15-4913-B959-E3F3CB58AE7F}"
EndProject
Project("{FAE04EC0-301F-11D3-BF4B-00C04F79EFBC}") = "SmartHub.Plugins.NetworkManager", "SmartHub.Plugins.NetworkManager\SmartHub.Plugins.NetworkManager.csproj", "{BC2A1A15-4B08-48AD-84FC-758A0EFB7B09}"
EndProject
Project("{FAE04EC0-301F-11D3-BF4B-00C04F79EFBC}") = "SmartHub.Plugins.Controllers", "SmartHub.Plugins.Controllers\SmartHub.Plugins.Controllers.csproj", "{87F5C8F8-2E14-4D7E-A378-5E58FED3C0DC}"
EndProject
Project("{FAE04EC0-301F-11D3-BF4B-00C04F79EFBC}") = "SmartHub.Plugins.Monitors", "SmartHub.Plugins.Monitors\SmartHub.Plugins.Monitors.csproj", "{ABBC994D-91C0-4F93-82F7-BF91943BC574}"
EndProject
Project("{FAE04EC0-301F-11D3-BF4B-00C04F79EFBC}") = "SmartHub.Plugins.Zones", "SmartHub.Plugins.Zones\SmartHub.Plugins.Zones.csproj", "{9B2DD9BE-77F9-455E-B219-7E4110A6AA16}"
EndProject
Project("{FAE04EC0-301F-11D3-BF4B-00C04F79EFBC}") = "SmartHub.Plugins.Informers", "SmartHub.Plugins.Informers\SmartHub.Plugins.Informers.csproj", "{70D45967-C3D1-4C5B-87B0-16748F46A324}"
EndProject
Project("{2150E333-8FDC-42A3-9474-1A3956D46DE8}") = "MySensors", "MySensors", "{E19CC1DD-42D5-4E43-A12B-285228AA214A}"
EndProject
Project("{2150E333-8FDC-42A3-9474-1A3956D46DE8}") = "MySensors", "MySensors", "{66520464-7F28-47C8-AEB5-FE666A6D1B1B}"
EndProject
Project("{2150E333-8FDC-42A3-9474-1A3956D46DE8}") = "Gateways", "Gateways", "{FB77EDD5-6961-449F-9A85-19401F9B1B47}"
EndProject
Project("{2150E333-8FDC-42A3-9474-1A3956D46DE8}") = "Core", "Core", "{34DE128B-A69A-4498-8D55-FABA825E80CD}"
EndProject
Project("{8BC9CEB8-8B4A-11D0-8D11-00A0C91BC942}") = "MySensors.Repeater", "MySensors.Repeater\MySensors.Repeater.vcxproj", "{7E703E9A-2864-4DC6-8CD5-AA4767678E46}"
EndProject
Project("{8BC9CEB8-8B4A-11D0-8D11-00A0C91BC942}") = "MySensors.EthernetGateway", "MySensors.EthernetGateway\MySensors.EthernetGateway.vcxproj", "{7C340A0D-80A0-4ED5-AF90-E3C988CD87CB}"
EndProject
Project("{8BC9CEB8-8B4A-11D0-8D11-00A0C91BC942}") = "MySensors.MQTTGateway", "MySensors.MQTTGateway\MySensors.MQTTGateway.vcxproj", "{DD57413F-118D-453B-98C7-04433952D2F4}"
EndProject
Project("{8BC9CEB8-8B4A-11D0-8D11-00A0C91BC942}") = "MySensors.SerialGateway", "MySensors.SerialGateway\MySensors.SerialGateway.vcxproj", "{4C0821A7-EC6E-4B2E-BEAE-E807DA531BBE}"
EndProject
Project("{8BC9CEB8-8B4A-11D0-8D11-00A0C91BC942}") = "MySensors.Node", "MySensors.Node\MySensors.Node.vcxproj", "{26C89EF5-CCAD-4731-B150-79BFF3CDB4B9}"
EndProject
Project("{8BC9CEB8-8B4A-11D0-8D11-00A0C91BC942}") = "MySensors.AquaDevice", "MySensors.AquaDevice\MySensors.AquaDevice.vcxproj", "{C4460590-79DB-4E46-AC47-2A3C1912CF18}"
EndProject
Project("{8BC9CEB8-8B4A-11D0-8D11-00A0C91BC942}") = "MySensors.InformerDevice", "MySensors.InformerDevice\MySensors.InformerDevice.vcxproj", "{FC87FC6D-FEED-4BFC-8873-D222FE7E0FD7}"
EndProject
Project("{8BC9CEB8-8B4A-11D0-8D11-00A0C91BC942}") = "MySensors.IRDevice", "MySensors.IRDevice\MySensors.IRDevice.vcxproj", "{8BEF74E4-A6A5-4672-9D24-C84140944CEF}"
EndProject
Project("{8BC9CEB8-8B4A-11D0-8D11-00A0C91BC942}") = "MySensors.MeteoStation", "MySensors.MeteoStation\MySensors.MeteoStation.vcxproj", "{1148402D-B54C-4938-A5D7-71139A9098D3}"
EndProject
Project("{8BC9CEB8-8B4A-11D0-8D11-00A0C91BC942}") = "MySensors.PowerSwitchDevice", "MySensors.PowerSwitchDevice\MySensors.PowerSwitchDevice.vcxproj", "{A2932D04-85AF-4A93-8456-0DBFF8341F63}"
EndProject
Project("{2150E333-8FDC-42A3-9474-1A3956D46DE8}") = "Libs", "Libs", "{3C3A64FD-15AB-4768-985B-F5E1745D9E06}"
	ProjectSection(SolutionItems) = preProject
		MySensors.API.txt = MySensors.API.txt
		MySensors.Arduino-master v1.4.zip = MySensors.Arduino-master v1.4.zip
		MySensors.Arduino-master v1.5.zip = MySensors.Arduino-master v1.5.zip
	EndProjectSection
EndProject
Project("{2150E333-8FDC-42A3-9474-1A3956D46DE8}") = "Win10 IoT", "Win10 IoT", "{0C039330-2D58-44CA-9188-B73F43ED3809}"
EndProject
Project("{2150E333-8FDC-42A3-9474-1A3956D46DE8}") = "Server", "Server", "{F690D09B-6772-4452-B791-9B9B644ED6DB}"
	ProjectSection(SolutionItems) = preProject
		app.config = app.config
		Logo.ico = Logo.ico
		NLog.config = NLog.config
		SmartHub.sdf = SmartHub.sdf
	EndProjectSection
EndProject
Project("{2150E333-8FDC-42A3-9474-1A3956D46DE8}") = "Drivers", "Drivers", "{430C841F-9529-4C3E-99C3-04F5CB2FB098}"
EndProject
Project("{FAE04EC0-301F-11D3-BF4B-00C04F79EFBC}") = "IoT.Drivers.MPU6050", "IoT.Drivers.MPU6050\IoT.Drivers.MPU6050.csproj", "{5B160449-E2EF-4B2B-8971-B0967E71EE7B}"
EndProject
Project("{2150E333-8FDC-42A3-9474-1A3956D46DE8}") = "Windows", "Windows", "{71BB5766-D5A6-4DF9-B288-2F58509B4A19}"
EndProject
Project("{2150E333-8FDC-42A3-9474-1A3956D46DE8}") = "UWP", "UWP", "{DD68D4F7-7965-48B0-8E1D-6E302F3D94F5}"
EndProject
Project("{2150E333-8FDC-42A3-9474-1A3956D46DE8}") = "Arduino", "Arduino", "{303BC465-7EF7-4F90-AB73-6A8FC583C006}"
EndProject
Project("{2150E333-8FDC-42A3-9474-1A3956D46DE8}") = "Core", "Core", "{F1CB8D2F-9820-441C-B3BC-ED9A53184035}"
EndProject
Project("{FAE04EC0-301F-11D3-BF4B-00C04F79EFBC}") = "SmartHub.UWP.Core.Plugins", "SmartHub.UWP.Core.Plugins\SmartHub.UWP.Core.Plugins.csproj", "{0BC52FB7-0F4B-4715-AA90-3B564401D912}"
EndProject
Project("{FAE04EC0-301F-11D3-BF4B-00C04F79EFBC}") = "SmartHub.UWP.Core.Infrastructure", "SmartHub.UWP.Core.Infrastructure\SmartHub.UWP.Core.Infrastructure.csproj", "{AF8E3222-A068-4E8B-B409-B03B23C523F1}"
EndProject
Project("{2150E333-8FDC-42A3-9474-1A3956D46DE8}") = "Plugins", "Plugins", "{B8FEA1A5-A0C9-43E6-9ED5-0E3ABD082E00}"
EndProject
Project("{2150E333-8FDC-42A3-9474-1A3956D46DE8}") = "Applications", "Applications", "{0F702261-9DBE-4F34-8BA9-02C05F59EEDB}"
EndProject
Project("{2150E333-8FDC-42A3-9474-1A3956D46DE8}") = "System", "System", "{897A8020-4315-4C17-BBA2-41046480A37F}"
EndProject
Project("{FAE04EC0-301F-11D3-BF4B-00C04F79EFBC}") = "SmartHub.UWP.Core", "SmartHub.UWP.Core\SmartHub.UWP.Core.csproj", "{1345726D-287F-4561-A2DA-B29EC65C85A1}"
EndProject
Project("{FAE04EC0-301F-11D3-BF4B-00C04F79EFBC}") = "SmartHub.UWP.Plugins.Timer", "SmartHub.UWP.Plugins.Timer\SmartHub.UWP.Plugins.Timer.csproj", "{2254A4F7-B66F-4068-8B9F-54AC550D5B32}"
EndProject
Project("{2150E333-8FDC-42A3-9474-1A3956D46DE8}") = "Depricated", "Depricated", "{B3C801B4-DF22-4BD5-B9E6-6F398F7DEBB1}"
EndProject
Project("{2150E333-8FDC-42A3-9474-1A3956D46DE8}") = "No UI", "No UI", "{9B9066B2-F4A8-4876-BD2C-708FB22C5C52}"
EndProject
Project("{2150E333-8FDC-42A3-9474-1A3956D46DE8}") = "UI", "UI", "{D5D1C877-14FC-4E79-B7BB-259FF8F40FFB}"
EndProject
Project("{FAE04EC0-301F-11D3-BF4B-00C04F79EFBC}") = "SmartHub.UWP.Plugins.Audio", "SmartHub.UWP.Plugins.Audio\SmartHub.UWP.Plugins.Audio.csproj", "{0C5E60EF-07B1-4BBC-90DF-35E93FD5AB71}"
EndProject
Project("{FAE04EC0-301F-11D3-BF4B-00C04F79EFBC}") = "SmartHub.UWP.Plugins.Speech", "SmartHub.UWP.Plugins.Speech\SmartHub.UWP.Plugins.Speech.csproj", "{CC29A0EE-EB42-45DC-A9A3-7248211B8D78}"
EndProject
Project("{2150E333-8FDC-42A3-9474-1A3956D46DE8}") = "Wemos", "Wemos", "{E182AB8B-AEA5-425B-83C5-EA08DB213996}"
EndProject
Project("{8BC9CEB8-8B4A-11D0-8D11-00A0C91BC942}") = "Wemos.GenericNode", "Wemos.GenericNode\Wemos.GenericNode.vcxproj", "{C5F80730-F44F-4478-BDAE-6634EFC2CA88}"
EndProject
Project("{2150E333-8FDC-42A3-9474-1A3956D46DE8}") = "Hardware", "Hardware", "{354F3BB7-B1EA-4612-970B-50AE48C80FF1}"
EndProject
Project("{FAE04EC0-301F-11D3-BF4B-00C04F79EFBC}") = "SmartHub.UWP.Plugins.Wemos", "SmartHub.UWP.Plugins.Wemos\SmartHub.UWP.Plugins.Wemos.csproj", "{208680E0-389C-4EA4-A69C-140CE09F0AE6}"
EndProject
Project("{FAE04EC0-301F-11D3-BF4B-00C04F79EFBC}") = "SmartHub.UWP.Plugins.Network", "SmartHub.UWP.Plugins.Network\SmartHub.UWP.Plugins.Network.csproj", "{8B9ECDA3-0FD6-408D-8B1A-DE46CDC4F05D}"
EndProject
Project("{2150E333-8FDC-42A3-9474-1A3956D46DE8}") = "User", "User", "{1B138644-040A-4003-8DC3-B418427FBB5F}"
EndProject
Project("{FAE04EC0-301F-11D3-BF4B-00C04F79EFBC}") = "SmartHub.UWP.Plugins.UI", "SmartHub.UWP.Plugins.UI\SmartHub.UWP.Plugins.UI.csproj", "{4DFAA97C-AF72-4497-BFD2-B14D58AB340C}"
EndProject
Project("{FAE04EC0-301F-11D3-BF4B-00C04F79EFBC}") = "SmartHub.UWP.Core.Communication", "SmartHub.UWP.Core.Communication\SmartHub.UWP.Core.Communication.csproj", "{9DB4329D-1705-4F7A-98FC-3901EC521599}"
EndProject
Project("{FAE04EC0-301F-11D3-BF4B-00C04F79EFBC}") = "SmartHub.UWP.Core.StringResources", "SmartHub.UWP.Core.StringResources\SmartHub.UWP.Core.StringResources.csproj", "{B846B4C2-22D3-46B4-8CBA-CBA4853D35A2}"
EndProject
Project("{FAE04EC0-301F-11D3-BF4B-00C04F79EFBC}") = "SmartHub.UWP.Plugins.ApiListener", "SmartHub.UWP.Plugins.ApiListener\SmartHub.UWP.Plugins.ApiListener.csproj", "{71718A41-DD1A-48E7-AA35-FA2569CAE77D}"
EndProject
Project("{FAE04EC0-301F-11D3-BF4B-00C04F79EFBC}") = "SmartHub.UWP.Core.Xaml", "SmartHub.UWP.Core.Xaml\SmartHub.UWP.Core.Xaml.csproj", "{4DBE46C4-28B7-4FD6-A9F9-C0F92C8F5693}"
EndProject
Project("{2150E333-8FDC-42A3-9474-1A3956D46DE8}") = "Server", "Server", "{4D1DE182-E175-4C4A-9FFF-5BAA1182A627}"
	ProjectSection(SolutionItems) = preProject
		StartSmartHubUWP.bat = StartSmartHubUWP.bat
	EndProjectSection
EndProject
Project("{2150E333-8FDC-42A3-9474-1A3956D46DE8}") = "Client", "Client", "{32879255-8FB2-4984-8DA2-DFDD41E4DE11}"
EndProject
Project("{FAE04EC0-301F-11D3-BF4B-00C04F79EFBC}") = "SmartHub.UWP.Applications.Client", "SmartHub.UWP.Applications.Client\SmartHub.UWP.Applications.Client.csproj", "{7EEA819D-0B38-428F-B8BE-D00D6BBD898A}"
EndProject
Project("{FAE04EC0-301F-11D3-BF4B-00C04F79EFBC}") = "SmartHub.UWP.Applications.Server", "SmartHub.UWP.Applications.Server\SmartHub.UWP.Applications.Server.csproj", "{4C7A31AE-D5D5-47F1-A84B-1AAEE11D2328}"
EndProject
Project("{FAE04EC0-301F-11D3-BF4B-00C04F79EFBC}") = "SmartHub.UWP.Applications.Server.BackgroundTask", "SmartHub.UWP.Applications.Server.BackgroundTask\SmartHub.UWP.Applications.Server.BackgroundTask.csproj", "{6C6165EC-66EC-4BAB-A640-30A2021B71E4}"
EndProject
Project("{FAE04EC0-301F-11D3-BF4B-00C04F79EFBC}") = "SmartHub.UWP.Applications.IoTServer", "SmartHub.UWP.Applications.IoTServer\SmartHub.UWP.Applications.IoTServer.csproj", "{C6D98D08-45A8-4C3A-8FCD-FD40CBFDC80F}"
EndProject
Project("{FAE04EC0-301F-11D3-BF4B-00C04F79EFBC}") = "SmartHub.UWP.Plugins.Storage", "SmartHub.UWP.Plugins.Storage\SmartHub.UWP.Plugins.Storage.csproj", "{4A52AC2E-2A6C-4241-953B-494FC314D7AF}"
EndProject
Global
	GlobalSection(SolutionConfigurationPlatforms) = preSolution
		Debug|Any CPU = Debug|Any CPU
		Debug|ARM = Debug|ARM
		Debug|Win32 = Debug|Win32
		Debug|x64 = Debug|x64
		Debug|x86 = Debug|x86
		Release|Any CPU = Release|Any CPU
		Release|ARM = Release|ARM
		Release|Win32 = Release|Win32
		Release|x64 = Release|x64
		Release|x86 = Release|x86
	EndGlobalSection
	GlobalSection(ProjectConfigurationPlatforms) = postSolution
		{A86171C5-EDF7-4342-8F4D-76D6A02B9CBB}.Debug|Any CPU.ActiveCfg = Debug|Any CPU
		{A86171C5-EDF7-4342-8F4D-76D6A02B9CBB}.Debug|Any CPU.Build.0 = Debug|Any CPU
		{A86171C5-EDF7-4342-8F4D-76D6A02B9CBB}.Debug|ARM.ActiveCfg = Debug|Any CPU
		{A86171C5-EDF7-4342-8F4D-76D6A02B9CBB}.Debug|Win32.ActiveCfg = Debug|Any CPU
		{A86171C5-EDF7-4342-8F4D-76D6A02B9CBB}.Debug|x64.ActiveCfg = Debug|Any CPU
		{A86171C5-EDF7-4342-8F4D-76D6A02B9CBB}.Debug|x86.ActiveCfg = Debug|Any CPU
		{A86171C5-EDF7-4342-8F4D-76D6A02B9CBB}.Release|Any CPU.ActiveCfg = Release|Any CPU
		{A86171C5-EDF7-4342-8F4D-76D6A02B9CBB}.Release|Any CPU.Build.0 = Release|Any CPU
		{A86171C5-EDF7-4342-8F4D-76D6A02B9CBB}.Release|ARM.ActiveCfg = Release|Any CPU
		{A86171C5-EDF7-4342-8F4D-76D6A02B9CBB}.Release|Win32.ActiveCfg = Release|Any CPU
		{A86171C5-EDF7-4342-8F4D-76D6A02B9CBB}.Release|x64.ActiveCfg = Release|Any CPU
		{A86171C5-EDF7-4342-8F4D-76D6A02B9CBB}.Release|x86.ActiveCfg = Release|Any CPU
		{CFA44D11-4ED8-4CCF-ABAE-11209260CC08}.Debug|Any CPU.ActiveCfg = Debug|Any CPU
		{CFA44D11-4ED8-4CCF-ABAE-11209260CC08}.Debug|Any CPU.Build.0 = Debug|Any CPU
		{CFA44D11-4ED8-4CCF-ABAE-11209260CC08}.Debug|ARM.ActiveCfg = Debug|Any CPU
		{CFA44D11-4ED8-4CCF-ABAE-11209260CC08}.Debug|Win32.ActiveCfg = Debug|Any CPU
		{CFA44D11-4ED8-4CCF-ABAE-11209260CC08}.Debug|x64.ActiveCfg = Debug|Any CPU
		{CFA44D11-4ED8-4CCF-ABAE-11209260CC08}.Debug|x86.ActiveCfg = Debug|Any CPU
		{CFA44D11-4ED8-4CCF-ABAE-11209260CC08}.Release|Any CPU.ActiveCfg = Release|Any CPU
		{CFA44D11-4ED8-4CCF-ABAE-11209260CC08}.Release|Any CPU.Build.0 = Release|Any CPU
		{CFA44D11-4ED8-4CCF-ABAE-11209260CC08}.Release|ARM.ActiveCfg = Release|Any CPU
		{CFA44D11-4ED8-4CCF-ABAE-11209260CC08}.Release|Win32.ActiveCfg = Release|Any CPU
		{CFA44D11-4ED8-4CCF-ABAE-11209260CC08}.Release|x64.ActiveCfg = Release|Any CPU
		{CFA44D11-4ED8-4CCF-ABAE-11209260CC08}.Release|x86.ActiveCfg = Release|Any CPU
		{4FF0C351-38B6-47EB-8127-24F32E585739}.Debug|Any CPU.ActiveCfg = Debug|Any CPU
		{4FF0C351-38B6-47EB-8127-24F32E585739}.Debug|Any CPU.Build.0 = Debug|Any CPU
		{4FF0C351-38B6-47EB-8127-24F32E585739}.Debug|ARM.ActiveCfg = Debug|Any CPU
		{4FF0C351-38B6-47EB-8127-24F32E585739}.Debug|Win32.ActiveCfg = Debug|Any CPU
		{4FF0C351-38B6-47EB-8127-24F32E585739}.Debug|x64.ActiveCfg = Debug|Any CPU
		{4FF0C351-38B6-47EB-8127-24F32E585739}.Debug|x86.ActiveCfg = Debug|Any CPU
		{4FF0C351-38B6-47EB-8127-24F32E585739}.Release|Any CPU.ActiveCfg = Release|Any CPU
		{4FF0C351-38B6-47EB-8127-24F32E585739}.Release|Any CPU.Build.0 = Release|Any CPU
		{4FF0C351-38B6-47EB-8127-24F32E585739}.Release|ARM.ActiveCfg = Release|Any CPU
		{4FF0C351-38B6-47EB-8127-24F32E585739}.Release|Win32.ActiveCfg = Release|Any CPU
		{4FF0C351-38B6-47EB-8127-24F32E585739}.Release|x64.ActiveCfg = Release|Any CPU
		{4FF0C351-38B6-47EB-8127-24F32E585739}.Release|x86.ActiveCfg = Release|Any CPU
		{F9F133A2-76A8-4389-B0D4-EA07060B36FF}.Debug|Any CPU.ActiveCfg = Debug|Any CPU
		{F9F133A2-76A8-4389-B0D4-EA07060B36FF}.Debug|Any CPU.Build.0 = Debug|Any CPU
		{F9F133A2-76A8-4389-B0D4-EA07060B36FF}.Debug|ARM.ActiveCfg = Debug|Any CPU
		{F9F133A2-76A8-4389-B0D4-EA07060B36FF}.Debug|Win32.ActiveCfg = Debug|Any CPU
		{F9F133A2-76A8-4389-B0D4-EA07060B36FF}.Debug|x64.ActiveCfg = Debug|Any CPU
		{F9F133A2-76A8-4389-B0D4-EA07060B36FF}.Debug|x86.ActiveCfg = Debug|Any CPU
		{F9F133A2-76A8-4389-B0D4-EA07060B36FF}.Release|Any CPU.ActiveCfg = Release|Any CPU
		{F9F133A2-76A8-4389-B0D4-EA07060B36FF}.Release|Any CPU.Build.0 = Release|Any CPU
		{F9F133A2-76A8-4389-B0D4-EA07060B36FF}.Release|ARM.ActiveCfg = Release|Any CPU
		{F9F133A2-76A8-4389-B0D4-EA07060B36FF}.Release|Win32.ActiveCfg = Release|Any CPU
		{F9F133A2-76A8-4389-B0D4-EA07060B36FF}.Release|x64.ActiveCfg = Release|Any CPU
		{F9F133A2-76A8-4389-B0D4-EA07060B36FF}.Release|x86.ActiveCfg = Release|Any CPU
		{3BE84D3D-7B5B-4C90-803D-A112D8AB40C7}.Debug|Any CPU.ActiveCfg = Debug|Any CPU
		{3BE84D3D-7B5B-4C90-803D-A112D8AB40C7}.Debug|Any CPU.Build.0 = Debug|Any CPU
		{3BE84D3D-7B5B-4C90-803D-A112D8AB40C7}.Debug|ARM.ActiveCfg = Debug|Any CPU
		{3BE84D3D-7B5B-4C90-803D-A112D8AB40C7}.Debug|Win32.ActiveCfg = Debug|Any CPU
		{3BE84D3D-7B5B-4C90-803D-A112D8AB40C7}.Debug|x64.ActiveCfg = Debug|Any CPU
		{3BE84D3D-7B5B-4C90-803D-A112D8AB40C7}.Debug|x86.ActiveCfg = Debug|Any CPU
		{3BE84D3D-7B5B-4C90-803D-A112D8AB40C7}.Release|Any CPU.ActiveCfg = Release|Any CPU
		{3BE84D3D-7B5B-4C90-803D-A112D8AB40C7}.Release|Any CPU.Build.0 = Release|Any CPU
		{3BE84D3D-7B5B-4C90-803D-A112D8AB40C7}.Release|ARM.ActiveCfg = Release|Any CPU
		{3BE84D3D-7B5B-4C90-803D-A112D8AB40C7}.Release|Win32.ActiveCfg = Release|Any CPU
		{3BE84D3D-7B5B-4C90-803D-A112D8AB40C7}.Release|x64.ActiveCfg = Release|Any CPU
		{3BE84D3D-7B5B-4C90-803D-A112D8AB40C7}.Release|x86.ActiveCfg = Release|Any CPU
		{47B49308-37B1-4114-956E-66D508F2BB93}.Debug|Any CPU.ActiveCfg = Debug|Any CPU
		{47B49308-37B1-4114-956E-66D508F2BB93}.Debug|Any CPU.Build.0 = Debug|Any CPU
		{47B49308-37B1-4114-956E-66D508F2BB93}.Debug|ARM.ActiveCfg = Debug|Any CPU
		{47B49308-37B1-4114-956E-66D508F2BB93}.Debug|Win32.ActiveCfg = Debug|Any CPU
		{47B49308-37B1-4114-956E-66D508F2BB93}.Debug|x64.ActiveCfg = Debug|Any CPU
		{47B49308-37B1-4114-956E-66D508F2BB93}.Debug|x86.ActiveCfg = Debug|Any CPU
		{47B49308-37B1-4114-956E-66D508F2BB93}.Release|Any CPU.ActiveCfg = Release|Any CPU
		{47B49308-37B1-4114-956E-66D508F2BB93}.Release|Any CPU.Build.0 = Release|Any CPU
		{47B49308-37B1-4114-956E-66D508F2BB93}.Release|ARM.ActiveCfg = Release|Any CPU
		{47B49308-37B1-4114-956E-66D508F2BB93}.Release|Win32.ActiveCfg = Release|Any CPU
		{47B49308-37B1-4114-956E-66D508F2BB93}.Release|x64.ActiveCfg = Release|Any CPU
		{47B49308-37B1-4114-956E-66D508F2BB93}.Release|x86.ActiveCfg = Release|Any CPU
		{8C872F7B-131E-45C6-97AA-BBBF9128C025}.Debug|Any CPU.ActiveCfg = Debug|Any CPU
		{8C872F7B-131E-45C6-97AA-BBBF9128C025}.Debug|Any CPU.Build.0 = Debug|Any CPU
		{8C872F7B-131E-45C6-97AA-BBBF9128C025}.Debug|ARM.ActiveCfg = Debug|Any CPU
		{8C872F7B-131E-45C6-97AA-BBBF9128C025}.Debug|Win32.ActiveCfg = Debug|Any CPU
		{8C872F7B-131E-45C6-97AA-BBBF9128C025}.Debug|x64.ActiveCfg = Debug|Any CPU
		{8C872F7B-131E-45C6-97AA-BBBF9128C025}.Debug|x86.ActiveCfg = Debug|Any CPU
		{8C872F7B-131E-45C6-97AA-BBBF9128C025}.Release|Any CPU.ActiveCfg = Release|Any CPU
		{8C872F7B-131E-45C6-97AA-BBBF9128C025}.Release|Any CPU.Build.0 = Release|Any CPU
		{8C872F7B-131E-45C6-97AA-BBBF9128C025}.Release|ARM.ActiveCfg = Release|Any CPU
		{8C872F7B-131E-45C6-97AA-BBBF9128C025}.Release|Win32.ActiveCfg = Release|Any CPU
		{8C872F7B-131E-45C6-97AA-BBBF9128C025}.Release|x64.ActiveCfg = Release|Any CPU
		{8C872F7B-131E-45C6-97AA-BBBF9128C025}.Release|x86.ActiveCfg = Release|Any CPU
		{AB1E5CF0-A30E-4046-A468-0F8AA8D0BE5D}.Debug|Any CPU.ActiveCfg = Debug|Any CPU
		{AB1E5CF0-A30E-4046-A468-0F8AA8D0BE5D}.Debug|Any CPU.Build.0 = Debug|Any CPU
		{AB1E5CF0-A30E-4046-A468-0F8AA8D0BE5D}.Debug|ARM.ActiveCfg = Debug|Any CPU
		{AB1E5CF0-A30E-4046-A468-0F8AA8D0BE5D}.Debug|Win32.ActiveCfg = Debug|Any CPU
		{AB1E5CF0-A30E-4046-A468-0F8AA8D0BE5D}.Debug|x64.ActiveCfg = Debug|Any CPU
		{AB1E5CF0-A30E-4046-A468-0F8AA8D0BE5D}.Debug|x86.ActiveCfg = Debug|Any CPU
		{AB1E5CF0-A30E-4046-A468-0F8AA8D0BE5D}.Release|Any CPU.ActiveCfg = Release|Any CPU
		{AB1E5CF0-A30E-4046-A468-0F8AA8D0BE5D}.Release|Any CPU.Build.0 = Release|Any CPU
		{AB1E5CF0-A30E-4046-A468-0F8AA8D0BE5D}.Release|ARM.ActiveCfg = Release|Any CPU
		{AB1E5CF0-A30E-4046-A468-0F8AA8D0BE5D}.Release|Win32.ActiveCfg = Release|Any CPU
		{AB1E5CF0-A30E-4046-A468-0F8AA8D0BE5D}.Release|x64.ActiveCfg = Release|Any CPU
		{AB1E5CF0-A30E-4046-A468-0F8AA8D0BE5D}.Release|x86.ActiveCfg = Release|Any CPU
		{2BB4C561-2D7E-4D19-82BE-519FA659E4BE}.Debug|Any CPU.ActiveCfg = Debug|Any CPU
		{2BB4C561-2D7E-4D19-82BE-519FA659E4BE}.Debug|Any CPU.Build.0 = Debug|Any CPU
		{2BB4C561-2D7E-4D19-82BE-519FA659E4BE}.Debug|ARM.ActiveCfg = Debug|Any CPU
		{2BB4C561-2D7E-4D19-82BE-519FA659E4BE}.Debug|Win32.ActiveCfg = Debug|Any CPU
		{2BB4C561-2D7E-4D19-82BE-519FA659E4BE}.Debug|x64.ActiveCfg = Debug|Any CPU
		{2BB4C561-2D7E-4D19-82BE-519FA659E4BE}.Debug|x86.ActiveCfg = Debug|Any CPU
		{2BB4C561-2D7E-4D19-82BE-519FA659E4BE}.Release|Any CPU.ActiveCfg = Release|Any CPU
		{2BB4C561-2D7E-4D19-82BE-519FA659E4BE}.Release|Any CPU.Build.0 = Release|Any CPU
		{2BB4C561-2D7E-4D19-82BE-519FA659E4BE}.Release|ARM.ActiveCfg = Release|Any CPU
		{2BB4C561-2D7E-4D19-82BE-519FA659E4BE}.Release|Win32.ActiveCfg = Release|Any CPU
		{2BB4C561-2D7E-4D19-82BE-519FA659E4BE}.Release|x64.ActiveCfg = Release|Any CPU
		{2BB4C561-2D7E-4D19-82BE-519FA659E4BE}.Release|x86.ActiveCfg = Release|Any CPU
		{B2826828-29A4-4E27-9452-22E5C167EC25}.Debug|Any CPU.ActiveCfg = Debug|Any CPU
		{B2826828-29A4-4E27-9452-22E5C167EC25}.Debug|Any CPU.Build.0 = Debug|Any CPU
		{B2826828-29A4-4E27-9452-22E5C167EC25}.Debug|ARM.ActiveCfg = Debug|Any CPU
		{B2826828-29A4-4E27-9452-22E5C167EC25}.Debug|Win32.ActiveCfg = Debug|Any CPU
		{B2826828-29A4-4E27-9452-22E5C167EC25}.Debug|x64.ActiveCfg = Debug|Any CPU
		{B2826828-29A4-4E27-9452-22E5C167EC25}.Debug|x86.ActiveCfg = Debug|Any CPU
		{B2826828-29A4-4E27-9452-22E5C167EC25}.Release|Any CPU.ActiveCfg = Release|Any CPU
		{B2826828-29A4-4E27-9452-22E5C167EC25}.Release|Any CPU.Build.0 = Release|Any CPU
		{B2826828-29A4-4E27-9452-22E5C167EC25}.Release|ARM.ActiveCfg = Release|Any CPU
		{B2826828-29A4-4E27-9452-22E5C167EC25}.Release|Win32.ActiveCfg = Release|Any CPU
		{B2826828-29A4-4E27-9452-22E5C167EC25}.Release|x64.ActiveCfg = Release|Any CPU
		{B2826828-29A4-4E27-9452-22E5C167EC25}.Release|x86.ActiveCfg = Release|Any CPU
		{52E99C27-8034-4516-9AC8-9F00C4A2C5A6}.Debug|Any CPU.ActiveCfg = Debug|Any CPU
		{52E99C27-8034-4516-9AC8-9F00C4A2C5A6}.Debug|Any CPU.Build.0 = Debug|Any CPU
		{52E99C27-8034-4516-9AC8-9F00C4A2C5A6}.Debug|ARM.ActiveCfg = Debug|Any CPU
		{52E99C27-8034-4516-9AC8-9F00C4A2C5A6}.Debug|Win32.ActiveCfg = Debug|Any CPU
		{52E99C27-8034-4516-9AC8-9F00C4A2C5A6}.Debug|x64.ActiveCfg = Debug|Any CPU
		{52E99C27-8034-4516-9AC8-9F00C4A2C5A6}.Debug|x86.ActiveCfg = Debug|Any CPU
		{52E99C27-8034-4516-9AC8-9F00C4A2C5A6}.Release|Any CPU.ActiveCfg = Release|Any CPU
		{52E99C27-8034-4516-9AC8-9F00C4A2C5A6}.Release|Any CPU.Build.0 = Release|Any CPU
		{52E99C27-8034-4516-9AC8-9F00C4A2C5A6}.Release|ARM.ActiveCfg = Release|Any CPU
		{52E99C27-8034-4516-9AC8-9F00C4A2C5A6}.Release|Win32.ActiveCfg = Release|Any CPU
		{52E99C27-8034-4516-9AC8-9F00C4A2C5A6}.Release|x64.ActiveCfg = Release|Any CPU
		{52E99C27-8034-4516-9AC8-9F00C4A2C5A6}.Release|x86.ActiveCfg = Release|Any CPU
		{46E58075-B4A0-4779-9F24-79D4B6F26A7B}.Debug|Any CPU.ActiveCfg = Debug|Any CPU
		{46E58075-B4A0-4779-9F24-79D4B6F26A7B}.Debug|Any CPU.Build.0 = Debug|Any CPU
		{46E58075-B4A0-4779-9F24-79D4B6F26A7B}.Debug|ARM.ActiveCfg = Debug|Any CPU
		{46E58075-B4A0-4779-9F24-79D4B6F26A7B}.Debug|Win32.ActiveCfg = Debug|Any CPU
		{46E58075-B4A0-4779-9F24-79D4B6F26A7B}.Debug|x64.ActiveCfg = Debug|Any CPU
		{46E58075-B4A0-4779-9F24-79D4B6F26A7B}.Debug|x86.ActiveCfg = Debug|Any CPU
		{46E58075-B4A0-4779-9F24-79D4B6F26A7B}.Release|Any CPU.ActiveCfg = Release|Any CPU
		{46E58075-B4A0-4779-9F24-79D4B6F26A7B}.Release|Any CPU.Build.0 = Release|Any CPU
		{46E58075-B4A0-4779-9F24-79D4B6F26A7B}.Release|ARM.ActiveCfg = Release|Any CPU
		{46E58075-B4A0-4779-9F24-79D4B6F26A7B}.Release|Win32.ActiveCfg = Release|Any CPU
		{46E58075-B4A0-4779-9F24-79D4B6F26A7B}.Release|x64.ActiveCfg = Release|Any CPU
		{46E58075-B4A0-4779-9F24-79D4B6F26A7B}.Release|x86.ActiveCfg = Release|Any CPU
		{E70F64A0-FD12-4C74-BC48-52BA1DFB528D}.Debug|Any CPU.ActiveCfg = Debug|Any CPU
		{E70F64A0-FD12-4C74-BC48-52BA1DFB528D}.Debug|Any CPU.Build.0 = Debug|Any CPU
		{E70F64A0-FD12-4C74-BC48-52BA1DFB528D}.Debug|ARM.ActiveCfg = Debug|Any CPU
		{E70F64A0-FD12-4C74-BC48-52BA1DFB528D}.Debug|Win32.ActiveCfg = Debug|Any CPU
		{E70F64A0-FD12-4C74-BC48-52BA1DFB528D}.Debug|x64.ActiveCfg = Debug|Any CPU
		{E70F64A0-FD12-4C74-BC48-52BA1DFB528D}.Debug|x86.ActiveCfg = Debug|Any CPU
		{E70F64A0-FD12-4C74-BC48-52BA1DFB528D}.Release|Any CPU.ActiveCfg = Release|Any CPU
		{E70F64A0-FD12-4C74-BC48-52BA1DFB528D}.Release|Any CPU.Build.0 = Release|Any CPU
		{E70F64A0-FD12-4C74-BC48-52BA1DFB528D}.Release|ARM.ActiveCfg = Release|Any CPU
		{E70F64A0-FD12-4C74-BC48-52BA1DFB528D}.Release|Win32.ActiveCfg = Release|Any CPU
		{E70F64A0-FD12-4C74-BC48-52BA1DFB528D}.Release|x64.ActiveCfg = Release|Any CPU
		{E70F64A0-FD12-4C74-BC48-52BA1DFB528D}.Release|x86.ActiveCfg = Release|Any CPU
		{E9B99C9B-9738-494B-96F0-CF39B820C61B}.Debug|Any CPU.ActiveCfg = Debug|Any CPU
		{E9B99C9B-9738-494B-96F0-CF39B820C61B}.Debug|Any CPU.Build.0 = Debug|Any CPU
		{E9B99C9B-9738-494B-96F0-CF39B820C61B}.Debug|ARM.ActiveCfg = Debug|Any CPU
		{E9B99C9B-9738-494B-96F0-CF39B820C61B}.Debug|Win32.ActiveCfg = Debug|Any CPU
		{E9B99C9B-9738-494B-96F0-CF39B820C61B}.Debug|x64.ActiveCfg = Debug|Any CPU
		{E9B99C9B-9738-494B-96F0-CF39B820C61B}.Debug|x86.ActiveCfg = Debug|Any CPU
		{E9B99C9B-9738-494B-96F0-CF39B820C61B}.Release|Any CPU.ActiveCfg = Release|Any CPU
		{E9B99C9B-9738-494B-96F0-CF39B820C61B}.Release|Any CPU.Build.0 = Release|Any CPU
		{E9B99C9B-9738-494B-96F0-CF39B820C61B}.Release|ARM.ActiveCfg = Release|Any CPU
		{E9B99C9B-9738-494B-96F0-CF39B820C61B}.Release|Win32.ActiveCfg = Release|Any CPU
		{E9B99C9B-9738-494B-96F0-CF39B820C61B}.Release|x64.ActiveCfg = Release|Any CPU
		{E9B99C9B-9738-494B-96F0-CF39B820C61B}.Release|x86.ActiveCfg = Release|Any CPU
		{74EE7AE8-C021-48B5-8C2D-E1F45C8BFBD8}.Debug|Any CPU.ActiveCfg = Debug|Any CPU
		{74EE7AE8-C021-48B5-8C2D-E1F45C8BFBD8}.Debug|Any CPU.Build.0 = Debug|Any CPU
		{74EE7AE8-C021-48B5-8C2D-E1F45C8BFBD8}.Debug|ARM.ActiveCfg = Debug|Any CPU
		{74EE7AE8-C021-48B5-8C2D-E1F45C8BFBD8}.Debug|Win32.ActiveCfg = Debug|Any CPU
		{74EE7AE8-C021-48B5-8C2D-E1F45C8BFBD8}.Debug|x64.ActiveCfg = Debug|Any CPU
		{74EE7AE8-C021-48B5-8C2D-E1F45C8BFBD8}.Debug|x86.ActiveCfg = Debug|Any CPU
		{74EE7AE8-C021-48B5-8C2D-E1F45C8BFBD8}.Release|Any CPU.ActiveCfg = Release|Any CPU
		{74EE7AE8-C021-48B5-8C2D-E1F45C8BFBD8}.Release|Any CPU.Build.0 = Release|Any CPU
		{74EE7AE8-C021-48B5-8C2D-E1F45C8BFBD8}.Release|ARM.ActiveCfg = Release|Any CPU
		{74EE7AE8-C021-48B5-8C2D-E1F45C8BFBD8}.Release|Win32.ActiveCfg = Release|Any CPU
		{74EE7AE8-C021-48B5-8C2D-E1F45C8BFBD8}.Release|x64.ActiveCfg = Release|Any CPU
		{74EE7AE8-C021-48B5-8C2D-E1F45C8BFBD8}.Release|x86.ActiveCfg = Release|Any CPU
		{18DFCD61-1EA4-4E82-AD9A-8D7A1B218506}.Debug|Any CPU.ActiveCfg = Debug|Any CPU
		{18DFCD61-1EA4-4E82-AD9A-8D7A1B218506}.Debug|Any CPU.Build.0 = Debug|Any CPU
		{18DFCD61-1EA4-4E82-AD9A-8D7A1B218506}.Debug|ARM.ActiveCfg = Debug|Any CPU
		{18DFCD61-1EA4-4E82-AD9A-8D7A1B218506}.Debug|Win32.ActiveCfg = Debug|Any CPU
		{18DFCD61-1EA4-4E82-AD9A-8D7A1B218506}.Debug|x64.ActiveCfg = Debug|Any CPU
		{18DFCD61-1EA4-4E82-AD9A-8D7A1B218506}.Debug|x86.ActiveCfg = Debug|Any CPU
		{18DFCD61-1EA4-4E82-AD9A-8D7A1B218506}.Release|Any CPU.ActiveCfg = Release|Any CPU
		{18DFCD61-1EA4-4E82-AD9A-8D7A1B218506}.Release|Any CPU.Build.0 = Release|Any CPU
		{18DFCD61-1EA4-4E82-AD9A-8D7A1B218506}.Release|ARM.ActiveCfg = Release|Any CPU
		{18DFCD61-1EA4-4E82-AD9A-8D7A1B218506}.Release|Win32.ActiveCfg = Release|Any CPU
		{18DFCD61-1EA4-4E82-AD9A-8D7A1B218506}.Release|x64.ActiveCfg = Release|Any CPU
		{18DFCD61-1EA4-4E82-AD9A-8D7A1B218506}.Release|x86.ActiveCfg = Release|Any CPU
		{158E3A55-1FC7-4996-972B-8AD738A018B8}.Debug|Any CPU.ActiveCfg = Debug|Any CPU
		{158E3A55-1FC7-4996-972B-8AD738A018B8}.Debug|Any CPU.Build.0 = Debug|Any CPU
		{158E3A55-1FC7-4996-972B-8AD738A018B8}.Debug|ARM.ActiveCfg = Debug|Any CPU
		{158E3A55-1FC7-4996-972B-8AD738A018B8}.Debug|Win32.ActiveCfg = Debug|Any CPU
		{158E3A55-1FC7-4996-972B-8AD738A018B8}.Debug|x64.ActiveCfg = Debug|Any CPU
		{158E3A55-1FC7-4996-972B-8AD738A018B8}.Debug|x86.ActiveCfg = Debug|Any CPU
		{158E3A55-1FC7-4996-972B-8AD738A018B8}.Release|Any CPU.ActiveCfg = Release|Any CPU
		{158E3A55-1FC7-4996-972B-8AD738A018B8}.Release|Any CPU.Build.0 = Release|Any CPU
		{158E3A55-1FC7-4996-972B-8AD738A018B8}.Release|ARM.ActiveCfg = Release|Any CPU
		{158E3A55-1FC7-4996-972B-8AD738A018B8}.Release|Win32.ActiveCfg = Release|Any CPU
		{158E3A55-1FC7-4996-972B-8AD738A018B8}.Release|x64.ActiveCfg = Release|Any CPU
		{158E3A55-1FC7-4996-972B-8AD738A018B8}.Release|x86.ActiveCfg = Release|Any CPU
		{A82CCE04-0E15-4913-B959-E3F3CB58AE7F}.Debug|Any CPU.ActiveCfg = Debug|Any CPU
		{A82CCE04-0E15-4913-B959-E3F3CB58AE7F}.Debug|Any CPU.Build.0 = Debug|Any CPU
		{A82CCE04-0E15-4913-B959-E3F3CB58AE7F}.Debug|ARM.ActiveCfg = Debug|Any CPU
		{A82CCE04-0E15-4913-B959-E3F3CB58AE7F}.Debug|Win32.ActiveCfg = Debug|Any CPU
		{A82CCE04-0E15-4913-B959-E3F3CB58AE7F}.Debug|x64.ActiveCfg = Debug|Any CPU
		{A82CCE04-0E15-4913-B959-E3F3CB58AE7F}.Debug|x86.ActiveCfg = Debug|Any CPU
		{A82CCE04-0E15-4913-B959-E3F3CB58AE7F}.Release|Any CPU.ActiveCfg = Release|Any CPU
		{A82CCE04-0E15-4913-B959-E3F3CB58AE7F}.Release|Any CPU.Build.0 = Release|Any CPU
		{A82CCE04-0E15-4913-B959-E3F3CB58AE7F}.Release|ARM.ActiveCfg = Release|Any CPU
		{A82CCE04-0E15-4913-B959-E3F3CB58AE7F}.Release|Win32.ActiveCfg = Release|Any CPU
		{A82CCE04-0E15-4913-B959-E3F3CB58AE7F}.Release|x64.ActiveCfg = Release|Any CPU
		{A82CCE04-0E15-4913-B959-E3F3CB58AE7F}.Release|x86.ActiveCfg = Release|Any CPU
		{BC2A1A15-4B08-48AD-84FC-758A0EFB7B09}.Debug|Any CPU.ActiveCfg = Debug|Any CPU
		{BC2A1A15-4B08-48AD-84FC-758A0EFB7B09}.Debug|Any CPU.Build.0 = Debug|Any CPU
		{BC2A1A15-4B08-48AD-84FC-758A0EFB7B09}.Debug|ARM.ActiveCfg = Debug|Any CPU
		{BC2A1A15-4B08-48AD-84FC-758A0EFB7B09}.Debug|Win32.ActiveCfg = Debug|Any CPU
		{BC2A1A15-4B08-48AD-84FC-758A0EFB7B09}.Debug|x64.ActiveCfg = Debug|Any CPU
		{BC2A1A15-4B08-48AD-84FC-758A0EFB7B09}.Debug|x86.ActiveCfg = Debug|Any CPU
		{BC2A1A15-4B08-48AD-84FC-758A0EFB7B09}.Release|Any CPU.ActiveCfg = Release|Any CPU
		{BC2A1A15-4B08-48AD-84FC-758A0EFB7B09}.Release|Any CPU.Build.0 = Release|Any CPU
		{BC2A1A15-4B08-48AD-84FC-758A0EFB7B09}.Release|ARM.ActiveCfg = Release|Any CPU
		{BC2A1A15-4B08-48AD-84FC-758A0EFB7B09}.Release|Win32.ActiveCfg = Release|Any CPU
		{BC2A1A15-4B08-48AD-84FC-758A0EFB7B09}.Release|x64.ActiveCfg = Release|Any CPU
		{BC2A1A15-4B08-48AD-84FC-758A0EFB7B09}.Release|x86.ActiveCfg = Release|Any CPU
		{87F5C8F8-2E14-4D7E-A378-5E58FED3C0DC}.Debug|Any CPU.ActiveCfg = Debug|Any CPU
		{87F5C8F8-2E14-4D7E-A378-5E58FED3C0DC}.Debug|Any CPU.Build.0 = Debug|Any CPU
		{87F5C8F8-2E14-4D7E-A378-5E58FED3C0DC}.Debug|ARM.ActiveCfg = Debug|Any CPU
		{87F5C8F8-2E14-4D7E-A378-5E58FED3C0DC}.Debug|Win32.ActiveCfg = Debug|Any CPU
		{87F5C8F8-2E14-4D7E-A378-5E58FED3C0DC}.Debug|x64.ActiveCfg = Debug|Any CPU
		{87F5C8F8-2E14-4D7E-A378-5E58FED3C0DC}.Debug|x86.ActiveCfg = Debug|Any CPU
		{87F5C8F8-2E14-4D7E-A378-5E58FED3C0DC}.Release|Any CPU.ActiveCfg = Release|Any CPU
		{87F5C8F8-2E14-4D7E-A378-5E58FED3C0DC}.Release|Any CPU.Build.0 = Release|Any CPU
		{87F5C8F8-2E14-4D7E-A378-5E58FED3C0DC}.Release|ARM.ActiveCfg = Release|Any CPU
		{87F5C8F8-2E14-4D7E-A378-5E58FED3C0DC}.Release|Win32.ActiveCfg = Release|Any CPU
		{87F5C8F8-2E14-4D7E-A378-5E58FED3C0DC}.Release|x64.ActiveCfg = Release|Any CPU
		{87F5C8F8-2E14-4D7E-A378-5E58FED3C0DC}.Release|x86.ActiveCfg = Release|Any CPU
		{ABBC994D-91C0-4F93-82F7-BF91943BC574}.Debug|Any CPU.ActiveCfg = Debug|Any CPU
		{ABBC994D-91C0-4F93-82F7-BF91943BC574}.Debug|Any CPU.Build.0 = Debug|Any CPU
		{ABBC994D-91C0-4F93-82F7-BF91943BC574}.Debug|ARM.ActiveCfg = Debug|Any CPU
		{ABBC994D-91C0-4F93-82F7-BF91943BC574}.Debug|Win32.ActiveCfg = Debug|Any CPU
		{ABBC994D-91C0-4F93-82F7-BF91943BC574}.Debug|x64.ActiveCfg = Debug|Any CPU
		{ABBC994D-91C0-4F93-82F7-BF91943BC574}.Debug|x86.ActiveCfg = Debug|Any CPU
		{ABBC994D-91C0-4F93-82F7-BF91943BC574}.Release|Any CPU.ActiveCfg = Release|Any CPU
		{ABBC994D-91C0-4F93-82F7-BF91943BC574}.Release|Any CPU.Build.0 = Release|Any CPU
		{ABBC994D-91C0-4F93-82F7-BF91943BC574}.Release|ARM.ActiveCfg = Release|Any CPU
		{ABBC994D-91C0-4F93-82F7-BF91943BC574}.Release|Win32.ActiveCfg = Release|Any CPU
		{ABBC994D-91C0-4F93-82F7-BF91943BC574}.Release|x64.ActiveCfg = Release|Any CPU
		{ABBC994D-91C0-4F93-82F7-BF91943BC574}.Release|x86.ActiveCfg = Release|Any CPU
		{9B2DD9BE-77F9-455E-B219-7E4110A6AA16}.Debug|Any CPU.ActiveCfg = Debug|Any CPU
		{9B2DD9BE-77F9-455E-B219-7E4110A6AA16}.Debug|Any CPU.Build.0 = Debug|Any CPU
		{9B2DD9BE-77F9-455E-B219-7E4110A6AA16}.Debug|ARM.ActiveCfg = Debug|Any CPU
		{9B2DD9BE-77F9-455E-B219-7E4110A6AA16}.Debug|Win32.ActiveCfg = Debug|Any CPU
		{9B2DD9BE-77F9-455E-B219-7E4110A6AA16}.Debug|x64.ActiveCfg = Debug|Any CPU
		{9B2DD9BE-77F9-455E-B219-7E4110A6AA16}.Debug|x86.ActiveCfg = Debug|Any CPU
		{9B2DD9BE-77F9-455E-B219-7E4110A6AA16}.Release|Any CPU.ActiveCfg = Release|Any CPU
		{9B2DD9BE-77F9-455E-B219-7E4110A6AA16}.Release|Any CPU.Build.0 = Release|Any CPU
		{9B2DD9BE-77F9-455E-B219-7E4110A6AA16}.Release|ARM.ActiveCfg = Release|Any CPU
		{9B2DD9BE-77F9-455E-B219-7E4110A6AA16}.Release|Win32.ActiveCfg = Release|Any CPU
		{9B2DD9BE-77F9-455E-B219-7E4110A6AA16}.Release|x64.ActiveCfg = Release|Any CPU
		{9B2DD9BE-77F9-455E-B219-7E4110A6AA16}.Release|x86.ActiveCfg = Release|Any CPU
		{70D45967-C3D1-4C5B-87B0-16748F46A324}.Debug|Any CPU.ActiveCfg = Debug|Any CPU
		{70D45967-C3D1-4C5B-87B0-16748F46A324}.Debug|Any CPU.Build.0 = Debug|Any CPU
		{70D45967-C3D1-4C5B-87B0-16748F46A324}.Debug|ARM.ActiveCfg = Debug|Any CPU
		{70D45967-C3D1-4C5B-87B0-16748F46A324}.Debug|Win32.ActiveCfg = Debug|Any CPU
		{70D45967-C3D1-4C5B-87B0-16748F46A324}.Debug|x64.ActiveCfg = Debug|Any CPU
		{70D45967-C3D1-4C5B-87B0-16748F46A324}.Debug|x86.ActiveCfg = Debug|Any CPU
		{70D45967-C3D1-4C5B-87B0-16748F46A324}.Release|Any CPU.ActiveCfg = Release|Any CPU
		{70D45967-C3D1-4C5B-87B0-16748F46A324}.Release|Any CPU.Build.0 = Release|Any CPU
		{70D45967-C3D1-4C5B-87B0-16748F46A324}.Release|ARM.ActiveCfg = Release|Any CPU
		{70D45967-C3D1-4C5B-87B0-16748F46A324}.Release|Win32.ActiveCfg = Release|Any CPU
		{70D45967-C3D1-4C5B-87B0-16748F46A324}.Release|x64.ActiveCfg = Release|Any CPU
		{70D45967-C3D1-4C5B-87B0-16748F46A324}.Release|x86.ActiveCfg = Release|Any CPU
		{7E703E9A-2864-4DC6-8CD5-AA4767678E46}.Debug|Any CPU.ActiveCfg = Debug|Win32
		{7E703E9A-2864-4DC6-8CD5-AA4767678E46}.Debug|ARM.ActiveCfg = Debug|Win32
		{7E703E9A-2864-4DC6-8CD5-AA4767678E46}.Debug|Win32.ActiveCfg = Debug|Win32
		{7E703E9A-2864-4DC6-8CD5-AA4767678E46}.Debug|Win32.Build.0 = Debug|Win32
		{7E703E9A-2864-4DC6-8CD5-AA4767678E46}.Debug|x64.ActiveCfg = Debug|Win32
		{7E703E9A-2864-4DC6-8CD5-AA4767678E46}.Debug|x86.ActiveCfg = Debug|Win32
		{7E703E9A-2864-4DC6-8CD5-AA4767678E46}.Debug|x86.Build.0 = Debug|Win32
		{7E703E9A-2864-4DC6-8CD5-AA4767678E46}.Release|Any CPU.ActiveCfg = Release|Win32
		{7E703E9A-2864-4DC6-8CD5-AA4767678E46}.Release|ARM.ActiveCfg = Release|Win32
		{7E703E9A-2864-4DC6-8CD5-AA4767678E46}.Release|Win32.ActiveCfg = Release|Win32
		{7E703E9A-2864-4DC6-8CD5-AA4767678E46}.Release|Win32.Build.0 = Release|Win32
		{7E703E9A-2864-4DC6-8CD5-AA4767678E46}.Release|x64.ActiveCfg = Release|Win32
		{7E703E9A-2864-4DC6-8CD5-AA4767678E46}.Release|x86.ActiveCfg = Release|Win32
		{7E703E9A-2864-4DC6-8CD5-AA4767678E46}.Release|x86.Build.0 = Release|Win32
		{7C340A0D-80A0-4ED5-AF90-E3C988CD87CB}.Debug|Any CPU.ActiveCfg = Debug|Win32
		{7C340A0D-80A0-4ED5-AF90-E3C988CD87CB}.Debug|ARM.ActiveCfg = Debug|Win32
		{7C340A0D-80A0-4ED5-AF90-E3C988CD87CB}.Debug|Win32.ActiveCfg = Debug|Win32
		{7C340A0D-80A0-4ED5-AF90-E3C988CD87CB}.Debug|Win32.Build.0 = Debug|Win32
		{7C340A0D-80A0-4ED5-AF90-E3C988CD87CB}.Debug|x64.ActiveCfg = Debug|Win32
		{7C340A0D-80A0-4ED5-AF90-E3C988CD87CB}.Debug|x86.ActiveCfg = Debug|Win32
		{7C340A0D-80A0-4ED5-AF90-E3C988CD87CB}.Debug|x86.Build.0 = Debug|Win32
		{7C340A0D-80A0-4ED5-AF90-E3C988CD87CB}.Release|Any CPU.ActiveCfg = Release|Win32
		{7C340A0D-80A0-4ED5-AF90-E3C988CD87CB}.Release|ARM.ActiveCfg = Release|Win32
		{7C340A0D-80A0-4ED5-AF90-E3C988CD87CB}.Release|Win32.ActiveCfg = Release|Win32
		{7C340A0D-80A0-4ED5-AF90-E3C988CD87CB}.Release|Win32.Build.0 = Release|Win32
		{7C340A0D-80A0-4ED5-AF90-E3C988CD87CB}.Release|x64.ActiveCfg = Release|Win32
		{7C340A0D-80A0-4ED5-AF90-E3C988CD87CB}.Release|x86.ActiveCfg = Release|Win32
		{7C340A0D-80A0-4ED5-AF90-E3C988CD87CB}.Release|x86.Build.0 = Release|Win32
		{DD57413F-118D-453B-98C7-04433952D2F4}.Debug|Any CPU.ActiveCfg = Debug|Win32
		{DD57413F-118D-453B-98C7-04433952D2F4}.Debug|ARM.ActiveCfg = Debug|Win32
		{DD57413F-118D-453B-98C7-04433952D2F4}.Debug|Win32.ActiveCfg = Debug|Win32
		{DD57413F-118D-453B-98C7-04433952D2F4}.Debug|Win32.Build.0 = Debug|Win32
		{DD57413F-118D-453B-98C7-04433952D2F4}.Debug|x64.ActiveCfg = Debug|Win32
		{DD57413F-118D-453B-98C7-04433952D2F4}.Debug|x86.ActiveCfg = Debug|Win32
		{DD57413F-118D-453B-98C7-04433952D2F4}.Debug|x86.Build.0 = Debug|Win32
		{DD57413F-118D-453B-98C7-04433952D2F4}.Release|Any CPU.ActiveCfg = Release|Win32
		{DD57413F-118D-453B-98C7-04433952D2F4}.Release|ARM.ActiveCfg = Release|Win32
		{DD57413F-118D-453B-98C7-04433952D2F4}.Release|Win32.ActiveCfg = Release|Win32
		{DD57413F-118D-453B-98C7-04433952D2F4}.Release|Win32.Build.0 = Release|Win32
		{DD57413F-118D-453B-98C7-04433952D2F4}.Release|x64.ActiveCfg = Release|Win32
		{DD57413F-118D-453B-98C7-04433952D2F4}.Release|x86.ActiveCfg = Release|Win32
		{DD57413F-118D-453B-98C7-04433952D2F4}.Release|x86.Build.0 = Release|Win32
		{4C0821A7-EC6E-4B2E-BEAE-E807DA531BBE}.Debug|Any CPU.ActiveCfg = Debug|Win32
		{4C0821A7-EC6E-4B2E-BEAE-E807DA531BBE}.Debug|ARM.ActiveCfg = Debug|Win32
		{4C0821A7-EC6E-4B2E-BEAE-E807DA531BBE}.Debug|Win32.ActiveCfg = Debug|Win32
		{4C0821A7-EC6E-4B2E-BEAE-E807DA531BBE}.Debug|Win32.Build.0 = Debug|Win32
		{4C0821A7-EC6E-4B2E-BEAE-E807DA531BBE}.Debug|x64.ActiveCfg = Debug|Win32
		{4C0821A7-EC6E-4B2E-BEAE-E807DA531BBE}.Debug|x86.ActiveCfg = Debug|Win32
		{4C0821A7-EC6E-4B2E-BEAE-E807DA531BBE}.Debug|x86.Build.0 = Debug|Win32
		{4C0821A7-EC6E-4B2E-BEAE-E807DA531BBE}.Release|Any CPU.ActiveCfg = Release|Win32
		{4C0821A7-EC6E-4B2E-BEAE-E807DA531BBE}.Release|ARM.ActiveCfg = Release|Win32
		{4C0821A7-EC6E-4B2E-BEAE-E807DA531BBE}.Release|Win32.ActiveCfg = Release|Win32
		{4C0821A7-EC6E-4B2E-BEAE-E807DA531BBE}.Release|Win32.Build.0 = Release|Win32
		{4C0821A7-EC6E-4B2E-BEAE-E807DA531BBE}.Release|x64.ActiveCfg = Release|Win32
		{4C0821A7-EC6E-4B2E-BEAE-E807DA531BBE}.Release|x86.ActiveCfg = Release|Win32
		{4C0821A7-EC6E-4B2E-BEAE-E807DA531BBE}.Release|x86.Build.0 = Release|Win32
		{26C89EF5-CCAD-4731-B150-79BFF3CDB4B9}.Debug|Any CPU.ActiveCfg = Debug|Win32
		{26C89EF5-CCAD-4731-B150-79BFF3CDB4B9}.Debug|ARM.ActiveCfg = Debug|Win32
		{26C89EF5-CCAD-4731-B150-79BFF3CDB4B9}.Debug|Win32.ActiveCfg = Debug|Win32
		{26C89EF5-CCAD-4731-B150-79BFF3CDB4B9}.Debug|Win32.Build.0 = Debug|Win32
		{26C89EF5-CCAD-4731-B150-79BFF3CDB4B9}.Debug|x64.ActiveCfg = Debug|Win32
		{26C89EF5-CCAD-4731-B150-79BFF3CDB4B9}.Debug|x86.ActiveCfg = Debug|Win32
		{26C89EF5-CCAD-4731-B150-79BFF3CDB4B9}.Debug|x86.Build.0 = Debug|Win32
		{26C89EF5-CCAD-4731-B150-79BFF3CDB4B9}.Release|Any CPU.ActiveCfg = Release|Win32
		{26C89EF5-CCAD-4731-B150-79BFF3CDB4B9}.Release|ARM.ActiveCfg = Release|Win32
		{26C89EF5-CCAD-4731-B150-79BFF3CDB4B9}.Release|Win32.ActiveCfg = Release|Win32
		{26C89EF5-CCAD-4731-B150-79BFF3CDB4B9}.Release|Win32.Build.0 = Release|Win32
		{26C89EF5-CCAD-4731-B150-79BFF3CDB4B9}.Release|x64.ActiveCfg = Release|Win32
		{26C89EF5-CCAD-4731-B150-79BFF3CDB4B9}.Release|x86.ActiveCfg = Release|Win32
		{26C89EF5-CCAD-4731-B150-79BFF3CDB4B9}.Release|x86.Build.0 = Release|Win32
		{C4460590-79DB-4E46-AC47-2A3C1912CF18}.Debug|Any CPU.ActiveCfg = Debug|Win32
		{C4460590-79DB-4E46-AC47-2A3C1912CF18}.Debug|ARM.ActiveCfg = Debug|Win32
		{C4460590-79DB-4E46-AC47-2A3C1912CF18}.Debug|Win32.ActiveCfg = Debug|Win32
		{C4460590-79DB-4E46-AC47-2A3C1912CF18}.Debug|Win32.Build.0 = Debug|Win32
		{C4460590-79DB-4E46-AC47-2A3C1912CF18}.Debug|x64.ActiveCfg = Debug|Win32
		{C4460590-79DB-4E46-AC47-2A3C1912CF18}.Debug|x86.ActiveCfg = Debug|Win32
		{C4460590-79DB-4E46-AC47-2A3C1912CF18}.Debug|x86.Build.0 = Debug|Win32
		{C4460590-79DB-4E46-AC47-2A3C1912CF18}.Release|Any CPU.ActiveCfg = Release|Win32
		{C4460590-79DB-4E46-AC47-2A3C1912CF18}.Release|ARM.ActiveCfg = Release|Win32
		{C4460590-79DB-4E46-AC47-2A3C1912CF18}.Release|Win32.ActiveCfg = Release|Win32
		{C4460590-79DB-4E46-AC47-2A3C1912CF18}.Release|Win32.Build.0 = Release|Win32
		{C4460590-79DB-4E46-AC47-2A3C1912CF18}.Release|x64.ActiveCfg = Release|Win32
		{C4460590-79DB-4E46-AC47-2A3C1912CF18}.Release|x86.ActiveCfg = Release|Win32
		{C4460590-79DB-4E46-AC47-2A3C1912CF18}.Release|x86.Build.0 = Release|Win32
		{FC87FC6D-FEED-4BFC-8873-D222FE7E0FD7}.Debug|Any CPU.ActiveCfg = Debug|Win32
		{FC87FC6D-FEED-4BFC-8873-D222FE7E0FD7}.Debug|ARM.ActiveCfg = Debug|Win32
		{FC87FC6D-FEED-4BFC-8873-D222FE7E0FD7}.Debug|Win32.ActiveCfg = Debug|Win32
		{FC87FC6D-FEED-4BFC-8873-D222FE7E0FD7}.Debug|Win32.Build.0 = Debug|Win32
		{FC87FC6D-FEED-4BFC-8873-D222FE7E0FD7}.Debug|x64.ActiveCfg = Debug|Win32
		{FC87FC6D-FEED-4BFC-8873-D222FE7E0FD7}.Debug|x86.ActiveCfg = Debug|Win32
		{FC87FC6D-FEED-4BFC-8873-D222FE7E0FD7}.Debug|x86.Build.0 = Debug|Win32
		{FC87FC6D-FEED-4BFC-8873-D222FE7E0FD7}.Release|Any CPU.ActiveCfg = Release|Win32
		{FC87FC6D-FEED-4BFC-8873-D222FE7E0FD7}.Release|ARM.ActiveCfg = Release|Win32
		{FC87FC6D-FEED-4BFC-8873-D222FE7E0FD7}.Release|Win32.ActiveCfg = Release|Win32
		{FC87FC6D-FEED-4BFC-8873-D222FE7E0FD7}.Release|Win32.Build.0 = Release|Win32
		{FC87FC6D-FEED-4BFC-8873-D222FE7E0FD7}.Release|x64.ActiveCfg = Release|Win32
		{FC87FC6D-FEED-4BFC-8873-D222FE7E0FD7}.Release|x86.ActiveCfg = Release|Win32
		{FC87FC6D-FEED-4BFC-8873-D222FE7E0FD7}.Release|x86.Build.0 = Release|Win32
		{8BEF74E4-A6A5-4672-9D24-C84140944CEF}.Debug|Any CPU.ActiveCfg = Debug|Win32
		{8BEF74E4-A6A5-4672-9D24-C84140944CEF}.Debug|ARM.ActiveCfg = Debug|Win32
		{8BEF74E4-A6A5-4672-9D24-C84140944CEF}.Debug|Win32.ActiveCfg = Debug|Win32
		{8BEF74E4-A6A5-4672-9D24-C84140944CEF}.Debug|Win32.Build.0 = Debug|Win32
		{8BEF74E4-A6A5-4672-9D24-C84140944CEF}.Debug|x64.ActiveCfg = Debug|Win32
		{8BEF74E4-A6A5-4672-9D24-C84140944CEF}.Debug|x86.ActiveCfg = Debug|Win32
		{8BEF74E4-A6A5-4672-9D24-C84140944CEF}.Debug|x86.Build.0 = Debug|Win32
		{8BEF74E4-A6A5-4672-9D24-C84140944CEF}.Release|Any CPU.ActiveCfg = Release|Win32
		{8BEF74E4-A6A5-4672-9D24-C84140944CEF}.Release|ARM.ActiveCfg = Release|Win32
		{8BEF74E4-A6A5-4672-9D24-C84140944CEF}.Release|Win32.ActiveCfg = Release|Win32
		{8BEF74E4-A6A5-4672-9D24-C84140944CEF}.Release|Win32.Build.0 = Release|Win32
		{8BEF74E4-A6A5-4672-9D24-C84140944CEF}.Release|x64.ActiveCfg = Release|Win32
		{8BEF74E4-A6A5-4672-9D24-C84140944CEF}.Release|x86.ActiveCfg = Release|Win32
		{8BEF74E4-A6A5-4672-9D24-C84140944CEF}.Release|x86.Build.0 = Release|Win32
		{1148402D-B54C-4938-A5D7-71139A9098D3}.Debug|Any CPU.ActiveCfg = Debug|Win32
		{1148402D-B54C-4938-A5D7-71139A9098D3}.Debug|ARM.ActiveCfg = Debug|Win32
		{1148402D-B54C-4938-A5D7-71139A9098D3}.Debug|Win32.ActiveCfg = Debug|Win32
		{1148402D-B54C-4938-A5D7-71139A9098D3}.Debug|Win32.Build.0 = Debug|Win32
		{1148402D-B54C-4938-A5D7-71139A9098D3}.Debug|x64.ActiveCfg = Debug|Win32
		{1148402D-B54C-4938-A5D7-71139A9098D3}.Debug|x86.ActiveCfg = Debug|Win32
		{1148402D-B54C-4938-A5D7-71139A9098D3}.Debug|x86.Build.0 = Debug|Win32
		{1148402D-B54C-4938-A5D7-71139A9098D3}.Release|Any CPU.ActiveCfg = Release|Win32
		{1148402D-B54C-4938-A5D7-71139A9098D3}.Release|ARM.ActiveCfg = Release|Win32
		{1148402D-B54C-4938-A5D7-71139A9098D3}.Release|Win32.ActiveCfg = Release|Win32
		{1148402D-B54C-4938-A5D7-71139A9098D3}.Release|Win32.Build.0 = Release|Win32
		{1148402D-B54C-4938-A5D7-71139A9098D3}.Release|x64.ActiveCfg = Release|Win32
		{1148402D-B54C-4938-A5D7-71139A9098D3}.Release|x86.ActiveCfg = Release|Win32
		{1148402D-B54C-4938-A5D7-71139A9098D3}.Release|x86.Build.0 = Release|Win32
		{A2932D04-85AF-4A93-8456-0DBFF8341F63}.Debug|Any CPU.ActiveCfg = Debug|Win32
		{A2932D04-85AF-4A93-8456-0DBFF8341F63}.Debug|ARM.ActiveCfg = Debug|Win32
		{A2932D04-85AF-4A93-8456-0DBFF8341F63}.Debug|Win32.ActiveCfg = Debug|Win32
		{A2932D04-85AF-4A93-8456-0DBFF8341F63}.Debug|Win32.Build.0 = Debug|Win32
		{A2932D04-85AF-4A93-8456-0DBFF8341F63}.Debug|x64.ActiveCfg = Debug|Win32
		{A2932D04-85AF-4A93-8456-0DBFF8341F63}.Debug|x86.ActiveCfg = Debug|Win32
		{A2932D04-85AF-4A93-8456-0DBFF8341F63}.Debug|x86.Build.0 = Debug|Win32
		{A2932D04-85AF-4A93-8456-0DBFF8341F63}.Release|Any CPU.ActiveCfg = Release|Win32
		{A2932D04-85AF-4A93-8456-0DBFF8341F63}.Release|ARM.ActiveCfg = Release|Win32
		{A2932D04-85AF-4A93-8456-0DBFF8341F63}.Release|Win32.ActiveCfg = Release|Win32
		{A2932D04-85AF-4A93-8456-0DBFF8341F63}.Release|Win32.Build.0 = Release|Win32
		{A2932D04-85AF-4A93-8456-0DBFF8341F63}.Release|x64.ActiveCfg = Release|Win32
		{A2932D04-85AF-4A93-8456-0DBFF8341F63}.Release|x86.ActiveCfg = Release|Win32
		{A2932D04-85AF-4A93-8456-0DBFF8341F63}.Release|x86.Build.0 = Release|Win32
		{5B160449-E2EF-4B2B-8971-B0967E71EE7B}.Debug|Any CPU.ActiveCfg = Debug|Any CPU
		{5B160449-E2EF-4B2B-8971-B0967E71EE7B}.Debug|Any CPU.Build.0 = Debug|Any CPU
		{5B160449-E2EF-4B2B-8971-B0967E71EE7B}.Debug|ARM.ActiveCfg = Debug|ARM
		{5B160449-E2EF-4B2B-8971-B0967E71EE7B}.Debug|ARM.Build.0 = Debug|ARM
		{5B160449-E2EF-4B2B-8971-B0967E71EE7B}.Debug|Win32.ActiveCfg = Debug|x86
		{5B160449-E2EF-4B2B-8971-B0967E71EE7B}.Debug|Win32.Build.0 = Debug|x86
		{5B160449-E2EF-4B2B-8971-B0967E71EE7B}.Debug|x64.ActiveCfg = Debug|x64
		{5B160449-E2EF-4B2B-8971-B0967E71EE7B}.Debug|x64.Build.0 = Debug|x64
		{5B160449-E2EF-4B2B-8971-B0967E71EE7B}.Debug|x86.ActiveCfg = Debug|x86
		{5B160449-E2EF-4B2B-8971-B0967E71EE7B}.Debug|x86.Build.0 = Debug|x86
		{5B160449-E2EF-4B2B-8971-B0967E71EE7B}.Release|Any CPU.ActiveCfg = Release|Any CPU
		{5B160449-E2EF-4B2B-8971-B0967E71EE7B}.Release|Any CPU.Build.0 = Release|Any CPU
		{5B160449-E2EF-4B2B-8971-B0967E71EE7B}.Release|ARM.ActiveCfg = Release|ARM
		{5B160449-E2EF-4B2B-8971-B0967E71EE7B}.Release|ARM.Build.0 = Release|ARM
		{5B160449-E2EF-4B2B-8971-B0967E71EE7B}.Release|Win32.ActiveCfg = Release|x86
		{5B160449-E2EF-4B2B-8971-B0967E71EE7B}.Release|Win32.Build.0 = Release|x86
		{5B160449-E2EF-4B2B-8971-B0967E71EE7B}.Release|x64.ActiveCfg = Release|x64
		{5B160449-E2EF-4B2B-8971-B0967E71EE7B}.Release|x64.Build.0 = Release|x64
		{5B160449-E2EF-4B2B-8971-B0967E71EE7B}.Release|x86.ActiveCfg = Release|x86
		{5B160449-E2EF-4B2B-8971-B0967E71EE7B}.Release|x86.Build.0 = Release|x86
		{0BC52FB7-0F4B-4715-AA90-3B564401D912}.Debug|Any CPU.ActiveCfg = Debug|Any CPU
		{0BC52FB7-0F4B-4715-AA90-3B564401D912}.Debug|Any CPU.Build.0 = Debug|Any CPU
		{0BC52FB7-0F4B-4715-AA90-3B564401D912}.Debug|ARM.ActiveCfg = Debug|ARM
		{0BC52FB7-0F4B-4715-AA90-3B564401D912}.Debug|ARM.Build.0 = Debug|ARM
		{0BC52FB7-0F4B-4715-AA90-3B564401D912}.Debug|Win32.ActiveCfg = Debug|x86
		{0BC52FB7-0F4B-4715-AA90-3B564401D912}.Debug|Win32.Build.0 = Debug|x86
		{0BC52FB7-0F4B-4715-AA90-3B564401D912}.Debug|x64.ActiveCfg = Debug|x64
		{0BC52FB7-0F4B-4715-AA90-3B564401D912}.Debug|x64.Build.0 = Debug|x64
		{0BC52FB7-0F4B-4715-AA90-3B564401D912}.Debug|x86.ActiveCfg = Debug|x86
		{0BC52FB7-0F4B-4715-AA90-3B564401D912}.Debug|x86.Build.0 = Debug|x86
		{0BC52FB7-0F4B-4715-AA90-3B564401D912}.Release|Any CPU.ActiveCfg = Release|Any CPU
		{0BC52FB7-0F4B-4715-AA90-3B564401D912}.Release|Any CPU.Build.0 = Release|Any CPU
		{0BC52FB7-0F4B-4715-AA90-3B564401D912}.Release|ARM.ActiveCfg = Release|ARM
		{0BC52FB7-0F4B-4715-AA90-3B564401D912}.Release|ARM.Build.0 = Release|ARM
		{0BC52FB7-0F4B-4715-AA90-3B564401D912}.Release|Win32.ActiveCfg = Release|x86
		{0BC52FB7-0F4B-4715-AA90-3B564401D912}.Release|Win32.Build.0 = Release|x86
		{0BC52FB7-0F4B-4715-AA90-3B564401D912}.Release|x64.ActiveCfg = Release|x64
		{0BC52FB7-0F4B-4715-AA90-3B564401D912}.Release|x64.Build.0 = Release|x64
		{0BC52FB7-0F4B-4715-AA90-3B564401D912}.Release|x86.ActiveCfg = Release|x86
		{0BC52FB7-0F4B-4715-AA90-3B564401D912}.Release|x86.Build.0 = Release|x86
		{AF8E3222-A068-4E8B-B409-B03B23C523F1}.Debug|Any CPU.ActiveCfg = Debug|Any CPU
		{AF8E3222-A068-4E8B-B409-B03B23C523F1}.Debug|Any CPU.Build.0 = Debug|Any CPU
		{AF8E3222-A068-4E8B-B409-B03B23C523F1}.Debug|ARM.ActiveCfg = Debug|ARM
		{AF8E3222-A068-4E8B-B409-B03B23C523F1}.Debug|ARM.Build.0 = Debug|ARM
		{AF8E3222-A068-4E8B-B409-B03B23C523F1}.Debug|Win32.ActiveCfg = Debug|x86
		{AF8E3222-A068-4E8B-B409-B03B23C523F1}.Debug|Win32.Build.0 = Debug|x86
		{AF8E3222-A068-4E8B-B409-B03B23C523F1}.Debug|x64.ActiveCfg = Debug|x64
		{AF8E3222-A068-4E8B-B409-B03B23C523F1}.Debug|x64.Build.0 = Debug|x64
		{AF8E3222-A068-4E8B-B409-B03B23C523F1}.Debug|x86.ActiveCfg = Debug|x86
		{AF8E3222-A068-4E8B-B409-B03B23C523F1}.Debug|x86.Build.0 = Debug|x86
		{AF8E3222-A068-4E8B-B409-B03B23C523F1}.Release|Any CPU.ActiveCfg = Release|Any CPU
		{AF8E3222-A068-4E8B-B409-B03B23C523F1}.Release|Any CPU.Build.0 = Release|Any CPU
		{AF8E3222-A068-4E8B-B409-B03B23C523F1}.Release|ARM.ActiveCfg = Release|ARM
		{AF8E3222-A068-4E8B-B409-B03B23C523F1}.Release|ARM.Build.0 = Release|ARM
		{AF8E3222-A068-4E8B-B409-B03B23C523F1}.Release|Win32.ActiveCfg = Release|x86
		{AF8E3222-A068-4E8B-B409-B03B23C523F1}.Release|Win32.Build.0 = Release|x86
		{AF8E3222-A068-4E8B-B409-B03B23C523F1}.Release|x64.ActiveCfg = Release|x64
		{AF8E3222-A068-4E8B-B409-B03B23C523F1}.Release|x64.Build.0 = Release|x64
		{AF8E3222-A068-4E8B-B409-B03B23C523F1}.Release|x86.ActiveCfg = Release|x86
		{AF8E3222-A068-4E8B-B409-B03B23C523F1}.Release|x86.Build.0 = Release|x86
		{1345726D-287F-4561-A2DA-B29EC65C85A1}.Debug|Any CPU.ActiveCfg = Debug|Any CPU
		{1345726D-287F-4561-A2DA-B29EC65C85A1}.Debug|Any CPU.Build.0 = Debug|Any CPU
		{1345726D-287F-4561-A2DA-B29EC65C85A1}.Debug|ARM.ActiveCfg = Debug|ARM
		{1345726D-287F-4561-A2DA-B29EC65C85A1}.Debug|ARM.Build.0 = Debug|ARM
		{1345726D-287F-4561-A2DA-B29EC65C85A1}.Debug|Win32.ActiveCfg = Debug|x86
		{1345726D-287F-4561-A2DA-B29EC65C85A1}.Debug|Win32.Build.0 = Debug|x86
		{1345726D-287F-4561-A2DA-B29EC65C85A1}.Debug|x64.ActiveCfg = Debug|x64
		{1345726D-287F-4561-A2DA-B29EC65C85A1}.Debug|x64.Build.0 = Debug|x64
		{1345726D-287F-4561-A2DA-B29EC65C85A1}.Debug|x86.ActiveCfg = Debug|x86
		{1345726D-287F-4561-A2DA-B29EC65C85A1}.Debug|x86.Build.0 = Debug|x86
		{1345726D-287F-4561-A2DA-B29EC65C85A1}.Release|Any CPU.ActiveCfg = Release|Any CPU
		{1345726D-287F-4561-A2DA-B29EC65C85A1}.Release|Any CPU.Build.0 = Release|Any CPU
		{1345726D-287F-4561-A2DA-B29EC65C85A1}.Release|ARM.ActiveCfg = Release|ARM
		{1345726D-287F-4561-A2DA-B29EC65C85A1}.Release|ARM.Build.0 = Release|ARM
		{1345726D-287F-4561-A2DA-B29EC65C85A1}.Release|Win32.ActiveCfg = Release|x86
		{1345726D-287F-4561-A2DA-B29EC65C85A1}.Release|Win32.Build.0 = Release|x86
		{1345726D-287F-4561-A2DA-B29EC65C85A1}.Release|x64.ActiveCfg = Release|x64
		{1345726D-287F-4561-A2DA-B29EC65C85A1}.Release|x64.Build.0 = Release|x64
		{1345726D-287F-4561-A2DA-B29EC65C85A1}.Release|x86.ActiveCfg = Release|x86
		{1345726D-287F-4561-A2DA-B29EC65C85A1}.Release|x86.Build.0 = Release|x86
		{2254A4F7-B66F-4068-8B9F-54AC550D5B32}.Debug|Any CPU.ActiveCfg = Debug|Any CPU
		{2254A4F7-B66F-4068-8B9F-54AC550D5B32}.Debug|Any CPU.Build.0 = Debug|Any CPU
		{2254A4F7-B66F-4068-8B9F-54AC550D5B32}.Debug|ARM.ActiveCfg = Debug|ARM
		{2254A4F7-B66F-4068-8B9F-54AC550D5B32}.Debug|ARM.Build.0 = Debug|ARM
		{2254A4F7-B66F-4068-8B9F-54AC550D5B32}.Debug|Win32.ActiveCfg = Debug|x86
		{2254A4F7-B66F-4068-8B9F-54AC550D5B32}.Debug|Win32.Build.0 = Debug|x86
		{2254A4F7-B66F-4068-8B9F-54AC550D5B32}.Debug|x64.ActiveCfg = Debug|x64
		{2254A4F7-B66F-4068-8B9F-54AC550D5B32}.Debug|x64.Build.0 = Debug|x64
		{2254A4F7-B66F-4068-8B9F-54AC550D5B32}.Debug|x86.ActiveCfg = Debug|x86
		{2254A4F7-B66F-4068-8B9F-54AC550D5B32}.Debug|x86.Build.0 = Debug|x86
		{2254A4F7-B66F-4068-8B9F-54AC550D5B32}.Release|Any CPU.ActiveCfg = Release|Any CPU
		{2254A4F7-B66F-4068-8B9F-54AC550D5B32}.Release|Any CPU.Build.0 = Release|Any CPU
		{2254A4F7-B66F-4068-8B9F-54AC550D5B32}.Release|ARM.ActiveCfg = Release|ARM
		{2254A4F7-B66F-4068-8B9F-54AC550D5B32}.Release|ARM.Build.0 = Release|ARM
		{2254A4F7-B66F-4068-8B9F-54AC550D5B32}.Release|Win32.ActiveCfg = Release|x86
		{2254A4F7-B66F-4068-8B9F-54AC550D5B32}.Release|Win32.Build.0 = Release|x86
		{2254A4F7-B66F-4068-8B9F-54AC550D5B32}.Release|x64.ActiveCfg = Release|x64
		{2254A4F7-B66F-4068-8B9F-54AC550D5B32}.Release|x64.Build.0 = Release|x64
		{2254A4F7-B66F-4068-8B9F-54AC550D5B32}.Release|x86.ActiveCfg = Release|x86
		{2254A4F7-B66F-4068-8B9F-54AC550D5B32}.Release|x86.Build.0 = Release|x86
		{0C5E60EF-07B1-4BBC-90DF-35E93FD5AB71}.Debug|Any CPU.ActiveCfg = Debug|Any CPU
		{0C5E60EF-07B1-4BBC-90DF-35E93FD5AB71}.Debug|Any CPU.Build.0 = Debug|Any CPU
		{0C5E60EF-07B1-4BBC-90DF-35E93FD5AB71}.Debug|ARM.ActiveCfg = Debug|ARM
		{0C5E60EF-07B1-4BBC-90DF-35E93FD5AB71}.Debug|ARM.Build.0 = Debug|ARM
		{0C5E60EF-07B1-4BBC-90DF-35E93FD5AB71}.Debug|Win32.ActiveCfg = Debug|x86
		{0C5E60EF-07B1-4BBC-90DF-35E93FD5AB71}.Debug|Win32.Build.0 = Debug|x86
		{0C5E60EF-07B1-4BBC-90DF-35E93FD5AB71}.Debug|x64.ActiveCfg = Debug|x64
		{0C5E60EF-07B1-4BBC-90DF-35E93FD5AB71}.Debug|x64.Build.0 = Debug|x64
		{0C5E60EF-07B1-4BBC-90DF-35E93FD5AB71}.Debug|x86.ActiveCfg = Debug|x86
		{0C5E60EF-07B1-4BBC-90DF-35E93FD5AB71}.Debug|x86.Build.0 = Debug|x86
		{0C5E60EF-07B1-4BBC-90DF-35E93FD5AB71}.Release|Any CPU.ActiveCfg = Release|Any CPU
		{0C5E60EF-07B1-4BBC-90DF-35E93FD5AB71}.Release|Any CPU.Build.0 = Release|Any CPU
		{0C5E60EF-07B1-4BBC-90DF-35E93FD5AB71}.Release|ARM.ActiveCfg = Release|ARM
		{0C5E60EF-07B1-4BBC-90DF-35E93FD5AB71}.Release|ARM.Build.0 = Release|ARM
		{0C5E60EF-07B1-4BBC-90DF-35E93FD5AB71}.Release|Win32.ActiveCfg = Release|x86
		{0C5E60EF-07B1-4BBC-90DF-35E93FD5AB71}.Release|Win32.Build.0 = Release|x86
		{0C5E60EF-07B1-4BBC-90DF-35E93FD5AB71}.Release|x64.ActiveCfg = Release|x64
		{0C5E60EF-07B1-4BBC-90DF-35E93FD5AB71}.Release|x64.Build.0 = Release|x64
		{0C5E60EF-07B1-4BBC-90DF-35E93FD5AB71}.Release|x86.ActiveCfg = Release|x86
		{0C5E60EF-07B1-4BBC-90DF-35E93FD5AB71}.Release|x86.Build.0 = Release|x86
		{CC29A0EE-EB42-45DC-A9A3-7248211B8D78}.Debug|Any CPU.ActiveCfg = Debug|Any CPU
		{CC29A0EE-EB42-45DC-A9A3-7248211B8D78}.Debug|Any CPU.Build.0 = Debug|Any CPU
		{CC29A0EE-EB42-45DC-A9A3-7248211B8D78}.Debug|ARM.ActiveCfg = Debug|ARM
		{CC29A0EE-EB42-45DC-A9A3-7248211B8D78}.Debug|ARM.Build.0 = Debug|ARM
		{CC29A0EE-EB42-45DC-A9A3-7248211B8D78}.Debug|Win32.ActiveCfg = Debug|x86
		{CC29A0EE-EB42-45DC-A9A3-7248211B8D78}.Debug|Win32.Build.0 = Debug|x86
		{CC29A0EE-EB42-45DC-A9A3-7248211B8D78}.Debug|x64.ActiveCfg = Debug|x64
		{CC29A0EE-EB42-45DC-A9A3-7248211B8D78}.Debug|x64.Build.0 = Debug|x64
		{CC29A0EE-EB42-45DC-A9A3-7248211B8D78}.Debug|x86.ActiveCfg = Debug|x86
		{CC29A0EE-EB42-45DC-A9A3-7248211B8D78}.Debug|x86.Build.0 = Debug|x86
		{CC29A0EE-EB42-45DC-A9A3-7248211B8D78}.Release|Any CPU.ActiveCfg = Release|Any CPU
		{CC29A0EE-EB42-45DC-A9A3-7248211B8D78}.Release|Any CPU.Build.0 = Release|Any CPU
		{CC29A0EE-EB42-45DC-A9A3-7248211B8D78}.Release|ARM.ActiveCfg = Release|ARM
		{CC29A0EE-EB42-45DC-A9A3-7248211B8D78}.Release|ARM.Build.0 = Release|ARM
		{CC29A0EE-EB42-45DC-A9A3-7248211B8D78}.Release|Win32.ActiveCfg = Release|x86
		{CC29A0EE-EB42-45DC-A9A3-7248211B8D78}.Release|Win32.Build.0 = Release|x86
		{CC29A0EE-EB42-45DC-A9A3-7248211B8D78}.Release|x64.ActiveCfg = Release|x64
		{CC29A0EE-EB42-45DC-A9A3-7248211B8D78}.Release|x64.Build.0 = Release|x64
		{CC29A0EE-EB42-45DC-A9A3-7248211B8D78}.Release|x86.ActiveCfg = Release|x86
		{CC29A0EE-EB42-45DC-A9A3-7248211B8D78}.Release|x86.Build.0 = Release|x86
		{C5F80730-F44F-4478-BDAE-6634EFC2CA88}.Debug|Any CPU.ActiveCfg = Debug|Win32
		{C5F80730-F44F-4478-BDAE-6634EFC2CA88}.Debug|ARM.ActiveCfg = Debug|Win32
		{C5F80730-F44F-4478-BDAE-6634EFC2CA88}.Debug|Win32.ActiveCfg = Debug|Win32
		{C5F80730-F44F-4478-BDAE-6634EFC2CA88}.Debug|Win32.Build.0 = Debug|Win32
		{C5F80730-F44F-4478-BDAE-6634EFC2CA88}.Debug|x64.ActiveCfg = Debug|Win32
		{C5F80730-F44F-4478-BDAE-6634EFC2CA88}.Debug|x86.ActiveCfg = Debug|Win32
		{C5F80730-F44F-4478-BDAE-6634EFC2CA88}.Debug|x86.Build.0 = Debug|Win32
		{C5F80730-F44F-4478-BDAE-6634EFC2CA88}.Release|Any CPU.ActiveCfg = Release|Win32
		{C5F80730-F44F-4478-BDAE-6634EFC2CA88}.Release|ARM.ActiveCfg = Release|Win32
		{C5F80730-F44F-4478-BDAE-6634EFC2CA88}.Release|Win32.ActiveCfg = Release|Win32
		{C5F80730-F44F-4478-BDAE-6634EFC2CA88}.Release|Win32.Build.0 = Release|Win32
		{C5F80730-F44F-4478-BDAE-6634EFC2CA88}.Release|x64.ActiveCfg = Release|Win32
		{C5F80730-F44F-4478-BDAE-6634EFC2CA88}.Release|x86.ActiveCfg = Release|Win32
		{C5F80730-F44F-4478-BDAE-6634EFC2CA88}.Release|x86.Build.0 = Release|Win32
		{208680E0-389C-4EA4-A69C-140CE09F0AE6}.Debug|Any CPU.ActiveCfg = Debug|Any CPU
		{208680E0-389C-4EA4-A69C-140CE09F0AE6}.Debug|Any CPU.Build.0 = Debug|Any CPU
		{208680E0-389C-4EA4-A69C-140CE09F0AE6}.Debug|ARM.ActiveCfg = Debug|ARM
		{208680E0-389C-4EA4-A69C-140CE09F0AE6}.Debug|ARM.Build.0 = Debug|ARM
		{208680E0-389C-4EA4-A69C-140CE09F0AE6}.Debug|Win32.ActiveCfg = Debug|x86
		{208680E0-389C-4EA4-A69C-140CE09F0AE6}.Debug|Win32.Build.0 = Debug|x86
		{208680E0-389C-4EA4-A69C-140CE09F0AE6}.Debug|x64.ActiveCfg = Debug|x64
		{208680E0-389C-4EA4-A69C-140CE09F0AE6}.Debug|x64.Build.0 = Debug|x64
		{208680E0-389C-4EA4-A69C-140CE09F0AE6}.Debug|x86.ActiveCfg = Debug|x86
		{208680E0-389C-4EA4-A69C-140CE09F0AE6}.Debug|x86.Build.0 = Debug|x86
		{208680E0-389C-4EA4-A69C-140CE09F0AE6}.Release|Any CPU.ActiveCfg = Release|Any CPU
		{208680E0-389C-4EA4-A69C-140CE09F0AE6}.Release|Any CPU.Build.0 = Release|Any CPU
		{208680E0-389C-4EA4-A69C-140CE09F0AE6}.Release|ARM.ActiveCfg = Release|ARM
		{208680E0-389C-4EA4-A69C-140CE09F0AE6}.Release|ARM.Build.0 = Release|ARM
		{208680E0-389C-4EA4-A69C-140CE09F0AE6}.Release|Win32.ActiveCfg = Release|x86
		{208680E0-389C-4EA4-A69C-140CE09F0AE6}.Release|Win32.Build.0 = Release|x86
		{208680E0-389C-4EA4-A69C-140CE09F0AE6}.Release|x64.ActiveCfg = Release|x64
		{208680E0-389C-4EA4-A69C-140CE09F0AE6}.Release|x64.Build.0 = Release|x64
		{208680E0-389C-4EA4-A69C-140CE09F0AE6}.Release|x86.ActiveCfg = Release|x86
		{208680E0-389C-4EA4-A69C-140CE09F0AE6}.Release|x86.Build.0 = Release|x86
		{8B9ECDA3-0FD6-408D-8B1A-DE46CDC4F05D}.Debug|Any CPU.ActiveCfg = Debug|Any CPU
		{8B9ECDA3-0FD6-408D-8B1A-DE46CDC4F05D}.Debug|Any CPU.Build.0 = Debug|Any CPU
		{8B9ECDA3-0FD6-408D-8B1A-DE46CDC4F05D}.Debug|ARM.ActiveCfg = Debug|ARM
		{8B9ECDA3-0FD6-408D-8B1A-DE46CDC4F05D}.Debug|ARM.Build.0 = Debug|ARM
		{8B9ECDA3-0FD6-408D-8B1A-DE46CDC4F05D}.Debug|Win32.ActiveCfg = Debug|x86
		{8B9ECDA3-0FD6-408D-8B1A-DE46CDC4F05D}.Debug|Win32.Build.0 = Debug|x86
		{8B9ECDA3-0FD6-408D-8B1A-DE46CDC4F05D}.Debug|x64.ActiveCfg = Debug|x64
		{8B9ECDA3-0FD6-408D-8B1A-DE46CDC4F05D}.Debug|x64.Build.0 = Debug|x64
		{8B9ECDA3-0FD6-408D-8B1A-DE46CDC4F05D}.Debug|x86.ActiveCfg = Debug|x86
		{8B9ECDA3-0FD6-408D-8B1A-DE46CDC4F05D}.Debug|x86.Build.0 = Debug|x86
		{8B9ECDA3-0FD6-408D-8B1A-DE46CDC4F05D}.Release|Any CPU.ActiveCfg = Release|Any CPU
		{8B9ECDA3-0FD6-408D-8B1A-DE46CDC4F05D}.Release|Any CPU.Build.0 = Release|Any CPU
		{8B9ECDA3-0FD6-408D-8B1A-DE46CDC4F05D}.Release|ARM.ActiveCfg = Release|ARM
		{8B9ECDA3-0FD6-408D-8B1A-DE46CDC4F05D}.Release|ARM.Build.0 = Release|ARM
		{8B9ECDA3-0FD6-408D-8B1A-DE46CDC4F05D}.Release|Win32.ActiveCfg = Release|x86
		{8B9ECDA3-0FD6-408D-8B1A-DE46CDC4F05D}.Release|Win32.Build.0 = Release|x86
		{8B9ECDA3-0FD6-408D-8B1A-DE46CDC4F05D}.Release|x64.ActiveCfg = Release|x64
		{8B9ECDA3-0FD6-408D-8B1A-DE46CDC4F05D}.Release|x64.Build.0 = Release|x64
		{8B9ECDA3-0FD6-408D-8B1A-DE46CDC4F05D}.Release|x86.ActiveCfg = Release|x86
		{8B9ECDA3-0FD6-408D-8B1A-DE46CDC4F05D}.Release|x86.Build.0 = Release|x86
		{4DFAA97C-AF72-4497-BFD2-B14D58AB340C}.Debug|Any CPU.ActiveCfg = Debug|Any CPU
		{4DFAA97C-AF72-4497-BFD2-B14D58AB340C}.Debug|Any CPU.Build.0 = Debug|Any CPU
		{4DFAA97C-AF72-4497-BFD2-B14D58AB340C}.Debug|ARM.ActiveCfg = Debug|ARM
		{4DFAA97C-AF72-4497-BFD2-B14D58AB340C}.Debug|ARM.Build.0 = Debug|ARM
		{4DFAA97C-AF72-4497-BFD2-B14D58AB340C}.Debug|Win32.ActiveCfg = Debug|x86
		{4DFAA97C-AF72-4497-BFD2-B14D58AB340C}.Debug|Win32.Build.0 = Debug|x86
		{4DFAA97C-AF72-4497-BFD2-B14D58AB340C}.Debug|x64.ActiveCfg = Debug|x64
		{4DFAA97C-AF72-4497-BFD2-B14D58AB340C}.Debug|x64.Build.0 = Debug|x64
		{4DFAA97C-AF72-4497-BFD2-B14D58AB340C}.Debug|x86.ActiveCfg = Debug|x86
		{4DFAA97C-AF72-4497-BFD2-B14D58AB340C}.Debug|x86.Build.0 = Debug|x86
		{4DFAA97C-AF72-4497-BFD2-B14D58AB340C}.Release|Any CPU.ActiveCfg = Release|Any CPU
		{4DFAA97C-AF72-4497-BFD2-B14D58AB340C}.Release|Any CPU.Build.0 = Release|Any CPU
		{4DFAA97C-AF72-4497-BFD2-B14D58AB340C}.Release|ARM.ActiveCfg = Release|ARM
		{4DFAA97C-AF72-4497-BFD2-B14D58AB340C}.Release|ARM.Build.0 = Release|ARM
		{4DFAA97C-AF72-4497-BFD2-B14D58AB340C}.Release|Win32.ActiveCfg = Release|x86
		{4DFAA97C-AF72-4497-BFD2-B14D58AB340C}.Release|Win32.Build.0 = Release|x86
		{4DFAA97C-AF72-4497-BFD2-B14D58AB340C}.Release|x64.ActiveCfg = Release|x64
		{4DFAA97C-AF72-4497-BFD2-B14D58AB340C}.Release|x64.Build.0 = Release|x64
		{4DFAA97C-AF72-4497-BFD2-B14D58AB340C}.Release|x86.ActiveCfg = Release|x86
		{4DFAA97C-AF72-4497-BFD2-B14D58AB340C}.Release|x86.Build.0 = Release|x86
		{9DB4329D-1705-4F7A-98FC-3901EC521599}.Debug|Any CPU.ActiveCfg = Debug|Any CPU
		{9DB4329D-1705-4F7A-98FC-3901EC521599}.Debug|Any CPU.Build.0 = Debug|Any CPU
		{9DB4329D-1705-4F7A-98FC-3901EC521599}.Debug|ARM.ActiveCfg = Debug|ARM
		{9DB4329D-1705-4F7A-98FC-3901EC521599}.Debug|ARM.Build.0 = Debug|ARM
		{9DB4329D-1705-4F7A-98FC-3901EC521599}.Debug|Win32.ActiveCfg = Debug|x86
		{9DB4329D-1705-4F7A-98FC-3901EC521599}.Debug|Win32.Build.0 = Debug|x86
		{9DB4329D-1705-4F7A-98FC-3901EC521599}.Debug|x64.ActiveCfg = Debug|x64
		{9DB4329D-1705-4F7A-98FC-3901EC521599}.Debug|x64.Build.0 = Debug|x64
		{9DB4329D-1705-4F7A-98FC-3901EC521599}.Debug|x86.ActiveCfg = Debug|x86
		{9DB4329D-1705-4F7A-98FC-3901EC521599}.Debug|x86.Build.0 = Debug|x86
		{9DB4329D-1705-4F7A-98FC-3901EC521599}.Release|Any CPU.ActiveCfg = Release|Any CPU
		{9DB4329D-1705-4F7A-98FC-3901EC521599}.Release|Any CPU.Build.0 = Release|Any CPU
		{9DB4329D-1705-4F7A-98FC-3901EC521599}.Release|ARM.ActiveCfg = Release|ARM
		{9DB4329D-1705-4F7A-98FC-3901EC521599}.Release|ARM.Build.0 = Release|ARM
		{9DB4329D-1705-4F7A-98FC-3901EC521599}.Release|Win32.ActiveCfg = Release|x86
		{9DB4329D-1705-4F7A-98FC-3901EC521599}.Release|Win32.Build.0 = Release|x86
		{9DB4329D-1705-4F7A-98FC-3901EC521599}.Release|x64.ActiveCfg = Release|x64
		{9DB4329D-1705-4F7A-98FC-3901EC521599}.Release|x64.Build.0 = Release|x64
		{9DB4329D-1705-4F7A-98FC-3901EC521599}.Release|x86.ActiveCfg = Release|x86
		{9DB4329D-1705-4F7A-98FC-3901EC521599}.Release|x86.Build.0 = Release|x86
		{B846B4C2-22D3-46B4-8CBA-CBA4853D35A2}.Debug|Any CPU.ActiveCfg = Debug|Any CPU
		{B846B4C2-22D3-46B4-8CBA-CBA4853D35A2}.Debug|Any CPU.Build.0 = Debug|Any CPU
		{B846B4C2-22D3-46B4-8CBA-CBA4853D35A2}.Debug|ARM.ActiveCfg = Debug|Any CPU
		{B846B4C2-22D3-46B4-8CBA-CBA4853D35A2}.Debug|ARM.Build.0 = Debug|Any CPU
		{B846B4C2-22D3-46B4-8CBA-CBA4853D35A2}.Debug|Win32.ActiveCfg = Debug|Any CPU
		{B846B4C2-22D3-46B4-8CBA-CBA4853D35A2}.Debug|Win32.Build.0 = Debug|Any CPU
		{B846B4C2-22D3-46B4-8CBA-CBA4853D35A2}.Debug|x64.ActiveCfg = Debug|Any CPU
		{B846B4C2-22D3-46B4-8CBA-CBA4853D35A2}.Debug|x64.Build.0 = Debug|Any CPU
		{B846B4C2-22D3-46B4-8CBA-CBA4853D35A2}.Debug|x86.ActiveCfg = Debug|Any CPU
		{B846B4C2-22D3-46B4-8CBA-CBA4853D35A2}.Debug|x86.Build.0 = Debug|Any CPU
		{B846B4C2-22D3-46B4-8CBA-CBA4853D35A2}.Release|Any CPU.ActiveCfg = Release|Any CPU
		{B846B4C2-22D3-46B4-8CBA-CBA4853D35A2}.Release|Any CPU.Build.0 = Release|Any CPU
		{B846B4C2-22D3-46B4-8CBA-CBA4853D35A2}.Release|ARM.ActiveCfg = Release|Any CPU
		{B846B4C2-22D3-46B4-8CBA-CBA4853D35A2}.Release|ARM.Build.0 = Release|Any CPU
		{B846B4C2-22D3-46B4-8CBA-CBA4853D35A2}.Release|Win32.ActiveCfg = Release|Any CPU
		{B846B4C2-22D3-46B4-8CBA-CBA4853D35A2}.Release|Win32.Build.0 = Release|Any CPU
		{B846B4C2-22D3-46B4-8CBA-CBA4853D35A2}.Release|x64.ActiveCfg = Release|Any CPU
		{B846B4C2-22D3-46B4-8CBA-CBA4853D35A2}.Release|x64.Build.0 = Release|Any CPU
		{B846B4C2-22D3-46B4-8CBA-CBA4853D35A2}.Release|x86.ActiveCfg = Release|Any CPU
		{B846B4C2-22D3-46B4-8CBA-CBA4853D35A2}.Release|x86.Build.0 = Release|Any CPU
		{71718A41-DD1A-48E7-AA35-FA2569CAE77D}.Debug|Any CPU.ActiveCfg = Debug|Any CPU
		{71718A41-DD1A-48E7-AA35-FA2569CAE77D}.Debug|Any CPU.Build.0 = Debug|Any CPU
		{71718A41-DD1A-48E7-AA35-FA2569CAE77D}.Debug|ARM.ActiveCfg = Debug|ARM
		{71718A41-DD1A-48E7-AA35-FA2569CAE77D}.Debug|ARM.Build.0 = Debug|ARM
		{71718A41-DD1A-48E7-AA35-FA2569CAE77D}.Debug|Win32.ActiveCfg = Debug|x86
		{71718A41-DD1A-48E7-AA35-FA2569CAE77D}.Debug|Win32.Build.0 = Debug|x86
		{71718A41-DD1A-48E7-AA35-FA2569CAE77D}.Debug|x64.ActiveCfg = Debug|x64
		{71718A41-DD1A-48E7-AA35-FA2569CAE77D}.Debug|x64.Build.0 = Debug|x64
		{71718A41-DD1A-48E7-AA35-FA2569CAE77D}.Debug|x86.ActiveCfg = Debug|x86
		{71718A41-DD1A-48E7-AA35-FA2569CAE77D}.Debug|x86.Build.0 = Debug|x86
		{71718A41-DD1A-48E7-AA35-FA2569CAE77D}.Release|Any CPU.ActiveCfg = Release|Any CPU
		{71718A41-DD1A-48E7-AA35-FA2569CAE77D}.Release|Any CPU.Build.0 = Release|Any CPU
		{71718A41-DD1A-48E7-AA35-FA2569CAE77D}.Release|ARM.ActiveCfg = Release|ARM
		{71718A41-DD1A-48E7-AA35-FA2569CAE77D}.Release|ARM.Build.0 = Release|ARM
		{71718A41-DD1A-48E7-AA35-FA2569CAE77D}.Release|Win32.ActiveCfg = Release|x86
		{71718A41-DD1A-48E7-AA35-FA2569CAE77D}.Release|Win32.Build.0 = Release|x86
		{71718A41-DD1A-48E7-AA35-FA2569CAE77D}.Release|x64.ActiveCfg = Release|x64
		{71718A41-DD1A-48E7-AA35-FA2569CAE77D}.Release|x64.Build.0 = Release|x64
		{71718A41-DD1A-48E7-AA35-FA2569CAE77D}.Release|x86.ActiveCfg = Release|x86
		{71718A41-DD1A-48E7-AA35-FA2569CAE77D}.Release|x86.Build.0 = Release|x86
		{4DBE46C4-28B7-4FD6-A9F9-C0F92C8F5693}.Debug|Any CPU.ActiveCfg = Debug|Any CPU
		{4DBE46C4-28B7-4FD6-A9F9-C0F92C8F5693}.Debug|Any CPU.Build.0 = Debug|Any CPU
		{4DBE46C4-28B7-4FD6-A9F9-C0F92C8F5693}.Debug|ARM.ActiveCfg = Debug|ARM
		{4DBE46C4-28B7-4FD6-A9F9-C0F92C8F5693}.Debug|ARM.Build.0 = Debug|ARM
		{4DBE46C4-28B7-4FD6-A9F9-C0F92C8F5693}.Debug|Win32.ActiveCfg = Debug|x86
		{4DBE46C4-28B7-4FD6-A9F9-C0F92C8F5693}.Debug|Win32.Build.0 = Debug|x86
		{4DBE46C4-28B7-4FD6-A9F9-C0F92C8F5693}.Debug|x64.ActiveCfg = Debug|x64
		{4DBE46C4-28B7-4FD6-A9F9-C0F92C8F5693}.Debug|x64.Build.0 = Debug|x64
		{4DBE46C4-28B7-4FD6-A9F9-C0F92C8F5693}.Debug|x86.ActiveCfg = Debug|x86
		{4DBE46C4-28B7-4FD6-A9F9-C0F92C8F5693}.Debug|x86.Build.0 = Debug|x86
		{4DBE46C4-28B7-4FD6-A9F9-C0F92C8F5693}.Release|Any CPU.ActiveCfg = Release|Any CPU
		{4DBE46C4-28B7-4FD6-A9F9-C0F92C8F5693}.Release|Any CPU.Build.0 = Release|Any CPU
		{4DBE46C4-28B7-4FD6-A9F9-C0F92C8F5693}.Release|ARM.ActiveCfg = Release|ARM
		{4DBE46C4-28B7-4FD6-A9F9-C0F92C8F5693}.Release|ARM.Build.0 = Release|ARM
		{4DBE46C4-28B7-4FD6-A9F9-C0F92C8F5693}.Release|Win32.ActiveCfg = Release|x86
		{4DBE46C4-28B7-4FD6-A9F9-C0F92C8F5693}.Release|Win32.Build.0 = Release|x86
		{4DBE46C4-28B7-4FD6-A9F9-C0F92C8F5693}.Release|x64.ActiveCfg = Release|x64
		{4DBE46C4-28B7-4FD6-A9F9-C0F92C8F5693}.Release|x64.Build.0 = Release|x64
		{4DBE46C4-28B7-4FD6-A9F9-C0F92C8F5693}.Release|x86.ActiveCfg = Release|x86
		{4DBE46C4-28B7-4FD6-A9F9-C0F92C8F5693}.Release|x86.Build.0 = Release|x86
		{7EEA819D-0B38-428F-B8BE-D00D6BBD898A}.Debug|Any CPU.ActiveCfg = Debug|x86
		{7EEA819D-0B38-428F-B8BE-D00D6BBD898A}.Debug|ARM.ActiveCfg = Debug|ARM
		{7EEA819D-0B38-428F-B8BE-D00D6BBD898A}.Debug|ARM.Build.0 = Debug|ARM
		{7EEA819D-0B38-428F-B8BE-D00D6BBD898A}.Debug|ARM.Deploy.0 = Debug|ARM
		{7EEA819D-0B38-428F-B8BE-D00D6BBD898A}.Debug|Win32.ActiveCfg = Debug|x86
		{7EEA819D-0B38-428F-B8BE-D00D6BBD898A}.Debug|Win32.Build.0 = Debug|x86
		{7EEA819D-0B38-428F-B8BE-D00D6BBD898A}.Debug|Win32.Deploy.0 = Debug|x86
		{7EEA819D-0B38-428F-B8BE-D00D6BBD898A}.Debug|x64.ActiveCfg = Debug|x64
		{7EEA819D-0B38-428F-B8BE-D00D6BBD898A}.Debug|x64.Build.0 = Debug|x64
		{7EEA819D-0B38-428F-B8BE-D00D6BBD898A}.Debug|x64.Deploy.0 = Debug|x64
		{7EEA819D-0B38-428F-B8BE-D00D6BBD898A}.Debug|x86.ActiveCfg = Debug|x86
		{7EEA819D-0B38-428F-B8BE-D00D6BBD898A}.Debug|x86.Build.0 = Debug|x86
		{7EEA819D-0B38-428F-B8BE-D00D6BBD898A}.Debug|x86.Deploy.0 = Debug|x86
		{7EEA819D-0B38-428F-B8BE-D00D6BBD898A}.Release|Any CPU.ActiveCfg = Release|x86
		{7EEA819D-0B38-428F-B8BE-D00D6BBD898A}.Release|ARM.ActiveCfg = Release|ARM
		{7EEA819D-0B38-428F-B8BE-D00D6BBD898A}.Release|ARM.Build.0 = Release|ARM
		{7EEA819D-0B38-428F-B8BE-D00D6BBD898A}.Release|ARM.Deploy.0 = Release|ARM
		{7EEA819D-0B38-428F-B8BE-D00D6BBD898A}.Release|Win32.ActiveCfg = Release|x86
		{7EEA819D-0B38-428F-B8BE-D00D6BBD898A}.Release|Win32.Build.0 = Release|x86
		{7EEA819D-0B38-428F-B8BE-D00D6BBD898A}.Release|Win32.Deploy.0 = Release|x86
		{7EEA819D-0B38-428F-B8BE-D00D6BBD898A}.Release|x64.ActiveCfg = Release|x64
		{7EEA819D-0B38-428F-B8BE-D00D6BBD898A}.Release|x64.Build.0 = Release|x64
		{7EEA819D-0B38-428F-B8BE-D00D6BBD898A}.Release|x64.Deploy.0 = Release|x64
		{7EEA819D-0B38-428F-B8BE-D00D6BBD898A}.Release|x86.ActiveCfg = Release|x86
		{7EEA819D-0B38-428F-B8BE-D00D6BBD898A}.Release|x86.Build.0 = Release|x86
		{7EEA819D-0B38-428F-B8BE-D00D6BBD898A}.Release|x86.Deploy.0 = Release|x86
		{4C7A31AE-D5D5-47F1-A84B-1AAEE11D2328}.Debug|Any CPU.ActiveCfg = Debug|x86
		{4C7A31AE-D5D5-47F1-A84B-1AAEE11D2328}.Debug|ARM.ActiveCfg = Debug|ARM
		{4C7A31AE-D5D5-47F1-A84B-1AAEE11D2328}.Debug|ARM.Build.0 = Debug|ARM
		{4C7A31AE-D5D5-47F1-A84B-1AAEE11D2328}.Debug|ARM.Deploy.0 = Debug|ARM
		{4C7A31AE-D5D5-47F1-A84B-1AAEE11D2328}.Debug|Win32.ActiveCfg = Debug|x86
		{4C7A31AE-D5D5-47F1-A84B-1AAEE11D2328}.Debug|Win32.Build.0 = Debug|x86
		{4C7A31AE-D5D5-47F1-A84B-1AAEE11D2328}.Debug|Win32.Deploy.0 = Debug|x86
		{4C7A31AE-D5D5-47F1-A84B-1AAEE11D2328}.Debug|x64.ActiveCfg = Debug|x64
		{4C7A31AE-D5D5-47F1-A84B-1AAEE11D2328}.Debug|x64.Build.0 = Debug|x64
		{4C7A31AE-D5D5-47F1-A84B-1AAEE11D2328}.Debug|x64.Deploy.0 = Debug|x64
		{4C7A31AE-D5D5-47F1-A84B-1AAEE11D2328}.Debug|x86.ActiveCfg = Debug|x86
		{4C7A31AE-D5D5-47F1-A84B-1AAEE11D2328}.Debug|x86.Build.0 = Debug|x86
		{4C7A31AE-D5D5-47F1-A84B-1AAEE11D2328}.Debug|x86.Deploy.0 = Debug|x86
		{4C7A31AE-D5D5-47F1-A84B-1AAEE11D2328}.Release|Any CPU.ActiveCfg = Release|x86
		{4C7A31AE-D5D5-47F1-A84B-1AAEE11D2328}.Release|ARM.ActiveCfg = Release|ARM
		{4C7A31AE-D5D5-47F1-A84B-1AAEE11D2328}.Release|ARM.Build.0 = Release|ARM
		{4C7A31AE-D5D5-47F1-A84B-1AAEE11D2328}.Release|ARM.Deploy.0 = Release|ARM
		{4C7A31AE-D5D5-47F1-A84B-1AAEE11D2328}.Release|Win32.ActiveCfg = Release|x86
		{4C7A31AE-D5D5-47F1-A84B-1AAEE11D2328}.Release|Win32.Build.0 = Release|x86
		{4C7A31AE-D5D5-47F1-A84B-1AAEE11D2328}.Release|Win32.Deploy.0 = Release|x86
		{4C7A31AE-D5D5-47F1-A84B-1AAEE11D2328}.Release|x64.ActiveCfg = Release|x64
		{4C7A31AE-D5D5-47F1-A84B-1AAEE11D2328}.Release|x64.Build.0 = Release|x64
		{4C7A31AE-D5D5-47F1-A84B-1AAEE11D2328}.Release|x64.Deploy.0 = Release|x64
		{4C7A31AE-D5D5-47F1-A84B-1AAEE11D2328}.Release|x86.ActiveCfg = Release|x86
		{4C7A31AE-D5D5-47F1-A84B-1AAEE11D2328}.Release|x86.Build.0 = Release|x86
		{4C7A31AE-D5D5-47F1-A84B-1AAEE11D2328}.Release|x86.Deploy.0 = Release|x86
		{6C6165EC-66EC-4BAB-A640-30A2021B71E4}.Debug|Any CPU.ActiveCfg = Debug|Any CPU
		{6C6165EC-66EC-4BAB-A640-30A2021B71E4}.Debug|Any CPU.Build.0 = Debug|Any CPU
		{6C6165EC-66EC-4BAB-A640-30A2021B71E4}.Debug|ARM.ActiveCfg = Debug|ARM
		{6C6165EC-66EC-4BAB-A640-30A2021B71E4}.Debug|ARM.Build.0 = Debug|ARM
		{6C6165EC-66EC-4BAB-A640-30A2021B71E4}.Debug|Win32.ActiveCfg = Debug|x86
		{6C6165EC-66EC-4BAB-A640-30A2021B71E4}.Debug|Win32.Build.0 = Debug|x86
		{6C6165EC-66EC-4BAB-A640-30A2021B71E4}.Debug|x64.ActiveCfg = Debug|x64
		{6C6165EC-66EC-4BAB-A640-30A2021B71E4}.Debug|x64.Build.0 = Debug|x64
		{6C6165EC-66EC-4BAB-A640-30A2021B71E4}.Debug|x86.ActiveCfg = Debug|x86
		{6C6165EC-66EC-4BAB-A640-30A2021B71E4}.Debug|x86.Build.0 = Debug|x86
		{6C6165EC-66EC-4BAB-A640-30A2021B71E4}.Release|Any CPU.ActiveCfg = Release|Any CPU
		{6C6165EC-66EC-4BAB-A640-30A2021B71E4}.Release|Any CPU.Build.0 = Release|Any CPU
		{6C6165EC-66EC-4BAB-A640-30A2021B71E4}.Release|ARM.ActiveCfg = Release|ARM
		{6C6165EC-66EC-4BAB-A640-30A2021B71E4}.Release|ARM.Build.0 = Release|ARM
		{6C6165EC-66EC-4BAB-A640-30A2021B71E4}.Release|Win32.ActiveCfg = Release|x86
		{6C6165EC-66EC-4BAB-A640-30A2021B71E4}.Release|Win32.Build.0 = Release|x86
		{6C6165EC-66EC-4BAB-A640-30A2021B71E4}.Release|x64.ActiveCfg = Release|x64
		{6C6165EC-66EC-4BAB-A640-30A2021B71E4}.Release|x64.Build.0 = Release|x64
		{6C6165EC-66EC-4BAB-A640-30A2021B71E4}.Release|x86.ActiveCfg = Release|x86
		{6C6165EC-66EC-4BAB-A640-30A2021B71E4}.Release|x86.Build.0 = Release|x86
		{C6D98D08-45A8-4C3A-8FCD-FD40CBFDC80F}.Debug|Any CPU.ActiveCfg = Debug|x86
		{C6D98D08-45A8-4C3A-8FCD-FD40CBFDC80F}.Debug|ARM.ActiveCfg = Debug|ARM
		{C6D98D08-45A8-4C3A-8FCD-FD40CBFDC80F}.Debug|ARM.Build.0 = Debug|ARM
		{C6D98D08-45A8-4C3A-8FCD-FD40CBFDC80F}.Debug|ARM.Deploy.0 = Debug|ARM
		{C6D98D08-45A8-4C3A-8FCD-FD40CBFDC80F}.Debug|Win32.ActiveCfg = Debug|x86
		{C6D98D08-45A8-4C3A-8FCD-FD40CBFDC80F}.Debug|Win32.Build.0 = Debug|x86
		{C6D98D08-45A8-4C3A-8FCD-FD40CBFDC80F}.Debug|Win32.Deploy.0 = Debug|x86
		{C6D98D08-45A8-4C3A-8FCD-FD40CBFDC80F}.Debug|x64.ActiveCfg = Debug|x64
		{C6D98D08-45A8-4C3A-8FCD-FD40CBFDC80F}.Debug|x64.Build.0 = Debug|x64
		{C6D98D08-45A8-4C3A-8FCD-FD40CBFDC80F}.Debug|x64.Deploy.0 = Debug|x64
		{C6D98D08-45A8-4C3A-8FCD-FD40CBFDC80F}.Debug|x86.ActiveCfg = Debug|x86
		{C6D98D08-45A8-4C3A-8FCD-FD40CBFDC80F}.Debug|x86.Build.0 = Debug|x86
		{C6D98D08-45A8-4C3A-8FCD-FD40CBFDC80F}.Debug|x86.Deploy.0 = Debug|x86
		{C6D98D08-45A8-4C3A-8FCD-FD40CBFDC80F}.Release|Any CPU.ActiveCfg = Release|x86
		{C6D98D08-45A8-4C3A-8FCD-FD40CBFDC80F}.Release|ARM.ActiveCfg = Release|ARM
		{C6D98D08-45A8-4C3A-8FCD-FD40CBFDC80F}.Release|ARM.Build.0 = Release|ARM
		{C6D98D08-45A8-4C3A-8FCD-FD40CBFDC80F}.Release|ARM.Deploy.0 = Release|ARM
		{C6D98D08-45A8-4C3A-8FCD-FD40CBFDC80F}.Release|Win32.ActiveCfg = Release|x86
		{C6D98D08-45A8-4C3A-8FCD-FD40CBFDC80F}.Release|Win32.Build.0 = Release|x86
		{C6D98D08-45A8-4C3A-8FCD-FD40CBFDC80F}.Release|Win32.Deploy.0 = Release|x86
		{C6D98D08-45A8-4C3A-8FCD-FD40CBFDC80F}.Release|x64.ActiveCfg = Release|x64
		{C6D98D08-45A8-4C3A-8FCD-FD40CBFDC80F}.Release|x64.Build.0 = Release|x64
		{C6D98D08-45A8-4C3A-8FCD-FD40CBFDC80F}.Release|x64.Deploy.0 = Release|x64
		{C6D98D08-45A8-4C3A-8FCD-FD40CBFDC80F}.Release|x86.ActiveCfg = Release|x86
		{C6D98D08-45A8-4C3A-8FCD-FD40CBFDC80F}.Release|x86.Build.0 = Release|x86
		{C6D98D08-45A8-4C3A-8FCD-FD40CBFDC80F}.Release|x86.Deploy.0 = Release|x86
		{4A52AC2E-2A6C-4241-953B-494FC314D7AF}.Debug|Any CPU.ActiveCfg = Debug|Any CPU
		{4A52AC2E-2A6C-4241-953B-494FC314D7AF}.Debug|Any CPU.Build.0 = Debug|Any CPU
		{4A52AC2E-2A6C-4241-953B-494FC314D7AF}.Debug|ARM.ActiveCfg = Debug|ARM
		{4A52AC2E-2A6C-4241-953B-494FC314D7AF}.Debug|ARM.Build.0 = Debug|ARM
		{4A52AC2E-2A6C-4241-953B-494FC314D7AF}.Debug|Win32.ActiveCfg = Debug|x86
		{4A52AC2E-2A6C-4241-953B-494FC314D7AF}.Debug|Win32.Build.0 = Debug|x86
		{4A52AC2E-2A6C-4241-953B-494FC314D7AF}.Debug|x64.ActiveCfg = Debug|x64
		{4A52AC2E-2A6C-4241-953B-494FC314D7AF}.Debug|x64.Build.0 = Debug|x64
		{4A52AC2E-2A6C-4241-953B-494FC314D7AF}.Debug|x86.ActiveCfg = Debug|x86
		{4A52AC2E-2A6C-4241-953B-494FC314D7AF}.Debug|x86.Build.0 = Debug|x86
		{4A52AC2E-2A6C-4241-953B-494FC314D7AF}.Release|Any CPU.ActiveCfg = Release|Any CPU
		{4A52AC2E-2A6C-4241-953B-494FC314D7AF}.Release|Any CPU.Build.0 = Release|Any CPU
		{4A52AC2E-2A6C-4241-953B-494FC314D7AF}.Release|ARM.ActiveCfg = Release|ARM
		{4A52AC2E-2A6C-4241-953B-494FC314D7AF}.Release|ARM.Build.0 = Release|ARM
		{4A52AC2E-2A6C-4241-953B-494FC314D7AF}.Release|Win32.ActiveCfg = Release|x86
		{4A52AC2E-2A6C-4241-953B-494FC314D7AF}.Release|Win32.Build.0 = Release|x86
		{4A52AC2E-2A6C-4241-953B-494FC314D7AF}.Release|x64.ActiveCfg = Release|x64
		{4A52AC2E-2A6C-4241-953B-494FC314D7AF}.Release|x64.Build.0 = Release|x64
		{4A52AC2E-2A6C-4241-953B-494FC314D7AF}.Release|x86.ActiveCfg = Release|x86
		{4A52AC2E-2A6C-4241-953B-494FC314D7AF}.Release|x86.Build.0 = Release|x86
	EndGlobalSection
	GlobalSection(SolutionProperties) = preSolution
		HideSolutionNode = FALSE
	EndGlobalSection
	GlobalSection(NestedProjects) = preSolution
		{A86171C5-EDF7-4342-8F4D-76D6A02B9CBB} = {6B21D9F5-65D1-4F9D-9156-848847E3B0B0}
		{CFA44D11-4ED8-4CCF-ABAE-11209260CC08} = {6B21D9F5-65D1-4F9D-9156-848847E3B0B0}
		{31D77FDB-69FF-4788-9DD0-4EC84EBEB7D4} = {F690D09B-6772-4452-B791-9B9B644ED6DB}
		{6B21D9F5-65D1-4F9D-9156-848847E3B0B0} = {31D77FDB-69FF-4788-9DD0-4EC84EBEB7D4}
		{B2119192-B2D5-4E28-934E-6B0933E4EAAB} = {F690D09B-6772-4452-B791-9B9B644ED6DB}
		{A04F4475-C957-4AA8-AB17-D28C2A505AD6} = {F690D09B-6772-4452-B791-9B9B644ED6DB}
		{4FF0C351-38B6-47EB-8127-24F32E585739} = {A04F4475-C957-4AA8-AB17-D28C2A505AD6}
		{F9F133A2-76A8-4389-B0D4-EA07060B36FF} = {A04F4475-C957-4AA8-AB17-D28C2A505AD6}
		{3BE84D3D-7B5B-4C90-803D-A112D8AB40C7} = {31D77FDB-69FF-4788-9DD0-4EC84EBEB7D4}
		{47B49308-37B1-4114-956E-66D508F2BB93} = {31D77FDB-69FF-4788-9DD0-4EC84EBEB7D4}
		{8C872F7B-131E-45C6-97AA-BBBF9128C025} = {9B9066B2-F4A8-4876-BD2C-708FB22C5C52}
		{AB1E5CF0-A30E-4046-A468-0F8AA8D0BE5D} = {9B9066B2-F4A8-4876-BD2C-708FB22C5C52}
		{2BB4C561-2D7E-4D19-82BE-519FA659E4BE} = {E19CC1DD-42D5-4E43-A12B-285228AA214A}
		{B2826828-29A4-4E27-9452-22E5C167EC25} = {9B9066B2-F4A8-4876-BD2C-708FB22C5C52}
		{52E99C27-8034-4516-9AC8-9F00C4A2C5A6} = {D5D1C877-14FC-4E79-B7BB-259FF8F40FFB}
		{46E58075-B4A0-4779-9F24-79D4B6F26A7B} = {9B9066B2-F4A8-4876-BD2C-708FB22C5C52}
		{E70F64A0-FD12-4C74-BC48-52BA1DFB528D} = {9B9066B2-F4A8-4876-BD2C-708FB22C5C52}
		{67217112-CE31-4E8F-AAF5-1E8163C76A7E} = {B2119192-B2D5-4E28-934E-6B0933E4EAAB}
		{0F6D3975-EA7E-42E7-8D64-7C946BB033AF} = {F690D09B-6772-4452-B791-9B9B644ED6DB}
		{E9B99C9B-9738-494B-96F0-CF39B820C61B} = {D5D1C877-14FC-4E79-B7BB-259FF8F40FFB}
		{74EE7AE8-C021-48B5-8C2D-E1F45C8BFBD8} = {D5D1C877-14FC-4E79-B7BB-259FF8F40FFB}
		{18DFCD61-1EA4-4E82-AD9A-8D7A1B218506} = {D5D1C877-14FC-4E79-B7BB-259FF8F40FFB}
		{158E3A55-1FC7-4996-972B-8AD738A018B8} = {D5D1C877-14FC-4E79-B7BB-259FF8F40FFB}
		{A82CCE04-0E15-4913-B959-E3F3CB58AE7F} = {B3C801B4-DF22-4BD5-B9E6-6F398F7DEBB1}
		{BC2A1A15-4B08-48AD-84FC-758A0EFB7B09} = {9B9066B2-F4A8-4876-BD2C-708FB22C5C52}
		{87F5C8F8-2E14-4D7E-A378-5E58FED3C0DC} = {E19CC1DD-42D5-4E43-A12B-285228AA214A}
		{ABBC994D-91C0-4F93-82F7-BF91943BC574} = {E19CC1DD-42D5-4E43-A12B-285228AA214A}
		{9B2DD9BE-77F9-455E-B219-7E4110A6AA16} = {E19CC1DD-42D5-4E43-A12B-285228AA214A}
		{70D45967-C3D1-4C5B-87B0-16748F46A324} = {E19CC1DD-42D5-4E43-A12B-285228AA214A}
		{E19CC1DD-42D5-4E43-A12B-285228AA214A} = {B2119192-B2D5-4E28-934E-6B0933E4EAAB}
		{66520464-7F28-47C8-AEB5-FE666A6D1B1B} = {303BC465-7EF7-4F90-AB73-6A8FC583C006}
		{FB77EDD5-6961-449F-9A85-19401F9B1B47} = {34DE128B-A69A-4498-8D55-FABA825E80CD}
		{34DE128B-A69A-4498-8D55-FABA825E80CD} = {66520464-7F28-47C8-AEB5-FE666A6D1B1B}
		{7E703E9A-2864-4DC6-8CD5-AA4767678E46} = {34DE128B-A69A-4498-8D55-FABA825E80CD}
		{7C340A0D-80A0-4ED5-AF90-E3C988CD87CB} = {FB77EDD5-6961-449F-9A85-19401F9B1B47}
		{DD57413F-118D-453B-98C7-04433952D2F4} = {FB77EDD5-6961-449F-9A85-19401F9B1B47}
		{4C0821A7-EC6E-4B2E-BEAE-E807DA531BBE} = {FB77EDD5-6961-449F-9A85-19401F9B1B47}
		{26C89EF5-CCAD-4731-B150-79BFF3CDB4B9} = {34DE128B-A69A-4498-8D55-FABA825E80CD}
		{C4460590-79DB-4E46-AC47-2A3C1912CF18} = {66520464-7F28-47C8-AEB5-FE666A6D1B1B}
		{FC87FC6D-FEED-4BFC-8873-D222FE7E0FD7} = {66520464-7F28-47C8-AEB5-FE666A6D1B1B}
		{8BEF74E4-A6A5-4672-9D24-C84140944CEF} = {66520464-7F28-47C8-AEB5-FE666A6D1B1B}
		{1148402D-B54C-4938-A5D7-71139A9098D3} = {66520464-7F28-47C8-AEB5-FE666A6D1B1B}
		{A2932D04-85AF-4A93-8456-0DBFF8341F63} = {66520464-7F28-47C8-AEB5-FE666A6D1B1B}
		{3C3A64FD-15AB-4768-985B-F5E1745D9E06} = {34DE128B-A69A-4498-8D55-FABA825E80CD}
		{0C039330-2D58-44CA-9188-B73F43ED3809} = {DD68D4F7-7965-48B0-8E1D-6E302F3D94F5}
		{F690D09B-6772-4452-B791-9B9B644ED6DB} = {71BB5766-D5A6-4DF9-B288-2F58509B4A19}
		{430C841F-9529-4C3E-99C3-04F5CB2FB098} = {0C039330-2D58-44CA-9188-B73F43ED3809}
		{5B160449-E2EF-4B2B-8971-B0967E71EE7B} = {430C841F-9529-4C3E-99C3-04F5CB2FB098}
		{303BC465-7EF7-4F90-AB73-6A8FC583C006} = {354F3BB7-B1EA-4612-970B-50AE48C80FF1}
		{F1CB8D2F-9820-441C-B3BC-ED9A53184035} = {DD68D4F7-7965-48B0-8E1D-6E302F3D94F5}
		{0BC52FB7-0F4B-4715-AA90-3B564401D912} = {F1CB8D2F-9820-441C-B3BC-ED9A53184035}
		{AF8E3222-A068-4E8B-B409-B03B23C523F1} = {F1CB8D2F-9820-441C-B3BC-ED9A53184035}
		{B8FEA1A5-A0C9-43E6-9ED5-0E3ABD082E00} = {DD68D4F7-7965-48B0-8E1D-6E302F3D94F5}
		{0F702261-9DBE-4F34-8BA9-02C05F59EEDB} = {DD68D4F7-7965-48B0-8E1D-6E302F3D94F5}
		{897A8020-4315-4C17-BBA2-41046480A37F} = {B8FEA1A5-A0C9-43E6-9ED5-0E3ABD082E00}
		{1345726D-287F-4561-A2DA-B29EC65C85A1} = {F1CB8D2F-9820-441C-B3BC-ED9A53184035}
		{2254A4F7-B66F-4068-8B9F-54AC550D5B32} = {897A8020-4315-4C17-BBA2-41046480A37F}
		{B3C801B4-DF22-4BD5-B9E6-6F398F7DEBB1} = {B2119192-B2D5-4E28-934E-6B0933E4EAAB}
		{9B9066B2-F4A8-4876-BD2C-708FB22C5C52} = {67217112-CE31-4E8F-AAF5-1E8163C76A7E}
		{D5D1C877-14FC-4E79-B7BB-259FF8F40FFB} = {67217112-CE31-4E8F-AAF5-1E8163C76A7E}
		{0C5E60EF-07B1-4BBC-90DF-35E93FD5AB71} = {897A8020-4315-4C17-BBA2-41046480A37F}
		{CC29A0EE-EB42-45DC-A9A3-7248211B8D78} = {897A8020-4315-4C17-BBA2-41046480A37F}
		{E182AB8B-AEA5-425B-83C5-EA08DB213996} = {354F3BB7-B1EA-4612-970B-50AE48C80FF1}
		{C5F80730-F44F-4478-BDAE-6634EFC2CA88} = {E182AB8B-AEA5-425B-83C5-EA08DB213996}
		{208680E0-389C-4EA4-A69C-140CE09F0AE6} = {1B138644-040A-4003-8DC3-B418427FBB5F}
		{8B9ECDA3-0FD6-408D-8B1A-DE46CDC4F05D} = {897A8020-4315-4C17-BBA2-41046480A37F}
		{1B138644-040A-4003-8DC3-B418427FBB5F} = {B8FEA1A5-A0C9-43E6-9ED5-0E3ABD082E00}
		{4DFAA97C-AF72-4497-BFD2-B14D58AB340C} = {897A8020-4315-4C17-BBA2-41046480A37F}
		{9DB4329D-1705-4F7A-98FC-3901EC521599} = {F1CB8D2F-9820-441C-B3BC-ED9A53184035}
		{B846B4C2-22D3-46B4-8CBA-CBA4853D35A2} = {F1CB8D2F-9820-441C-B3BC-ED9A53184035}
		{71718A41-DD1A-48E7-AA35-FA2569CAE77D} = {897A8020-4315-4C17-BBA2-41046480A37F}
		{4DBE46C4-28B7-4FD6-A9F9-C0F92C8F5693} = {F1CB8D2F-9820-441C-B3BC-ED9A53184035}
		{4D1DE182-E175-4C4A-9FFF-5BAA1182A627} = {0F702261-9DBE-4F34-8BA9-02C05F59EEDB}
		{32879255-8FB2-4984-8DA2-DFDD41E4DE11} = {0F702261-9DBE-4F34-8BA9-02C05F59EEDB}
		{7EEA819D-0B38-428F-B8BE-D00D6BBD898A} = {32879255-8FB2-4984-8DA2-DFDD41E4DE11}
		{4C7A31AE-D5D5-47F1-A84B-1AAEE11D2328} = {4D1DE182-E175-4C4A-9FFF-5BAA1182A627}
		{6C6165EC-66EC-4BAB-A640-30A2021B71E4} = {4D1DE182-E175-4C4A-9FFF-5BAA1182A627}
		{C6D98D08-45A8-4C3A-8FCD-FD40CBFDC80F} = {4D1DE182-E175-4C4A-9FFF-5BAA1182A627}
		{4A52AC2E-2A6C-4241-953B-494FC314D7AF} = {897A8020-4315-4C17-BBA2-41046480A37F}
	EndGlobalSection
	GlobalSection(ExtensibilityGlobals) = postSolution
		EnterpriseLibraryConfigurationToolBinariesPathV6 = packages\EnterpriseLibrary.TransientFaultHandling.6.0.1304.0\lib\portable-net45+win+wp8
		SolutionGuid = {D2E7755D-DCB1-45FF-ADE1-EF87790B4082}
	EndGlobalSection
EndGlobal
