
Microsoft Visual Studio Solution File, Format Version 12.00
# Visual Studio 2013
VisualStudioVersion = 12.0.31101.0
MinimumVisualStudioVersion = 10.0.40219.1
Project("{FAE04EC0-301F-11D3-BF4B-00C04F79EFBC}") = "MySensors.Controllers", "MySensors.Controllers\MySensors.Controllers.csproj", "{A86171C5-EDF7-4342-8F4D-76D6A02B9CBB}"
EndProject
Project("{FAE04EC0-301F-11D3-BF4B-00C04F79EFBC}") = "MySensors.AutomationServices", "MySensors.AutomationServices\MySensors.AutomationServices.csproj", "{CFA44D11-4ED8-4CCF-ABAE-11209260CC08}"
EndProject
Project("{2150E333-8FDC-42A3-9474-1A3956D46DE8}") = "Core", "Core", "{31D77FDB-69FF-4788-9DD0-4EC84EBEB7D4}"
EndProject
Project("{2150E333-8FDC-42A3-9474-1A3956D46DE8}") = "Old", "Old", "{6B21D9F5-65D1-4F9D-9156-848847E3B0B0}"
EndProject
Project("{2150E333-8FDC-42A3-9474-1A3956D46DE8}") = "Plugins", "Plugins", "{B2119192-B2D5-4E28-934E-6B0933E4EAAB}"
	ProjectSection(SolutionItems) = preProject
		Plugin creation manual.txt = Plugin creation manual.txt
	EndProjectSection
EndProject
Project("{2150E333-8FDC-42A3-9474-1A3956D46DE8}") = "Application", "Application", "{A04F4475-C957-4AA8-AB17-D28C2A505AD6}"
EndProject
Project("{2150E333-8FDC-42A3-9474-1A3956D46DE8}") = "Solution Items", "Solution Items", "{0AF41DF9-654F-498D-AF5E-E569462DB588}"
	ProjectSection(SolutionItems) = preProject
		SmartHub.sdf = SmartHub.sdf
	EndProjectSection
EndProject
Project("{FAE04EC0-301F-11D3-BF4B-00C04F79EFBC}") = "SmartHub.ApplicationConsole", "SmartHub.ApplicationConsole\SmartHub.ApplicationConsole.csproj", "{4FF0C351-38B6-47EB-8127-24F32E585739}"
EndProject
Project("{FAE04EC0-301F-11D3-BF4B-00C04F79EFBC}") = "SmartHub.ApplicationService", "SmartHub.ApplicationService\SmartHub.ApplicationService.csproj", "{F9F133A2-76A8-4389-B0D4-EA07060B36FF}"
EndProject
Project("{FAE04EC0-301F-11D3-BF4B-00C04F79EFBC}") = "SmartHub.Core.Plugins", "SmartHub.Core.Plugins\SmartHub.Core.Plugins.csproj", "{3BE84D3D-7B5B-4C90-803D-A112D8AB40C7}"
EndProject
Project("{FAE04EC0-301F-11D3-BF4B-00C04F79EFBC}") = "SmartHub.Core.Infrastructure", "SmartHub.Core.Infrastructure\SmartHub.Core.Infrastructure.csproj", "{47B49308-37B1-4114-956E-66D508F2BB93}"
EndProject
Project("{FAE04EC0-301F-11D3-BF4B-00C04F79EFBC}") = "SmartHub.Plugins.Audio", "SmartHub.Plugins.Audio\SmartHub.Plugins.Audio.csproj", "{8C872F7B-131E-45C6-97AA-BBBF9128C025}"
EndProject
Project("{FAE04EC0-301F-11D3-BF4B-00C04F79EFBC}") = "SmartHub.Plugins.Timer", "SmartHub.Plugins.Timer\SmartHub.Plugins.Timer.csproj", "{AB1E5CF0-A30E-4046-A468-0F8AA8D0BE5D}"
EndProject
Project("{FAE04EC0-301F-11D3-BF4B-00C04F79EFBC}") = "SmartHub.Plugins.MySensors", "SmartHub.Plugins.MySensors\SmartHub.Plugins.MySensors.csproj", "{2BB4C561-2D7E-4D19-82BE-519FA659E4BE}"
EndProject
Project("{FAE04EC0-301F-11D3-BF4B-00C04F79EFBC}") = "SmartHub.Plugins.HttpListener", "SmartHub.Plugins.HttpListener\SmartHub.Plugins.HttpListener.csproj", "{B2826828-29A4-4E27-9452-22E5C167EC25}"
EndProject
Project("{FAE04EC0-301F-11D3-BF4B-00C04F79EFBC}") = "SmartHub.Plugins.WebUI", "SmartHub.Plugins.WebUI\SmartHub.Plugins.WebUI.csproj", "{52E99C27-8034-4516-9AC8-9F00C4A2C5A6}"
EndProject
Project("{FAE04EC0-301F-11D3-BF4B-00C04F79EFBC}") = "SmartHub.Plugins.SignalR", "SmartHub.Plugins.SignalR\SmartHub.Plugins.SignalR.csproj", "{46E58075-B4A0-4779-9F24-79D4B6F26A7B}"
EndProject
Project("{FAE04EC0-301F-11D3-BF4B-00C04F79EFBC}") = "SmartHub.Plugins.Packages", "SmartHub.Plugins.Packages\SmartHub.Plugins.Packages.csproj", "{E70F64A0-FD12-4C74-BC48-52BA1DFB528D}"
EndProject
Project("{2150E333-8FDC-42A3-9474-1A3956D46DE8}") = "System", "System", "{67217112-CE31-4E8F-AAF5-1E8163C76A7E}"
EndProject
Project("{FAE04EC0-301F-11D3-BF4B-00C04F79EFBC}") = "SmartHub.Plugins.AquaController", "SmartHub.Plugins.AquaController\SmartHub.Plugins.AquaController.csproj", "{21C10EC6-02CF-47BE-B92B-C0A8D498C52C}"
EndProject
Global
	GlobalSection(SolutionConfigurationPlatforms) = preSolution
		Debug|Any CPU = Debug|Any CPU
		Debug|ARM = Debug|ARM
		Debug|Mixed Platforms = Debug|Mixed Platforms
		Debug|Win32 = Debug|Win32
		Debug|x64 = Debug|x64
		Debug|x86 = Debug|x86
		Release|Any CPU = Release|Any CPU
		Release|ARM = Release|ARM
		Release|Mixed Platforms = Release|Mixed Platforms
		Release|Win32 = Release|Win32
		Release|x64 = Release|x64
		Release|x86 = Release|x86
	EndGlobalSection
	GlobalSection(ProjectConfigurationPlatforms) = postSolution
		{A86171C5-EDF7-4342-8F4D-76D6A02B9CBB}.Debug|Any CPU.ActiveCfg = Debug|Any CPU
		{A86171C5-EDF7-4342-8F4D-76D6A02B9CBB}.Debug|Any CPU.Build.0 = Debug|Any CPU
		{A86171C5-EDF7-4342-8F4D-76D6A02B9CBB}.Debug|ARM.ActiveCfg = Debug|Any CPU
		{A86171C5-EDF7-4342-8F4D-76D6A02B9CBB}.Debug|Mixed Platforms.ActiveCfg = Debug|Any CPU
		{A86171C5-EDF7-4342-8F4D-76D6A02B9CBB}.Debug|Win32.ActiveCfg = Debug|Any CPU
		{A86171C5-EDF7-4342-8F4D-76D6A02B9CBB}.Debug|x64.ActiveCfg = Debug|Any CPU
		{A86171C5-EDF7-4342-8F4D-76D6A02B9CBB}.Debug|x86.ActiveCfg = Debug|Any CPU
		{A86171C5-EDF7-4342-8F4D-76D6A02B9CBB}.Release|Any CPU.ActiveCfg = Release|Any CPU
		{A86171C5-EDF7-4342-8F4D-76D6A02B9CBB}.Release|Any CPU.Build.0 = Release|Any CPU
		{A86171C5-EDF7-4342-8F4D-76D6A02B9CBB}.Release|ARM.ActiveCfg = Release|Any CPU
		{A86171C5-EDF7-4342-8F4D-76D6A02B9CBB}.Release|Mixed Platforms.ActiveCfg = Release|Any CPU
		{A86171C5-EDF7-4342-8F4D-76D6A02B9CBB}.Release|Win32.ActiveCfg = Release|Any CPU
		{A86171C5-EDF7-4342-8F4D-76D6A02B9CBB}.Release|x64.ActiveCfg = Release|Any CPU
		{A86171C5-EDF7-4342-8F4D-76D6A02B9CBB}.Release|x86.ActiveCfg = Release|Any CPU
		{CFA44D11-4ED8-4CCF-ABAE-11209260CC08}.Debug|Any CPU.ActiveCfg = Debug|Any CPU
		{CFA44D11-4ED8-4CCF-ABAE-11209260CC08}.Debug|Any CPU.Build.0 = Debug|Any CPU
		{CFA44D11-4ED8-4CCF-ABAE-11209260CC08}.Debug|ARM.ActiveCfg = Debug|Any CPU
		{CFA44D11-4ED8-4CCF-ABAE-11209260CC08}.Debug|Mixed Platforms.ActiveCfg = Debug|Any CPU
		{CFA44D11-4ED8-4CCF-ABAE-11209260CC08}.Debug|Win32.ActiveCfg = Debug|Any CPU
		{CFA44D11-4ED8-4CCF-ABAE-11209260CC08}.Debug|x64.ActiveCfg = Debug|Any CPU
		{CFA44D11-4ED8-4CCF-ABAE-11209260CC08}.Debug|x86.ActiveCfg = Debug|Any CPU
		{CFA44D11-4ED8-4CCF-ABAE-11209260CC08}.Release|Any CPU.ActiveCfg = Release|Any CPU
		{CFA44D11-4ED8-4CCF-ABAE-11209260CC08}.Release|Any CPU.Build.0 = Release|Any CPU
		{CFA44D11-4ED8-4CCF-ABAE-11209260CC08}.Release|ARM.ActiveCfg = Release|Any CPU
		{CFA44D11-4ED8-4CCF-ABAE-11209260CC08}.Release|Mixed Platforms.ActiveCfg = Release|Any CPU
		{CFA44D11-4ED8-4CCF-ABAE-11209260CC08}.Release|Win32.ActiveCfg = Release|Any CPU
		{CFA44D11-4ED8-4CCF-ABAE-11209260CC08}.Release|x64.ActiveCfg = Release|Any CPU
		{CFA44D11-4ED8-4CCF-ABAE-11209260CC08}.Release|x86.ActiveCfg = Release|Any CPU
		{4FF0C351-38B6-47EB-8127-24F32E585739}.Debug|Any CPU.ActiveCfg = Debug|Any CPU
		{4FF0C351-38B6-47EB-8127-24F32E585739}.Debug|Any CPU.Build.0 = Debug|Any CPU
		{4FF0C351-38B6-47EB-8127-24F32E585739}.Debug|ARM.ActiveCfg = Debug|Any CPU
		{4FF0C351-38B6-47EB-8127-24F32E585739}.Debug|Mixed Platforms.ActiveCfg = Debug|Any CPU
		{4FF0C351-38B6-47EB-8127-24F32E585739}.Debug|Mixed Platforms.Build.0 = Debug|Any CPU
		{4FF0C351-38B6-47EB-8127-24F32E585739}.Debug|Win32.ActiveCfg = Debug|Any CPU
		{4FF0C351-38B6-47EB-8127-24F32E585739}.Debug|x64.ActiveCfg = Debug|Any CPU
		{4FF0C351-38B6-47EB-8127-24F32E585739}.Debug|x86.ActiveCfg = Debug|Any CPU
		{4FF0C351-38B6-47EB-8127-24F32E585739}.Release|Any CPU.ActiveCfg = Release|Any CPU
		{4FF0C351-38B6-47EB-8127-24F32E585739}.Release|Any CPU.Build.0 = Release|Any CPU
		{4FF0C351-38B6-47EB-8127-24F32E585739}.Release|ARM.ActiveCfg = Release|Any CPU
		{4FF0C351-38B6-47EB-8127-24F32E585739}.Release|Mixed Platforms.ActiveCfg = Release|Any CPU
		{4FF0C351-38B6-47EB-8127-24F32E585739}.Release|Mixed Platforms.Build.0 = Release|Any CPU
		{4FF0C351-38B6-47EB-8127-24F32E585739}.Release|Win32.ActiveCfg = Release|Any CPU
		{4FF0C351-38B6-47EB-8127-24F32E585739}.Release|x64.ActiveCfg = Release|Any CPU
		{4FF0C351-38B6-47EB-8127-24F32E585739}.Release|x86.ActiveCfg = Release|Any CPU
		{F9F133A2-76A8-4389-B0D4-EA07060B36FF}.Debug|Any CPU.ActiveCfg = Debug|Any CPU
		{F9F133A2-76A8-4389-B0D4-EA07060B36FF}.Debug|Any CPU.Build.0 = Debug|Any CPU
		{F9F133A2-76A8-4389-B0D4-EA07060B36FF}.Debug|ARM.ActiveCfg = Debug|Any CPU
		{F9F133A2-76A8-4389-B0D4-EA07060B36FF}.Debug|Mixed Platforms.ActiveCfg = Debug|Any CPU
		{F9F133A2-76A8-4389-B0D4-EA07060B36FF}.Debug|Mixed Platforms.Build.0 = Debug|Any CPU
		{F9F133A2-76A8-4389-B0D4-EA07060B36FF}.Debug|Win32.ActiveCfg = Debug|Any CPU
		{F9F133A2-76A8-4389-B0D4-EA07060B36FF}.Debug|x64.ActiveCfg = Debug|Any CPU
		{F9F133A2-76A8-4389-B0D4-EA07060B36FF}.Debug|x86.ActiveCfg = Debug|Any CPU
		{F9F133A2-76A8-4389-B0D4-EA07060B36FF}.Release|Any CPU.ActiveCfg = Release|Any CPU
		{F9F133A2-76A8-4389-B0D4-EA07060B36FF}.Release|Any CPU.Build.0 = Release|Any CPU
		{F9F133A2-76A8-4389-B0D4-EA07060B36FF}.Release|ARM.ActiveCfg = Release|Any CPU
		{F9F133A2-76A8-4389-B0D4-EA07060B36FF}.Release|Mixed Platforms.ActiveCfg = Release|Any CPU
		{F9F133A2-76A8-4389-B0D4-EA07060B36FF}.Release|Mixed Platforms.Build.0 = Release|Any CPU
		{F9F133A2-76A8-4389-B0D4-EA07060B36FF}.Release|Win32.ActiveCfg = Release|Any CPU
		{F9F133A2-76A8-4389-B0D4-EA07060B36FF}.Release|x64.ActiveCfg = Release|Any CPU
		{F9F133A2-76A8-4389-B0D4-EA07060B36FF}.Release|x86.ActiveCfg = Release|Any CPU
		{3BE84D3D-7B5B-4C90-803D-A112D8AB40C7}.Debug|Any CPU.ActiveCfg = Debug|Any CPU
		{3BE84D3D-7B5B-4C90-803D-A112D8AB40C7}.Debug|Any CPU.Build.0 = Debug|Any CPU
		{3BE84D3D-7B5B-4C90-803D-A112D8AB40C7}.Debug|ARM.ActiveCfg = Debug|Any CPU
		{3BE84D3D-7B5B-4C90-803D-A112D8AB40C7}.Debug|Mixed Platforms.ActiveCfg = Debug|Any CPU
		{3BE84D3D-7B5B-4C90-803D-A112D8AB40C7}.Debug|Mixed Platforms.Build.0 = Debug|Any CPU
		{3BE84D3D-7B5B-4C90-803D-A112D8AB40C7}.Debug|Win32.ActiveCfg = Debug|Any CPU
		{3BE84D3D-7B5B-4C90-803D-A112D8AB40C7}.Debug|x64.ActiveCfg = Debug|Any CPU
		{3BE84D3D-7B5B-4C90-803D-A112D8AB40C7}.Debug|x86.ActiveCfg = Debug|Any CPU
		{3BE84D3D-7B5B-4C90-803D-A112D8AB40C7}.Release|Any CPU.ActiveCfg = Release|Any CPU
		{3BE84D3D-7B5B-4C90-803D-A112D8AB40C7}.Release|Any CPU.Build.0 = Release|Any CPU
		{3BE84D3D-7B5B-4C90-803D-A112D8AB40C7}.Release|ARM.ActiveCfg = Release|Any CPU
		{3BE84D3D-7B5B-4C90-803D-A112D8AB40C7}.Release|Mixed Platforms.ActiveCfg = Release|Any CPU
		{3BE84D3D-7B5B-4C90-803D-A112D8AB40C7}.Release|Mixed Platforms.Build.0 = Release|Any CPU
		{3BE84D3D-7B5B-4C90-803D-A112D8AB40C7}.Release|Win32.ActiveCfg = Release|Any CPU
		{3BE84D3D-7B5B-4C90-803D-A112D8AB40C7}.Release|x64.ActiveCfg = Release|Any CPU
		{3BE84D3D-7B5B-4C90-803D-A112D8AB40C7}.Release|x86.ActiveCfg = Release|Any CPU
		{47B49308-37B1-4114-956E-66D508F2BB93}.Debug|Any CPU.ActiveCfg = Debug|Any CPU
		{47B49308-37B1-4114-956E-66D508F2BB93}.Debug|Any CPU.Build.0 = Debug|Any CPU
		{47B49308-37B1-4114-956E-66D508F2BB93}.Debug|ARM.ActiveCfg = Debug|Any CPU
		{47B49308-37B1-4114-956E-66D508F2BB93}.Debug|Mixed Platforms.ActiveCfg = Debug|Any CPU
		{47B49308-37B1-4114-956E-66D508F2BB93}.Debug|Mixed Platforms.Build.0 = Debug|Any CPU
		{47B49308-37B1-4114-956E-66D508F2BB93}.Debug|Win32.ActiveCfg = Debug|Any CPU
		{47B49308-37B1-4114-956E-66D508F2BB93}.Debug|x64.ActiveCfg = Debug|Any CPU
		{47B49308-37B1-4114-956E-66D508F2BB93}.Debug|x86.ActiveCfg = Debug|Any CPU
		{47B49308-37B1-4114-956E-66D508F2BB93}.Release|Any CPU.ActiveCfg = Release|Any CPU
		{47B49308-37B1-4114-956E-66D508F2BB93}.Release|Any CPU.Build.0 = Release|Any CPU
		{47B49308-37B1-4114-956E-66D508F2BB93}.Release|ARM.ActiveCfg = Release|Any CPU
		{47B49308-37B1-4114-956E-66D508F2BB93}.Release|Mixed Platforms.ActiveCfg = Release|Any CPU
		{47B49308-37B1-4114-956E-66D508F2BB93}.Release|Mixed Platforms.Build.0 = Release|Any CPU
		{47B49308-37B1-4114-956E-66D508F2BB93}.Release|Win32.ActiveCfg = Release|Any CPU
		{47B49308-37B1-4114-956E-66D508F2BB93}.Release|x64.ActiveCfg = Release|Any CPU
		{47B49308-37B1-4114-956E-66D508F2BB93}.Release|x86.ActiveCfg = Release|Any CPU
		{8C872F7B-131E-45C6-97AA-BBBF9128C025}.Debug|Any CPU.ActiveCfg = Debug|Any CPU
		{8C872F7B-131E-45C6-97AA-BBBF9128C025}.Debug|Any CPU.Build.0 = Debug|Any CPU
		{8C872F7B-131E-45C6-97AA-BBBF9128C025}.Debug|ARM.ActiveCfg = Debug|Any CPU
		{8C872F7B-131E-45C6-97AA-BBBF9128C025}.Debug|Mixed Platforms.ActiveCfg = Debug|Any CPU
		{8C872F7B-131E-45C6-97AA-BBBF9128C025}.Debug|Mixed Platforms.Build.0 = Debug|Any CPU
		{8C872F7B-131E-45C6-97AA-BBBF9128C025}.Debug|Win32.ActiveCfg = Debug|Any CPU
		{8C872F7B-131E-45C6-97AA-BBBF9128C025}.Debug|x64.ActiveCfg = Debug|Any CPU
		{8C872F7B-131E-45C6-97AA-BBBF9128C025}.Debug|x86.ActiveCfg = Debug|Any CPU
		{8C872F7B-131E-45C6-97AA-BBBF9128C025}.Release|Any CPU.ActiveCfg = Release|Any CPU
		{8C872F7B-131E-45C6-97AA-BBBF9128C025}.Release|Any CPU.Build.0 = Release|Any CPU
		{8C872F7B-131E-45C6-97AA-BBBF9128C025}.Release|ARM.ActiveCfg = Release|Any CPU
		{8C872F7B-131E-45C6-97AA-BBBF9128C025}.Release|Mixed Platforms.ActiveCfg = Release|Any CPU
		{8C872F7B-131E-45C6-97AA-BBBF9128C025}.Release|Mixed Platforms.Build.0 = Release|Any CPU
		{8C872F7B-131E-45C6-97AA-BBBF9128C025}.Release|Win32.ActiveCfg = Release|Any CPU
		{8C872F7B-131E-45C6-97AA-BBBF9128C025}.Release|x64.ActiveCfg = Release|Any CPU
		{8C872F7B-131E-45C6-97AA-BBBF9128C025}.Release|x86.ActiveCfg = Release|Any CPU
		{AB1E5CF0-A30E-4046-A468-0F8AA8D0BE5D}.Debug|Any CPU.ActiveCfg = Debug|Any CPU
		{AB1E5CF0-A30E-4046-A468-0F8AA8D0BE5D}.Debug|Any CPU.Build.0 = Debug|Any CPU
		{AB1E5CF0-A30E-4046-A468-0F8AA8D0BE5D}.Debug|ARM.ActiveCfg = Debug|Any CPU
		{AB1E5CF0-A30E-4046-A468-0F8AA8D0BE5D}.Debug|Mixed Platforms.ActiveCfg = Debug|Any CPU
		{AB1E5CF0-A30E-4046-A468-0F8AA8D0BE5D}.Debug|Mixed Platforms.Build.0 = Debug|Any CPU
		{AB1E5CF0-A30E-4046-A468-0F8AA8D0BE5D}.Debug|Win32.ActiveCfg = Debug|Any CPU
		{AB1E5CF0-A30E-4046-A468-0F8AA8D0BE5D}.Debug|x64.ActiveCfg = Debug|Any CPU
		{AB1E5CF0-A30E-4046-A468-0F8AA8D0BE5D}.Debug|x86.ActiveCfg = Debug|Any CPU
		{AB1E5CF0-A30E-4046-A468-0F8AA8D0BE5D}.Release|Any CPU.ActiveCfg = Release|Any CPU
		{AB1E5CF0-A30E-4046-A468-0F8AA8D0BE5D}.Release|Any CPU.Build.0 = Release|Any CPU
		{AB1E5CF0-A30E-4046-A468-0F8AA8D0BE5D}.Release|ARM.ActiveCfg = Release|Any CPU
		{AB1E5CF0-A30E-4046-A468-0F8AA8D0BE5D}.Release|Mixed Platforms.ActiveCfg = Release|Any CPU
		{AB1E5CF0-A30E-4046-A468-0F8AA8D0BE5D}.Release|Mixed Platforms.Build.0 = Release|Any CPU
		{AB1E5CF0-A30E-4046-A468-0F8AA8D0BE5D}.Release|Win32.ActiveCfg = Release|Any CPU
		{AB1E5CF0-A30E-4046-A468-0F8AA8D0BE5D}.Release|x64.ActiveCfg = Release|Any CPU
		{AB1E5CF0-A30E-4046-A468-0F8AA8D0BE5D}.Release|x86.ActiveCfg = Release|Any CPU
		{2BB4C561-2D7E-4D19-82BE-519FA659E4BE}.Debug|Any CPU.ActiveCfg = Debug|Any CPU
		{2BB4C561-2D7E-4D19-82BE-519FA659E4BE}.Debug|Any CPU.Build.0 = Debug|Any CPU
		{2BB4C561-2D7E-4D19-82BE-519FA659E4BE}.Debug|ARM.ActiveCfg = Debug|Any CPU
		{2BB4C561-2D7E-4D19-82BE-519FA659E4BE}.Debug|Mixed Platforms.ActiveCfg = Debug|Any CPU
		{2BB4C561-2D7E-4D19-82BE-519FA659E4BE}.Debug|Mixed Platforms.Build.0 = Debug|Any CPU
		{2BB4C561-2D7E-4D19-82BE-519FA659E4BE}.Debug|Win32.ActiveCfg = Debug|Any CPU
		{2BB4C561-2D7E-4D19-82BE-519FA659E4BE}.Debug|x64.ActiveCfg = Debug|Any CPU
		{2BB4C561-2D7E-4D19-82BE-519FA659E4BE}.Debug|x86.ActiveCfg = Debug|Any CPU
		{2BB4C561-2D7E-4D19-82BE-519FA659E4BE}.Release|Any CPU.ActiveCfg = Release|Any CPU
		{2BB4C561-2D7E-4D19-82BE-519FA659E4BE}.Release|Any CPU.Build.0 = Release|Any CPU
		{2BB4C561-2D7E-4D19-82BE-519FA659E4BE}.Release|ARM.ActiveCfg = Release|Any CPU
		{2BB4C561-2D7E-4D19-82BE-519FA659E4BE}.Release|Mixed Platforms.ActiveCfg = Release|Any CPU
		{2BB4C561-2D7E-4D19-82BE-519FA659E4BE}.Release|Mixed Platforms.Build.0 = Release|Any CPU
		{2BB4C561-2D7E-4D19-82BE-519FA659E4BE}.Release|Win32.ActiveCfg = Release|Any CPU
		{2BB4C561-2D7E-4D19-82BE-519FA659E4BE}.Release|x64.ActiveCfg = Release|Any CPU
		{2BB4C561-2D7E-4D19-82BE-519FA659E4BE}.Release|x86.ActiveCfg = Release|Any CPU
		{B2826828-29A4-4E27-9452-22E5C167EC25}.Debug|Any CPU.ActiveCfg = Debug|Any CPU
		{B2826828-29A4-4E27-9452-22E5C167EC25}.Debug|Any CPU.Build.0 = Debug|Any CPU
		{B2826828-29A4-4E27-9452-22E5C167EC25}.Debug|ARM.ActiveCfg = Debug|Any CPU
		{B2826828-29A4-4E27-9452-22E5C167EC25}.Debug|Mixed Platforms.ActiveCfg = Debug|Any CPU
		{B2826828-29A4-4E27-9452-22E5C167EC25}.Debug|Mixed Platforms.Build.0 = Debug|Any CPU
		{B2826828-29A4-4E27-9452-22E5C167EC25}.Debug|Win32.ActiveCfg = Debug|Any CPU
		{B2826828-29A4-4E27-9452-22E5C167EC25}.Debug|x64.ActiveCfg = Debug|Any CPU
		{B2826828-29A4-4E27-9452-22E5C167EC25}.Debug|x86.ActiveCfg = Debug|Any CPU
		{B2826828-29A4-4E27-9452-22E5C167EC25}.Release|Any CPU.ActiveCfg = Release|Any CPU
		{B2826828-29A4-4E27-9452-22E5C167EC25}.Release|Any CPU.Build.0 = Release|Any CPU
		{B2826828-29A4-4E27-9452-22E5C167EC25}.Release|ARM.ActiveCfg = Release|Any CPU
		{B2826828-29A4-4E27-9452-22E5C167EC25}.Release|Mixed Platforms.ActiveCfg = Release|Any CPU
		{B2826828-29A4-4E27-9452-22E5C167EC25}.Release|Mixed Platforms.Build.0 = Release|Any CPU
		{B2826828-29A4-4E27-9452-22E5C167EC25}.Release|Win32.ActiveCfg = Release|Any CPU
		{B2826828-29A4-4E27-9452-22E5C167EC25}.Release|x64.ActiveCfg = Release|Any CPU
		{B2826828-29A4-4E27-9452-22E5C167EC25}.Release|x86.ActiveCfg = Release|Any CPU
		{52E99C27-8034-4516-9AC8-9F00C4A2C5A6}.Debug|Any CPU.ActiveCfg = Debug|Any CPU
		{52E99C27-8034-4516-9AC8-9F00C4A2C5A6}.Debug|Any CPU.Build.0 = Debug|Any CPU
		{52E99C27-8034-4516-9AC8-9F00C4A2C5A6}.Debug|ARM.ActiveCfg = Debug|Any CPU
		{52E99C27-8034-4516-9AC8-9F00C4A2C5A6}.Debug|Mixed Platforms.ActiveCfg = Debug|Any CPU
		{52E99C27-8034-4516-9AC8-9F00C4A2C5A6}.Debug|Mixed Platforms.Build.0 = Debug|Any CPU
		{52E99C27-8034-4516-9AC8-9F00C4A2C5A6}.Debug|Win32.ActiveCfg = Debug|Any CPU
		{52E99C27-8034-4516-9AC8-9F00C4A2C5A6}.Debug|x64.ActiveCfg = Debug|Any CPU
		{52E99C27-8034-4516-9AC8-9F00C4A2C5A6}.Debug|x86.ActiveCfg = Debug|Any CPU
		{52E99C27-8034-4516-9AC8-9F00C4A2C5A6}.Release|Any CPU.ActiveCfg = Release|Any CPU
		{52E99C27-8034-4516-9AC8-9F00C4A2C5A6}.Release|Any CPU.Build.0 = Release|Any CPU
		{52E99C27-8034-4516-9AC8-9F00C4A2C5A6}.Release|ARM.ActiveCfg = Release|Any CPU
		{52E99C27-8034-4516-9AC8-9F00C4A2C5A6}.Release|Mixed Platforms.ActiveCfg = Release|Any CPU
		{52E99C27-8034-4516-9AC8-9F00C4A2C5A6}.Release|Mixed Platforms.Build.0 = Release|Any CPU
		{52E99C27-8034-4516-9AC8-9F00C4A2C5A6}.Release|Win32.ActiveCfg = Release|Any CPU
		{52E99C27-8034-4516-9AC8-9F00C4A2C5A6}.Release|x64.ActiveCfg = Release|Any CPU
		{52E99C27-8034-4516-9AC8-9F00C4A2C5A6}.Release|x86.ActiveCfg = Release|Any CPU
		{46E58075-B4A0-4779-9F24-79D4B6F26A7B}.Debug|Any CPU.ActiveCfg = Debug|Any CPU
		{46E58075-B4A0-4779-9F24-79D4B6F26A7B}.Debug|Any CPU.Build.0 = Debug|Any CPU
		{46E58075-B4A0-4779-9F24-79D4B6F26A7B}.Debug|ARM.ActiveCfg = Debug|Any CPU
		{46E58075-B4A0-4779-9F24-79D4B6F26A7B}.Debug|Mixed Platforms.ActiveCfg = Debug|Any CPU
		{46E58075-B4A0-4779-9F24-79D4B6F26A7B}.Debug|Mixed Platforms.Build.0 = Debug|Any CPU
		{46E58075-B4A0-4779-9F24-79D4B6F26A7B}.Debug|Win32.ActiveCfg = Debug|Any CPU
		{46E58075-B4A0-4779-9F24-79D4B6F26A7B}.Debug|x64.ActiveCfg = Debug|Any CPU
		{46E58075-B4A0-4779-9F24-79D4B6F26A7B}.Debug|x86.ActiveCfg = Debug|Any CPU
		{46E58075-B4A0-4779-9F24-79D4B6F26A7B}.Release|Any CPU.ActiveCfg = Release|Any CPU
		{46E58075-B4A0-4779-9F24-79D4B6F26A7B}.Release|Any CPU.Build.0 = Release|Any CPU
		{46E58075-B4A0-4779-9F24-79D4B6F26A7B}.Release|ARM.ActiveCfg = Release|Any CPU
		{46E58075-B4A0-4779-9F24-79D4B6F26A7B}.Release|Mixed Platforms.ActiveCfg = Release|Any CPU
		{46E58075-B4A0-4779-9F24-79D4B6F26A7B}.Release|Mixed Platforms.Build.0 = Release|Any CPU
		{46E58075-B4A0-4779-9F24-79D4B6F26A7B}.Release|Win32.ActiveCfg = Release|Any CPU
		{46E58075-B4A0-4779-9F24-79D4B6F26A7B}.Release|x64.ActiveCfg = Release|Any CPU
		{46E58075-B4A0-4779-9F24-79D4B6F26A7B}.Release|x86.ActiveCfg = Release|Any CPU
		{E70F64A0-FD12-4C74-BC48-52BA1DFB528D}.Debug|Any CPU.ActiveCfg = Debug|Any CPU
		{E70F64A0-FD12-4C74-BC48-52BA1DFB528D}.Debug|Any CPU.Build.0 = Debug|Any CPU
		{E70F64A0-FD12-4C74-BC48-52BA1DFB528D}.Debug|ARM.ActiveCfg = Debug|Any CPU
		{E70F64A0-FD12-4C74-BC48-52BA1DFB528D}.Debug|Mixed Platforms.ActiveCfg = Debug|Any CPU
		{E70F64A0-FD12-4C74-BC48-52BA1DFB528D}.Debug|Mixed Platforms.Build.0 = Debug|Any CPU
		{E70F64A0-FD12-4C74-BC48-52BA1DFB528D}.Debug|Win32.ActiveCfg = Debug|Any CPU
		{E70F64A0-FD12-4C74-BC48-52BA1DFB528D}.Debug|x64.ActiveCfg = Debug|Any CPU
		{E70F64A0-FD12-4C74-BC48-52BA1DFB528D}.Debug|x86.ActiveCfg = Debug|Any CPU
		{E70F64A0-FD12-4C74-BC48-52BA1DFB528D}.Release|Any CPU.ActiveCfg = Release|Any CPU
		{E70F64A0-FD12-4C74-BC48-52BA1DFB528D}.Release|Any CPU.Build.0 = Release|Any CPU
		{E70F64A0-FD12-4C74-BC48-52BA1DFB528D}.Release|ARM.ActiveCfg = Release|Any CPU
		{E70F64A0-FD12-4C74-BC48-52BA1DFB528D}.Release|Mixed Platforms.ActiveCfg = Release|Any CPU
		{E70F64A0-FD12-4C74-BC48-52BA1DFB528D}.Release|Mixed Platforms.Build.0 = Release|Any CPU
		{E70F64A0-FD12-4C74-BC48-52BA1DFB528D}.Release|Win32.ActiveCfg = Release|Any CPU
		{E70F64A0-FD12-4C74-BC48-52BA1DFB528D}.Release|x64.ActiveCfg = Release|Any CPU
		{E70F64A0-FD12-4C74-BC48-52BA1DFB528D}.Release|x86.ActiveCfg = Release|Any CPU
		{21C10EC6-02CF-47BE-B92B-C0A8D498C52C}.Debug|Any CPU.ActiveCfg = Debug|Any CPU
		{21C10EC6-02CF-47BE-B92B-C0A8D498C52C}.Debug|Any CPU.Build.0 = Debug|Any CPU
		{21C10EC6-02CF-47BE-B92B-C0A8D498C52C}.Debug|ARM.ActiveCfg = Debug|Any CPU
		{21C10EC6-02CF-47BE-B92B-C0A8D498C52C}.Debug|Mixed Platforms.ActiveCfg = Debug|Any CPU
		{21C10EC6-02CF-47BE-B92B-C0A8D498C52C}.Debug|Mixed Platforms.Build.0 = Debug|Any CPU
		{21C10EC6-02CF-47BE-B92B-C0A8D498C52C}.Debug|Win32.ActiveCfg = Debug|Any CPU
		{21C10EC6-02CF-47BE-B92B-C0A8D498C52C}.Debug|x64.ActiveCfg = Debug|Any CPU
		{21C10EC6-02CF-47BE-B92B-C0A8D498C52C}.Debug|x86.ActiveCfg = Debug|Any CPU
		{21C10EC6-02CF-47BE-B92B-C0A8D498C52C}.Release|Any CPU.ActiveCfg = Release|Any CPU
		{21C10EC6-02CF-47BE-B92B-C0A8D498C52C}.Release|Any CPU.Build.0 = Release|Any CPU
		{21C10EC6-02CF-47BE-B92B-C0A8D498C52C}.Release|ARM.ActiveCfg = Release|Any CPU
		{21C10EC6-02CF-47BE-B92B-C0A8D498C52C}.Release|Mixed Platforms.ActiveCfg = Release|Any CPU
		{21C10EC6-02CF-47BE-B92B-C0A8D498C52C}.Release|Mixed Platforms.Build.0 = Release|Any CPU
		{21C10EC6-02CF-47BE-B92B-C0A8D498C52C}.Release|Win32.ActiveCfg = Release|Any CPU
		{21C10EC6-02CF-47BE-B92B-C0A8D498C52C}.Release|x64.ActiveCfg = Release|Any CPU
		{21C10EC6-02CF-47BE-B92B-C0A8D498C52C}.Release|x86.ActiveCfg = Release|Any CPU
	EndGlobalSection
	GlobalSection(SolutionProperties) = preSolution
		HideSolutionNode = FALSE
	EndGlobalSection
	GlobalSection(NestedProjects) = preSolution
		{A86171C5-EDF7-4342-8F4D-76D6A02B9CBB} = {6B21D9F5-65D1-4F9D-9156-848847E3B0B0}
		{CFA44D11-4ED8-4CCF-ABAE-11209260CC08} = {6B21D9F5-65D1-4F9D-9156-848847E3B0B0}
		{6B21D9F5-65D1-4F9D-9156-848847E3B0B0} = {31D77FDB-69FF-4788-9DD0-4EC84EBEB7D4}
		{4FF0C351-38B6-47EB-8127-24F32E585739} = {A04F4475-C957-4AA8-AB17-D28C2A505AD6}
		{F9F133A2-76A8-4389-B0D4-EA07060B36FF} = {A04F4475-C957-4AA8-AB17-D28C2A505AD6}
		{3BE84D3D-7B5B-4C90-803D-A112D8AB40C7} = {31D77FDB-69FF-4788-9DD0-4EC84EBEB7D4}
		{47B49308-37B1-4114-956E-66D508F2BB93} = {31D77FDB-69FF-4788-9DD0-4EC84EBEB7D4}
		{8C872F7B-131E-45C6-97AA-BBBF9128C025} = {67217112-CE31-4E8F-AAF5-1E8163C76A7E}
		{AB1E5CF0-A30E-4046-A468-0F8AA8D0BE5D} = {67217112-CE31-4E8F-AAF5-1E8163C76A7E}
		{2BB4C561-2D7E-4D19-82BE-519FA659E4BE} = {67217112-CE31-4E8F-AAF5-1E8163C76A7E}
		{B2826828-29A4-4E27-9452-22E5C167EC25} = {67217112-CE31-4E8F-AAF5-1E8163C76A7E}
		{52E99C27-8034-4516-9AC8-9F00C4A2C5A6} = {67217112-CE31-4E8F-AAF5-1E8163C76A7E}
		{46E58075-B4A0-4779-9F24-79D4B6F26A7B} = {67217112-CE31-4E8F-AAF5-1E8163C76A7E}
		{E70F64A0-FD12-4C74-BC48-52BA1DFB528D} = {67217112-CE31-4E8F-AAF5-1E8163C76A7E}
		{67217112-CE31-4E8F-AAF5-1E8163C76A7E} = {B2119192-B2D5-4E28-934E-6B0933E4EAAB}
		{21C10EC6-02CF-47BE-B92B-C0A8D498C52C} = {B2119192-B2D5-4E28-934E-6B0933E4EAAB}
	EndGlobalSection
EndGlobal
